{
  "version": 4,
  "terraform_version": "1.7.4",
  "serial": 367,
  "lineage": "920bb5e8-dc84-6275-e5bd-d1c39c7a8475",
  "outputs": {
    "configure_kubectl": {
      "value": "aws eks --region us-west-2 update-kubeconfig --name self-managed-airflow",
      "type": "string"
    },
    "grafana_secret_name": {
      "value": "self-managed-airflow-grafana",
      "type": "string"
    },
    "s3_bucket_id_airflow_logs": {
      "value": "self-managed-airflow-logs-20240319150638829400000004",
      "type": "string"
    },
    "s3_bucket_id_fluentbit_logs": {
      "value": "self-managed-airflow-spark-logs-20240319150640500200000009",
      "type": "string"
    }
  },
  "resources": [
    {
      "mode": "data",
      "type": "aws_availability_zones",
      "name": "available",
      "provider": "provider[\"registry.terraform.io/hashicorp/aws\"]",
      "instances": [
        {
          "schema_version": 0,
          "attributes": {
            "all_availability_zones": null,
            "exclude_names": null,
            "exclude_zone_ids": null,
            "filter": null,
            "group_names": [
              "us-west-2"
            ],
            "id": "us-west-2",
            "names": [
              "us-west-2a",
              "us-west-2b",
              "us-west-2c",
              "us-west-2d"
            ],
            "state": null,
            "timeouts": null,
            "zone_ids": [
              "usw2-az2",
              "usw2-az1",
              "usw2-az3",
              "usw2-az4"
            ]
          },
          "sensitive_attributes": []
        }
      ]
    },
    {
      "mode": "data",
      "type": "aws_caller_identity",
      "name": "current",
      "provider": "provider[\"registry.terraform.io/hashicorp/aws\"]",
      "instances": [
        {
          "schema_version": 0,
          "attributes": {
            "account_id": "954503069243",
            "arn": "arn:aws:iam::954503069243:user/viswanath.chereddy@minfytech.com",
            "id": "954503069243",
            "user_id": "AIDA54PGQ7Y5SPO6VKAID"
          },
          "sensitive_attributes": []
        }
      ]
    },
    {
      "mode": "data",
      "type": "aws_ecrpublic_authorization_token",
      "name": "token",
      "provider": "provider[\"registry.terraform.io/hashicorp/aws\"].ecr",
      "instances": [
        {
          "schema_version": 0,
          "attributes": {
            "authorization_token": "QVdTOmV5SndZWGxzYjJGa0lqb2lUak42Tms5SVIyVkVTSEpTVlVGVGRHRXdOa013VGpCS1ZuY3ZMMmhSUTBwQlNIRmlWRk5KTVZsT0t6VnpXVTVZWTFaSE5sRldjMmRTV0hsWlV5OUJRVmxCTjNaUlprZGpkMmh1YkZGWlluQnZkRTQ1Tm1Kd2MwbFBOVXBKY1RSMU9UUXhjazR2UlRWdFNTOU9jSGRPVVdVNVkycGFhakp0WVRsSk4zRndSVWRHTURkMlExSXhTRTF2Vm5WcVdqVTJaRzVDUVZGcFprWlZOekV3VUVKd01DdEdNSGwwUm5Kd2JuQTVXbWxYUkhrcloxUmtRV0Z3Tm1wdFNXUkxNelJNVVhwa09VbHFkVFFyZGpaNVVWcFlNMWw1VW5sNk1VRlBZMUpxVGxaSWIyUjZjVXczU0hORWFXUTNNVFpKS3pSd1ZVMU9SMjFJWWxKeE9HUXpOSGMxTm10RlFpczRValF4ZW1jMk5tVXZPRGxqV25ST2FVUnRibGQ2U0ROT09XZG1WemwwVEVGRFRHeFFjWEJGT1hKS1VuY3hWbTB2TURCemEyWnJlbmhHTW14dGJsSkhPVFU1UkVKUVQwdDVhMGN2U214MlNuTmxTM3B3YVZWT1dsVnJUbE5JVXpoVk1VTTVibFpvVDNSeVFXZExSR3B1T1hscWJXMU5iM2c1Vm1oQ2IyWXdNbUpsYW1WU0swVTFTM1UxYUVsWU5USklhMjlvVVVOWFFrSjRTMlpPVjNSc2ExTnZUVGtyYVdOVU0yNVZRVzFaVVRSWU9VTnVhVU1yV25sTFRGTkZjVTV5V0ZocWFFOWhPRTVYWjNFck5EVnhURXBxYmpOb2RUZDJSbE5GU2pOd1VtMW1aMnhNZWxCb0szcExLMDlPWlU1WGREUXpiWEo0YXpGaVMzTTVaMDVEZDNoSUsxaFJaRTlOZFZrMFZuWXdVbkpDT0d4elVUbERUVFpwVDBwWFpTOWFOR0Y1YVhkS05sTmpkVVJUVWtOcGVqbEJka3Q0TkRoemNFRkNURmN5U0ZkNWVqbEhXbkZ2ZVZSWWFraEtlVVpCUTBFeFQwRlNjWGcyU3pWUFIwNDViV3RNYkhocWNqRk1UbTFtVTA5VllVdFBZMWhFVGpOMmVUUkxibVZoYlZOUlVIRlNhRnBGTVhvemVrSkhURmhtTDJZME1taE1UWHBhVjJOcWFraElObGhFZGtzNFlWVlpjVW8xV1hsTU5IWm5aMFF2YW1sTmFrTlpVV0ZrWTNOWVQyZGpXSFV3Wm1NMGFWQjBWMjFTYkhKSlUwMDNiRnBoUnpFeVIwdFJValJCTkdORGNXcHRUVmt6YzB4MVpuWTFTMDlqYXlzM2RtVjJja0p1UXpocmVGTjBlWEZTYmxKS1oyZG9VVk5TWkRGdGVEaFNUelZZYW0wd1R6UlFOMFZVYmxCcFlVMU1Oa2c1VVhRNVluZHlaV3haVkhCT05qUTBhSGd4ZEU5S1lteHhWa0p5VldwNk0yOVRVMFZLUkc1Mk9EQmpjVGhUTTJwblFVNTRVMFZUUzFaTllreG5ORWwzYldoeVVUZ3ZRbGxrZFZKWFduTnZSV3htVTBGcVdESkxOekJHU0VscVJXOUVjVXRXYmxGeGJXTm1Ta0ZKUlhkb015dHJkRlpvVkhoTFUwVlRXblZsZUZCWGRWVkNRVVpGTmtsSVVEZDZaRk5hTm5rNFQxbFRaRkIwVDJWWVpGTmhVMHBqVUhGTGQxbEVaekZLYVhWTVUxVmtVMUpMTkhKTlkzcHhNWEZhSzFsNE9HMUtTa1pNVTBKWE1UQmFkV1JKVmpVeFVFZHNibmxtWmtOSU1uaFhaVVZ6VlVoVVUwNTBZV280ZDFsbWNsWWlMQ0prWVhSaGEyVjVJam9pWlhsS1VWSkdaMmxQYVVwV1drWktiR0pIVVhkTmJGSjFVbXBhU0dWV1JrWldNRGxYV2tkU05XUkZOSGxpTVVweVYxZHNhRk5YV21wU01uUkdUMGhrY1dSclNrbGtNMEpTVmpOc2FGUkVhRWRaV0dSVldWWndjRlV6V1hsWGJrcGhVMGhWTlZWWGFEUlpWbHBUVmxWd1RGTkhkRzFSTTNCcllYcFdRbE5HY0U5Wk1ERlFZV3BrUjJORVZtMU9hbWR5VjBaSmVWZElRWGhoVnpVMFpXcENRbFZJYkRWWmVUbHlUVWRTUzB3eWFHdFRNRlpEVG01R00xTkhjRzlaYTFKVlRUSTVOV0ZVU2pWUFJYUjNWRVphY1U5SFNUUmFTRzk0VWxodk5HUlZiekZTVlhSdFpGaEdNV042YkRCaVIzYzFZMGRXYkdOdWFGSlpla0o2VlRCd2NWa3lXbUZXUjFKYVUydDRiRXN3YUVKU1Z6a3lZVk4wTUdOWVRrVlBTR1JLVlROS2VGcDZXWGhaYlRBd1RrWmtRMDVZV214T1YwNVBVek5vVFZwSWF6Sk5SWFJGVERKa1MxZHVSa3BOYkZwNFdsZGtVVlpGVWpWak0zQjVZa2RyZGxWSVl6QlBWR2h3V1cxc2NrdDZUbEJqUjBweFlVVmtXRTVYTVc5UFIwNVNWMFY0UTFwc1JteGpNblJ1WVcxc1ZrNXNhR2hrTVdSVlMzcENhRkpyTlc5VU1qbFhUMWhTV2xkcVl6TmhNV2hMWTFkYU1WUXlXa3BrUkZadVVraEZlRTlZVFhoU1ZtTXpUakprY2xaR2EzaFhTR001VUZOSmMwbHJiRUpTUTBrMlNXdFdNMUZyY0VsVFV6bEpUbnBTZEZKSWFGQlhWbHB0VlVoQ1JVOVhOV0ZOUlZwelpGWkthbVZHU2s5VFJFNVZZVEJhUjJKWFdtdE5WMVp6VTJ4S1NtRXlhRTVpYkhCdlpETnNiMVJWTURSTk1rWnZVV3hhV0ZwcmFFaGxWRlpVWkZkUmVsTXlaREJXYkVaNlVqTktXV0ZyU1RCVGFsVnlUVzVXYjFreGFGcGtla0pDWkVSb1JVc3phRkpPYW14dldqQTFRazFITVZaaFJWSnZWMGN4TldOR1NrMVVWa0pIV1cxR2EyVllSblJWYmxadFRETnNVR1ZFWXpGWFZXeHJWbFJPZFU0emFEQldTRXBPWkc1S1RtVnFaRzlUYlRsSFpHNWtTMlF4V2pOWmJYY3pXbXBzZUZWNmFFbFBXRUV3VmpCc2VVOVlXakprVlRGT1lsVjBNbUp1V25wYVJGVXpZbXBWTldKWGRFWlJiR2MxWVVWNE5sSnJTbkZTV0VacFkwUnJlVkl4WnpWT1ZVbDZVMnhPVldKVlZrOU5XSEJJWVVSR2VXTnVSa1ZoYVRsMFkwVldRMWRJV205aFJ6QjVZMFZLVGxwRmVGSmxWVEY0WTI1T2NGRXdVbk5qU0U1dFlYcGtTMWRwZEdwUmFsWnpXa1UxY2s1V2EzbGpWMWswWlZkemQxVXpaRVpOYmtKMVVWZGFORXN5TVRaWlZHUTBZVVpGZWxJeWJFVlRWR1JFWTIxb2VXUlViRmhUUlRsSlpGZFdkR050WkhkalZUVjBWVVpHTTFKdWJFSmlXRVpFVlZRd09VbHVNRDBpTENKMlpYSnphVzl1SWpvaU15SXNJblI1Y0dVaU9pSkVRVlJCWDB0RldTSXNJbVY0Y0dseVlYUnBiMjRpT2pFM01UQTVNRGt3TnpGOQ==",
            "expires_at": "2024-03-20T04:31:11Z",
            "id": "us-east-1",
            "password": "eyJwYXlsb2FkIjoiTjN6Nk9IR2VESHJSVUFTdGEwNkMwTjBKVncvL2hRQ0pBSHFiVFNJMVlOKzVzWU5YY1ZHNlFWc2dSWHlZUy9BQVlBN3ZRZkdjd2hubFFZYnBvdE45NmJwc0lPNUpJcTR1OTQxck4vRTVtSS9OcHdOUWU5Y2paajJtYTlJN3FwRUdGMDd2Q1IxSE1vVnVqWjU2ZG5CQVFpZkZVNzEwUEJwMCtGMHl0RnJwbnA5WmlXRHkrZ1RkQWFwNmptSWRLMzRMUXpkOUlqdTQrdjZ5UVpYM1l5Unl6MUFPY1JqTlZIb2R6cUw3SHNEaWQ3MTZJKzRwVU1OR21IYlJxOGQzNHc1NmtFQis4UjQxemc2NmUvODljWnROaURtbld6SDNOOWdmVzl0TEFDTGxQcXBFOXJKUncxVm0vMDBza2ZrenhGMmxtblJHOTU5REJQT0t5a0cvSmx2SnNlS3pwaVVOWlVrTlNIUzhVMUM5blZoT3RyQWdLRGpuOXlqbW1Nb3g5VmhCb2YwMmJlamVSK0U1S3U1aElYNTJIa29oUUNXQkJ4S2ZOV3Rsa1NvTTkraWNUM25VQW1ZUTRYOUNuaUMrWnlLTFNFcU5yWFhqaE9hOE5XZ3ErNDVxTEpqbjNodTd2RlNFSjNwUm1mZ2xMelBoK3pLK09OZU5XdDQzbXJ4azFiS3M5Z05Dd3hIK1hRZE9NdVk0VnYwUnJCOGxzUTlDTTZpT0pXZS9aNGF5aXdKNlNjdURTUkNpejlBdkt4NDhzcEFCTFcySFd5ejlHWnFveVRYakhKeUZBQ0ExT0FScXg2SzVPR045bWtMbHhqcjFMTm1mU09VYUtPY1hETjN2eTRLbmVhbVNRUHFSaFpFMXozekJHTFhmL2Y0MmhMTXpaV2NqakhINlhEdks4YVVZcUo1WXlMNHZnZ0QvamlNakNZUWFkY3NYT2djWHUwZmM0aVB0V21SbHJJU003bFphRzEyR0tRUjRBNGNDcWptTVkzc0x1ZnY1S09jays3dmV2ckJuQzhreFN0eXFSblJKZ2doUVNSZDFteDhSTzVYam0wTzRQN0VUblBpYU1MNkg5UXQ5YndyZWxZVHBONjQ0aHgxdE9KYmxxVkJyVWp6M29TU0VKRG52ODBjcThTM2pnQU54U0VTS1ZNYkxnNEl3bWhyUTgvQllkdVJXWnNvRWxmU0FqWDJLNzBGSElqRW9EcUtWblFxbWNmSkFJRXdoMytrdFZoVHhLU0VTWnVleFBXdVVCQUZFNklIUDd6ZFNaNnk4T1lTZFB0T2VYZFNhU0pjUHFLd1lEZzFKaXVMU1VkU1JLNHJNY3pxMXFaK1l4OG1KSkZMU0JXMTBadWRJVjUxUEdsbnlmZkNIMnhXZUVzVUhUU050YWo4d1lmclYiLCJkYXRha2V5IjoiZXlKUVJGZ2lPaUpWWkZKbGJHUXdNbFJ1UmpaSGVWRkZWMDlXWkdSNWRFNHliMUpyV1dsaFNXWmpSMnRGT0hkcWRrSklkM0JSVjNsaFREaEdZWGRVWVZwcFUzWXlXbkphU0hVNVVXaDRZVlpTVlVwTFNHdG1RM3BrYXpWQlNGcE9ZMDFQYWpkR2NEVm1OamdyV0ZJeVdIQXhhVzU0ZWpCQlVIbDVZeTlyTUdSS0wyaGtTMFZDTm5GM1NHcG9Za1JVTTI5NWFUSjVPRXR3VEZacU9HSTRaSG94UlhvNGRVbzFSVXRtZFhGMWN6bDBiR3c1Y0dWbGNuaFJZekJ6VTBwcVkyWmFWR1JaU2t4bEswaEJSVzkyYVN0MGNYTkVPSGRKVTNKeFp6WXhZbTAwTkZkQ05YWmxOV05PUzNoTVpIazJNRXRFTDJkS1duRkpNbFp4WldkUVZFUjVjM3B5YkdrdlVIYzBPVGhwWW1sckt6TlBjR0pxYUVkWE5XMW9PR05SV0V4Q1psRmxjMnRuYW1sVk5saGhkMWRVS3pCaFJrNW9UMjlXT1hSWldqYzNhMWhLY1daMVQyWkpkRFZuUkhFeE9YTXhSVmMzTjJkclZGa3hXSGM5UFNJc0lrbEJSQ0k2SWtWM1FrcElTUzlJTnpSdFJIaFBXVlptVUhCRU9XNWFNRVpzZFZKamVGSk9TRE5VYTBaR2JXWmtNV1ZzU2xKSmEyaE5ibHBvZDNsb1RVMDRNMkZvUWxaWFpraEhlVFZUZFdRelMyZDBWbEZ6UjNKWWFrSTBTalVyTW5Wb1kxaFpkekJCZERoRUszaFJOamxvWjA1Qk1HMVZhRVJvV0cxNWNGSk1UVkJHWW1Ga2VYRnRVblZtTDNsUGVEYzFXVWxrVlROdU4zaDBWSEpOZG5KTmVqZG9TbTlHZG5kS2QxWjNZbXczWmpseFV6aElPWEEwVjBseU9YWjJkVTFOYlV0MmJuWnpaRFUzYmpVNWJXdEZRbGc1YUV4NlJrSnFSWEZpY0RreVIxZzVOVUl6U2xOVWJVVk9NWHBIYURGeWNuRkVhaTl0Y0VWQ1dIWm9hRzB5Y0VKTlpFeFJlVTF4Y25OcFEwUnNjSE5tYXpkS1dpdGpRalZzWkU1ck5Wa3ljV1k0ZVdzd1UzZEZNbkJ1UVdaNEsyMTZZVGQ0YUZFelIybEVTVGREY21oeWRUbFhTRTlJZFdWdGNtZHdjVTV0VUZGM1JubEJiWEZEVVQwOUluMD0iLCJ2ZXJzaW9uIjoiMyIsInR5cGUiOiJEQVRBX0tFWSIsImV4cGlyYXRpb24iOjE3MTA5MDkwNzF9",
            "user_name": "AWS"
          },
          "sensitive_attributes": []
        }
      ]
    },
    {
      "mode": "data",
      "type": "aws_eks_cluster_auth",
      "name": "this",
      "provider": "provider[\"registry.terraform.io/hashicorp/aws\"]",
      "instances": [
        {
          "schema_version": 0,
          "attributes": {
            "id": "self-managed-airflow",
            "name": "self-managed-airflow",
            "token": "k8s-aws-v1.aHR0cHM6Ly9zdHMudXMtd2VzdC0yLmFtYXpvbmF3cy5jb20vP0FjdGlvbj1HZXRDYWxsZXJJZGVudGl0eSZWZXJzaW9uPTIwMTEtMDYtMTUmWC1BbXotQWxnb3JpdGhtPUFXUzQtSE1BQy1TSEEyNTYmWC1BbXotQ3JlZGVudGlhbD1BS0lBNTRQR1E3WTU0Mk1TSERPQyUyRjIwMjQwMzE5JTJGdXMtd2VzdC0yJTJGc3RzJTJGYXdzNF9yZXF1ZXN0JlgtQW16LURhdGU9MjAyNDAzMTlUMTYzMTE1WiZYLUFtei1FeHBpcmVzPTAmWC1BbXotU2lnbmVkSGVhZGVycz1ob3N0JTNCeC1rOHMtYXdzLWlkJlgtQW16LVNpZ25hdHVyZT1lZjg5OTA2NDBmNDVlNmI0NGI0YzRhYzMzNDYzYWQwMDA5M2U1NTQ0ZWE1NzM0OWQ3ODAzYjVjZjhiMjRlY2Rk"
          },
          "sensitive_attributes": []
        }
      ]
    },
    {
      "mode": "data",
      "type": "aws_iam_policy_document",
      "name": "airflow_s3_logs",
      "provider": "provider[\"registry.terraform.io/hashicorp/aws\"]",
      "instances": [
        {
          "index_key": 0,
          "schema_version": 0,
          "attributes": {
            "id": "3796242692",
            "json": "{\n  \"Version\": \"2012-10-17\",\n  \"Statement\": [\n    {\n      \"Effect\": \"Allow\",\n      \"Action\": \"s3:ListBucket\",\n      \"Resource\": \"arn:aws:s3:::self-managed-airflow-logs-20240319150638829400000004\"\n    },\n    {\n      \"Effect\": \"Allow\",\n      \"Action\": [\n        \"s3:PutObject\",\n        \"s3:GetObject\"\n      ],\n      \"Resource\": \"arn:aws:s3:::self-managed-airflow-logs-20240319150638829400000004/*\"\n    }\n  ]\n}",
            "override_json": null,
            "override_policy_documents": null,
            "policy_id": null,
            "source_json": null,
            "source_policy_documents": null,
            "statement": [
              {
                "actions": [
                  "s3:ListBucket"
                ],
                "condition": [],
                "effect": "Allow",
                "not_actions": [],
                "not_principals": [],
                "not_resources": [],
                "principals": [],
                "resources": [
                  "arn:aws:s3:::self-managed-airflow-logs-20240319150638829400000004"
                ],
                "sid": ""
              },
              {
                "actions": [
                  "s3:GetObject",
                  "s3:PutObject"
                ],
                "condition": [],
                "effect": "Allow",
                "not_actions": [],
                "not_principals": [],
                "not_resources": [],
                "principals": [],
                "resources": [
                  "arn:aws:s3:::self-managed-airflow-logs-20240319150638829400000004/*"
                ],
                "sid": ""
              }
            ],
            "version": "2012-10-17"
          },
          "sensitive_attributes": []
        }
      ]
    },
    {
      "mode": "data",
      "type": "aws_iam_policy_document",
      "name": "fluent_bit",
      "provider": "provider[\"registry.terraform.io/hashicorp/aws\"]",
      "instances": [
        {
          "schema_version": 0,
          "attributes": {
            "id": "2619946646",
            "json": "{\n  \"Version\": \"2012-10-17\",\n  \"Statement\": [\n    {\n      \"Effect\": \"Allow\",\n      \"Action\": [\n        \"s3:PutObjectAcl\",\n        \"s3:PutObject\",\n        \"s3:ListBucket\",\n        \"s3:GetObjectAcl\",\n        \"s3:GetObject\",\n        \"s3:DeleteObjectVersion\",\n        \"s3:DeleteObject\"\n      ],\n      \"Resource\": \"arn:aws:s3:::self-managed-airflow-spark-logs-20240319150640500200000009/*\"\n    }\n  ]\n}",
            "override_json": null,
            "override_policy_documents": null,
            "policy_id": null,
            "source_json": null,
            "source_policy_documents": null,
            "statement": [
              {
                "actions": [
                  "s3:DeleteObject",
                  "s3:DeleteObjectVersion",
                  "s3:GetObject",
                  "s3:GetObjectAcl",
                  "s3:ListBucket",
                  "s3:PutObject",
                  "s3:PutObjectAcl"
                ],
                "condition": [],
                "effect": "Allow",
                "not_actions": [],
                "not_principals": [],
                "not_resources": [],
                "principals": [],
                "resources": [
                  "arn:aws:s3:::self-managed-airflow-spark-logs-20240319150640500200000009/*"
                ],
                "sid": ""
              }
            ],
            "version": "2012-10-17"
          },
          "sensitive_attributes": []
        }
      ]
    },
    {
      "mode": "data",
      "type": "aws_iam_policy_document",
      "name": "grafana",
      "provider": "provider[\"registry.terraform.io/hashicorp/aws\"]",
      "instances": [
        {
          "index_key": 0,
          "schema_version": 0,
          "attributes": {
            "id": "3054355215",
            "json": "{\n  \"Version\": \"2012-10-17\",\n  \"Statement\": [\n    {\n      \"Sid\": \"AllowReadingMetricsFromCloudWatch\",\n      \"Effect\": \"Allow\",\n      \"Action\": [\n        \"cloudwatch:ListMetrics\",\n        \"cloudwatch:GetMetricStatistics\",\n        \"cloudwatch:GetMetricData\",\n        \"cloudwatch:DescribeAlarmsForMetric\"\n      ],\n      \"Resource\": \"*\"\n    },\n    {\n      \"Sid\": \"AllowGetInsightsCloudWatch\",\n      \"Effect\": \"Allow\",\n      \"Action\": \"cloudwatch:GetInsightRuleReport\",\n      \"Resource\": \"arn:aws:cloudwatch:us-west-2:954503069243:insight-rule/*\"\n    },\n    {\n      \"Sid\": \"AllowReadingAlarmHistoryFromCloudWatch\",\n      \"Effect\": \"Allow\",\n      \"Action\": [\n        \"cloudwatch:DescribeAlarms\",\n        \"cloudwatch:DescribeAlarmHistory\"\n      ],\n      \"Resource\": \"arn:aws:cloudwatch:us-west-2:954503069243:alarm:*\"\n    },\n    {\n      \"Sid\": \"AllowReadingLogsFromCloudWatch\",\n      \"Effect\": \"Allow\",\n      \"Action\": [\n        \"logs:StopQuery\",\n        \"logs:StartQuery\",\n        \"logs:GetQueryResults\",\n        \"logs:GetLogGroupFields\",\n        \"logs:GetLogEvents\",\n        \"logs:DescribeLogGroups\"\n      ],\n      \"Resource\": \"arn:aws:logs:us-west-2:954503069243:log-group:*:log-stream:*\"\n    },\n    {\n      \"Sid\": \"AllowReadingTagsInstancesRegionsFromEC2\",\n      \"Effect\": \"Allow\",\n      \"Action\": [\n        \"ec2:DescribeTags\",\n        \"ec2:DescribeRegions\",\n        \"ec2:DescribeInstances\"\n      ],\n      \"Resource\": \"*\"\n    },\n    {\n      \"Sid\": \"AllowReadingResourcesForTags\",\n      \"Effect\": \"Allow\",\n      \"Action\": \"tag:GetResources\",\n      \"Resource\": \"*\"\n    },\n    {\n      \"Sid\": \"AllowListApsWorkspaces\",\n      \"Effect\": \"Allow\",\n      \"Action\": [\n        \"aps:RemoteWrite\",\n        \"aps:QueryMetrics\",\n        \"aps:ListWorkspaces\",\n        \"aps:GetSeries\",\n        \"aps:GetMetricMetadata\",\n        \"aps:GetLabels\",\n        \"aps:DescribeWorkspace\"\n      ],\n      \"Resource\": [\n        \"arn:aws:aps:us-west-2:954503069243:workspace/*/*\",\n        \"arn:aws:aps:us-west-2:954503069243:workspace/*\",\n        \"arn:aws:aps:us-west-2:954503069243:/*\"\n      ]\n    }\n  ]\n}",
            "override_json": null,
            "override_policy_documents": null,
            "policy_id": null,
            "source_json": null,
            "source_policy_documents": null,
            "statement": [
              {
                "actions": [
                  "cloudwatch:DescribeAlarmsForMetric",
                  "cloudwatch:GetMetricData",
                  "cloudwatch:GetMetricStatistics",
                  "cloudwatch:ListMetrics"
                ],
                "condition": [],
                "effect": "Allow",
                "not_actions": [],
                "not_principals": [],
                "not_resources": [],
                "principals": [],
                "resources": [
                  "*"
                ],
                "sid": "AllowReadingMetricsFromCloudWatch"
              },
              {
                "actions": [
                  "cloudwatch:GetInsightRuleReport"
                ],
                "condition": [],
                "effect": "Allow",
                "not_actions": [],
                "not_principals": [],
                "not_resources": [],
                "principals": [],
                "resources": [
                  "arn:aws:cloudwatch:us-west-2:954503069243:insight-rule/*"
                ],
                "sid": "AllowGetInsightsCloudWatch"
              },
              {
                "actions": [
                  "cloudwatch:DescribeAlarmHistory",
                  "cloudwatch:DescribeAlarms"
                ],
                "condition": [],
                "effect": "Allow",
                "not_actions": [],
                "not_principals": [],
                "not_resources": [],
                "principals": [],
                "resources": [
                  "arn:aws:cloudwatch:us-west-2:954503069243:alarm:*"
                ],
                "sid": "AllowReadingAlarmHistoryFromCloudWatch"
              },
              {
                "actions": [
                  "logs:DescribeLogGroups",
                  "logs:GetLogEvents",
                  "logs:GetLogGroupFields",
                  "logs:GetQueryResults",
                  "logs:StartQuery",
                  "logs:StopQuery"
                ],
                "condition": [],
                "effect": "Allow",
                "not_actions": [],
                "not_principals": [],
                "not_resources": [],
                "principals": [],
                "resources": [
                  "arn:aws:logs:us-west-2:954503069243:log-group:*:log-stream:*"
                ],
                "sid": "AllowReadingLogsFromCloudWatch"
              },
              {
                "actions": [
                  "ec2:DescribeInstances",
                  "ec2:DescribeRegions",
                  "ec2:DescribeTags"
                ],
                "condition": [],
                "effect": "Allow",
                "not_actions": [],
                "not_principals": [],
                "not_resources": [],
                "principals": [],
                "resources": [
                  "*"
                ],
                "sid": "AllowReadingTagsInstancesRegionsFromEC2"
              },
              {
                "actions": [
                  "tag:GetResources"
                ],
                "condition": [],
                "effect": "Allow",
                "not_actions": [],
                "not_principals": [],
                "not_resources": [],
                "principals": [],
                "resources": [
                  "*"
                ],
                "sid": "AllowReadingResourcesForTags"
              },
              {
                "actions": [
                  "aps:DescribeWorkspace",
                  "aps:GetLabels",
                  "aps:GetMetricMetadata",
                  "aps:GetSeries",
                  "aps:ListWorkspaces",
                  "aps:QueryMetrics",
                  "aps:RemoteWrite"
                ],
                "condition": [],
                "effect": "Allow",
                "not_actions": [],
                "not_principals": [],
                "not_resources": [],
                "principals": [],
                "resources": [
                  "arn:aws:aps:us-west-2:954503069243:/*",
                  "arn:aws:aps:us-west-2:954503069243:workspace/*",
                  "arn:aws:aps:us-west-2:954503069243:workspace/*/*"
                ],
                "sid": "AllowListApsWorkspaces"
              }
            ],
            "version": "2012-10-17"
          },
          "sensitive_attributes": []
        }
      ]
    },
    {
      "mode": "data",
      "type": "aws_iam_policy_document",
      "name": "spark_operator",
      "provider": "provider[\"registry.terraform.io/hashicorp/aws\"]",
      "instances": [
        {
          "schema_version": 0,
          "attributes": {
            "id": "128801460",
            "json": "{\n  \"Version\": \"2012-10-17\",\n  \"Statement\": [\n    {\n      \"Effect\": \"Allow\",\n      \"Action\": [\n        \"s3:PutObject\",\n        \"s3:ListBucket\",\n        \"s3:GetObject\",\n        \"s3:DeleteObjectVersion\",\n        \"s3:DeleteObject\"\n      ],\n      \"Resource\": \"arn:aws:s3:::*\"\n    },\n    {\n      \"Effect\": \"Allow\",\n      \"Action\": [\n        \"logs:PutLogEvents\",\n        \"logs:DescribeLogStreams\",\n        \"logs:DescribeLogGroups\",\n        \"logs:CreateLogStream\",\n        \"logs:CreateLogGroup\"\n      ],\n      \"Resource\": \"arn:aws:logs:us-west-2:954503069243:log-group:*\"\n    }\n  ]\n}",
            "override_json": null,
            "override_policy_documents": null,
            "policy_id": null,
            "source_json": null,
            "source_policy_documents": null,
            "statement": [
              {
                "actions": [
                  "s3:DeleteObject",
                  "s3:DeleteObjectVersion",
                  "s3:GetObject",
                  "s3:ListBucket",
                  "s3:PutObject"
                ],
                "condition": [],
                "effect": "Allow",
                "not_actions": [],
                "not_principals": [],
                "not_resources": [],
                "principals": [],
                "resources": [
                  "arn:aws:s3:::*"
                ],
                "sid": ""
              },
              {
                "actions": [
                  "logs:CreateLogGroup",
                  "logs:CreateLogStream",
                  "logs:DescribeLogGroups",
                  "logs:DescribeLogStreams",
                  "logs:PutLogEvents"
                ],
                "condition": [],
                "effect": "Allow",
                "not_actions": [],
                "not_principals": [],
                "not_resources": [],
                "principals": [],
                "resources": [
                  "arn:aws:logs:us-west-2:954503069243:log-group:*"
                ],
                "sid": ""
              }
            ],
            "version": "2012-10-17"
          },
          "sensitive_attributes": []
        }
      ]
    },
    {
      "mode": "data",
      "type": "aws_partition",
      "name": "current",
      "provider": "provider[\"registry.terraform.io/hashicorp/aws\"]",
      "instances": [
        {
          "schema_version": 0,
          "attributes": {
            "dns_suffix": "amazonaws.com",
            "id": "aws",
            "partition": "aws",
            "reverse_dns_prefix": "com.amazonaws"
          },
          "sensitive_attributes": []
        }
      ]
    },
    {
      "mode": "data",
      "type": "aws_region",
      "name": "current",
      "provider": "provider[\"registry.terraform.io/hashicorp/aws\"]",
      "instances": [
        {
          "schema_version": 0,
          "attributes": {
            "description": "US West (Oregon)",
            "endpoint": "ec2.us-west-2.amazonaws.com",
            "id": "us-west-2",
            "name": "us-west-2"
          },
          "sensitive_attributes": []
        }
      ]
    },
    {
      "mode": "data",
      "type": "aws_secretsmanager_secret_version",
      "name": "admin_password_version",
      "provider": "provider[\"registry.terraform.io/hashicorp/aws\"]",
      "instances": [
        {
          "schema_version": 0,
          "attributes": {
            "arn": "arn:aws:secretsmanager:us-west-2:954503069243:secret:self-managed-airflow-grafana-5K3DYt",
            "created_date": "2024-03-19T15:06:40Z",
            "id": "arn:aws:secretsmanager:us-west-2:954503069243:secret:self-managed-airflow-grafana-5K3DYt|AWSCURRENT",
            "secret_binary": "",
            "secret_id": "arn:aws:secretsmanager:us-west-2:954503069243:secret:self-managed-airflow-grafana-5K3DYt",
            "secret_string": "Yn4YGhg0N4VL_QTB",
            "version_id": "terraform-20240319150640495400000007",
            "version_stage": "AWSCURRENT",
            "version_stages": [
              "AWSCURRENT"
            ]
          },
          "sensitive_attributes": []
        }
      ]
    },
    {
      "mode": "managed",
      "type": "aws_efs_file_system",
      "name": "efs",
      "provider": "provider[\"registry.terraform.io/hashicorp/aws\"]",
      "instances": [
        {
          "index_key": 0,
          "schema_version": 0,
          "attributes": {
            "arn": "arn:aws:elasticfilesystem:us-west-2:954503069243:file-system/fs-0cc3de26b95e3e780",
            "availability_zone_id": "",
            "availability_zone_name": "",
            "creation_token": "efs",
            "dns_name": "fs-0cc3de26b95e3e780.efs.us-west-2.amazonaws.com",
            "encrypted": true,
            "id": "fs-0cc3de26b95e3e780",
            "kms_key_id": "arn:aws:kms:us-west-2:954503069243:key/5edc5ff4-20ef-449b-9cd1-a184ad04f326",
            "lifecycle_policy": [],
            "name": "",
            "number_of_mount_targets": 2,
            "owner_id": "954503069243",
            "performance_mode": "generalPurpose",
            "protection": [
              {
                "replication_overwrite": "ENABLED"
              }
            ],
            "provisioned_throughput_in_mibps": 0,
            "size_in_bytes": [
              {
                "value": 6144,
                "value_in_ia": 0,
                "value_in_standard": 6144
              }
            ],
            "tags": {
              "Blueprint": "self-managed-airflow",
              "GithubRepo": "github.com/awslabs/data-on-eks"
            },
            "tags_all": {
              "Blueprint": "self-managed-airflow",
              "GithubRepo": "github.com/awslabs/data-on-eks"
            },
            "throughput_mode": "bursting"
          },
          "sensitive_attributes": [],
          "private": "bnVsbA=="
        }
      ]
    },
    {
      "mode": "managed",
      "type": "aws_efs_mount_target",
      "name": "efs_mt",
      "provider": "provider[\"registry.terraform.io/hashicorp/aws\"]",
      "instances": [
        {
          "index_key": 0,
          "schema_version": 0,
          "attributes": {
            "availability_zone_id": "usw2-az1",
            "availability_zone_name": "us-west-2b",
            "dns_name": "fs-0cc3de26b95e3e780.efs.us-west-2.amazonaws.com",
            "file_system_arn": "arn:aws:elasticfilesystem:us-west-2:954503069243:file-system/fs-0cc3de26b95e3e780",
            "file_system_id": "fs-0cc3de26b95e3e780",
            "id": "fsmt-0b2f14d0a9a4e689d",
            "ip_address": "100.64.223.190",
            "mount_target_dns_name": "us-west-2b.fs-0cc3de26b95e3e780.efs.us-west-2.amazonaws.com",
            "network_interface_id": "eni-00e30fc7856be62f7",
            "owner_id": "954503069243",
            "security_groups": [
              "sg-077351f84df3bd3cf"
            ],
            "subnet_id": "subnet-04e2457472564e935",
            "timeouts": null
          },
          "sensitive_attributes": [],
          "private": "eyJlMmJmYjczMC1lY2FhLTExZTYtOGY4OC0zNDM2M2JjN2M0YzAiOnsiY3JlYXRlIjoxODAwMDAwMDAwMDAwLCJkZWxldGUiOjYwMDAwMDAwMDAwMH19",
          "dependencies": [
            "aws_efs_file_system.efs",
            "aws_security_group.efs",
            "data.aws_availability_zones.available",
            "module.vpc.aws_subnet.private",
            "module.vpc.aws_vpc.this",
            "module.vpc.aws_vpc_ipv4_cidr_block_association.this"
          ]
        },
        {
          "index_key": 1,
          "schema_version": 0,
          "attributes": {
            "availability_zone_id": "usw2-az2",
            "availability_zone_name": "us-west-2a",
            "dns_name": "fs-0cc3de26b95e3e780.efs.us-west-2.amazonaws.com",
            "file_system_arn": "arn:aws:elasticfilesystem:us-west-2:954503069243:file-system/fs-0cc3de26b95e3e780",
            "file_system_id": "fs-0cc3de26b95e3e780",
            "id": "fsmt-02368743e7a7ada40",
            "ip_address": "100.64.104.23",
            "mount_target_dns_name": "us-west-2a.fs-0cc3de26b95e3e780.efs.us-west-2.amazonaws.com",
            "network_interface_id": "eni-04d1f668be15eafb0",
            "owner_id": "954503069243",
            "security_groups": [
              "sg-077351f84df3bd3cf"
            ],
            "subnet_id": "subnet-0fc9f9279a9dd40a1",
            "timeouts": null
          },
          "sensitive_attributes": [],
          "private": "eyJlMmJmYjczMC1lY2FhLTExZTYtOGY4OC0zNDM2M2JjN2M0YzAiOnsiY3JlYXRlIjoxODAwMDAwMDAwMDAwLCJkZWxldGUiOjYwMDAwMDAwMDAwMH19",
          "dependencies": [
            "aws_efs_file_system.efs",
            "aws_security_group.efs",
            "data.aws_availability_zones.available",
            "module.vpc.aws_subnet.private",
            "module.vpc.aws_vpc.this",
            "module.vpc.aws_vpc_ipv4_cidr_block_association.this"
          ]
        }
      ]
    },
    {
      "mode": "managed",
      "type": "aws_iam_policy",
      "name": "airflow_scheduler",
      "provider": "provider[\"registry.terraform.io/hashicorp/aws\"]",
      "instances": [
        {
          "index_key": 0,
          "schema_version": 0,
          "attributes": {
            "arn": "arn:aws:iam::954503069243:policy/airflow-scheduler20240319150645818500000014",
            "description": "IAM policy for Airflow Scheduler Pod",
            "id": "arn:aws:iam::954503069243:policy/airflow-scheduler20240319150645818500000014",
            "name": "airflow-scheduler20240319150645818500000014",
            "name_prefix": "airflow-scheduler",
            "path": "/",
            "policy": "{\"Statement\":[{\"Action\":\"s3:ListBucket\",\"Effect\":\"Allow\",\"Resource\":\"arn:aws:s3:::self-managed-airflow-logs-20240319150638829400000004\"},{\"Action\":[\"s3:PutObject\",\"s3:GetObject\"],\"Effect\":\"Allow\",\"Resource\":\"arn:aws:s3:::self-managed-airflow-logs-20240319150638829400000004/*\"}],\"Version\":\"2012-10-17\"}",
            "policy_id": "ANPA54PGQ7Y5UWEVIP3ZU",
            "tags": {},
            "tags_all": {}
          },
          "sensitive_attributes": [],
          "private": "bnVsbA==",
          "dependencies": [
            "data.aws_iam_policy_document.airflow_s3_logs",
            "data.aws_partition.current",
            "module.airflow_s3_bucket.aws_s3_bucket.this",
            "module.airflow_s3_bucket.aws_s3_bucket_policy.this",
            "module.airflow_s3_bucket.aws_s3_bucket_public_access_block.this",
            "module.airflow_s3_bucket.data.aws_caller_identity.current",
            "module.airflow_s3_bucket.data.aws_iam_policy_document.access_log_delivery",
            "module.airflow_s3_bucket.data.aws_iam_policy_document.combined",
            "module.airflow_s3_bucket.data.aws_iam_policy_document.deny_incorrect_encryption_headers",
            "module.airflow_s3_bucket.data.aws_iam_policy_document.deny_incorrect_kms_key_sse",
            "module.airflow_s3_bucket.data.aws_iam_policy_document.deny_insecure_transport",
            "module.airflow_s3_bucket.data.aws_iam_policy_document.deny_unencrypted_object_uploads",
            "module.airflow_s3_bucket.data.aws_iam_policy_document.elb_log_delivery",
            "module.airflow_s3_bucket.data.aws_iam_policy_document.inventory_and_analytics_destination_policy",
            "module.airflow_s3_bucket.data.aws_iam_policy_document.lb_log_delivery",
            "module.airflow_s3_bucket.data.aws_iam_policy_document.require_latest_tls",
            "module.airflow_s3_bucket.data.aws_partition.current",
            "module.airflow_s3_bucket.data.aws_region.current"
          ]
        }
      ]
    },
    {
      "mode": "managed",
      "type": "aws_iam_policy",
      "name": "airflow_webserver",
      "provider": "provider[\"registry.terraform.io/hashicorp/aws\"]",
      "instances": [
        {
          "index_key": 0,
          "schema_version": 0,
          "attributes": {
            "arn": "arn:aws:iam::954503069243:policy/airflow-webserver20240319150645820400000015",
            "description": "IAM policy for Airflow Webserver Pod",
            "id": "arn:aws:iam::954503069243:policy/airflow-webserver20240319150645820400000015",
            "name": "airflow-webserver20240319150645820400000015",
            "name_prefix": "airflow-webserver",
            "path": "/",
            "policy": "{\"Statement\":[{\"Action\":\"s3:ListBucket\",\"Effect\":\"Allow\",\"Resource\":\"arn:aws:s3:::self-managed-airflow-logs-20240319150638829400000004\"},{\"Action\":[\"s3:PutObject\",\"s3:GetObject\"],\"Effect\":\"Allow\",\"Resource\":\"arn:aws:s3:::self-managed-airflow-logs-20240319150638829400000004/*\"}],\"Version\":\"2012-10-17\"}",
            "policy_id": "ANPA54PGQ7Y5WZEZ35QIO",
            "tags": {},
            "tags_all": {}
          },
          "sensitive_attributes": [],
          "private": "bnVsbA==",
          "dependencies": [
            "data.aws_iam_policy_document.airflow_s3_logs",
            "data.aws_partition.current",
            "module.airflow_s3_bucket.aws_s3_bucket.this",
            "module.airflow_s3_bucket.aws_s3_bucket_policy.this",
            "module.airflow_s3_bucket.aws_s3_bucket_public_access_block.this",
            "module.airflow_s3_bucket.data.aws_caller_identity.current",
            "module.airflow_s3_bucket.data.aws_iam_policy_document.access_log_delivery",
            "module.airflow_s3_bucket.data.aws_iam_policy_document.combined",
            "module.airflow_s3_bucket.data.aws_iam_policy_document.deny_incorrect_encryption_headers",
            "module.airflow_s3_bucket.data.aws_iam_policy_document.deny_incorrect_kms_key_sse",
            "module.airflow_s3_bucket.data.aws_iam_policy_document.deny_insecure_transport",
            "module.airflow_s3_bucket.data.aws_iam_policy_document.deny_unencrypted_object_uploads",
            "module.airflow_s3_bucket.data.aws_iam_policy_document.elb_log_delivery",
            "module.airflow_s3_bucket.data.aws_iam_policy_document.inventory_and_analytics_destination_policy",
            "module.airflow_s3_bucket.data.aws_iam_policy_document.lb_log_delivery",
            "module.airflow_s3_bucket.data.aws_iam_policy_document.require_latest_tls",
            "module.airflow_s3_bucket.data.aws_partition.current",
            "module.airflow_s3_bucket.data.aws_region.current"
          ]
        }
      ]
    },
    {
      "mode": "managed",
      "type": "aws_iam_policy",
      "name": "airflow_worker",
      "provider": "provider[\"registry.terraform.io/hashicorp/aws\"]",
      "instances": [
        {
          "index_key": 0,
          "schema_version": 0,
          "attributes": {
            "arn": "arn:aws:iam::954503069243:policy/airflow-worker20240319150645817100000013",
            "description": "IAM policy for Airflow Workers Pod",
            "id": "arn:aws:iam::954503069243:policy/airflow-worker20240319150645817100000013",
            "name": "airflow-worker20240319150645817100000013",
            "name_prefix": "airflow-worker",
            "path": "/",
            "policy": "{\"Statement\":[{\"Action\":\"s3:ListBucket\",\"Effect\":\"Allow\",\"Resource\":\"arn:aws:s3:::self-managed-airflow-logs-20240319150638829400000004\"},{\"Action\":[\"s3:PutObject\",\"s3:GetObject\"],\"Effect\":\"Allow\",\"Resource\":\"arn:aws:s3:::self-managed-airflow-logs-20240319150638829400000004/*\"}],\"Version\":\"2012-10-17\"}",
            "policy_id": "ANPA54PGQ7Y5WUU3OHVGX",
            "tags": {},
            "tags_all": {}
          },
          "sensitive_attributes": [],
          "private": "bnVsbA==",
          "dependencies": [
            "data.aws_iam_policy_document.airflow_s3_logs",
            "data.aws_partition.current",
            "module.airflow_s3_bucket.aws_s3_bucket.this",
            "module.airflow_s3_bucket.aws_s3_bucket_policy.this",
            "module.airflow_s3_bucket.aws_s3_bucket_public_access_block.this",
            "module.airflow_s3_bucket.data.aws_caller_identity.current",
            "module.airflow_s3_bucket.data.aws_iam_policy_document.access_log_delivery",
            "module.airflow_s3_bucket.data.aws_iam_policy_document.combined",
            "module.airflow_s3_bucket.data.aws_iam_policy_document.deny_incorrect_encryption_headers",
            "module.airflow_s3_bucket.data.aws_iam_policy_document.deny_incorrect_kms_key_sse",
            "module.airflow_s3_bucket.data.aws_iam_policy_document.deny_insecure_transport",
            "module.airflow_s3_bucket.data.aws_iam_policy_document.deny_unencrypted_object_uploads",
            "module.airflow_s3_bucket.data.aws_iam_policy_document.elb_log_delivery",
            "module.airflow_s3_bucket.data.aws_iam_policy_document.inventory_and_analytics_destination_policy",
            "module.airflow_s3_bucket.data.aws_iam_policy_document.lb_log_delivery",
            "module.airflow_s3_bucket.data.aws_iam_policy_document.require_latest_tls",
            "module.airflow_s3_bucket.data.aws_partition.current",
            "module.airflow_s3_bucket.data.aws_region.current"
          ]
        }
      ]
    },
    {
      "mode": "managed",
      "type": "aws_iam_policy",
      "name": "fluentbit",
      "provider": "provider[\"registry.terraform.io/hashicorp/aws\"]",
      "instances": [
        {
          "schema_version": 0,
          "attributes": {
            "arn": "arn:aws:iam::954503069243:policy/self-managed-airflow-fluentbit-additional",
            "description": "IAM policy policy for FluentBit",
            "id": "arn:aws:iam::954503069243:policy/self-managed-airflow-fluentbit-additional",
            "name": "self-managed-airflow-fluentbit-additional",
            "name_prefix": "",
            "path": "/",
            "policy": "{\"Statement\":[{\"Action\":[\"s3:PutObjectAcl\",\"s3:PutObject\",\"s3:ListBucket\",\"s3:GetObjectAcl\",\"s3:GetObject\",\"s3:DeleteObjectVersion\",\"s3:DeleteObject\"],\"Effect\":\"Allow\",\"Resource\":\"arn:aws:s3:::self-managed-airflow-spark-logs-20240319150640500200000009/*\"}],\"Version\":\"2012-10-17\"}",
            "policy_id": "ANPA54PGQ7Y5VAGE5X7DM",
            "tags": {},
            "tags_all": {}
          },
          "sensitive_attributes": [],
          "private": "bnVsbA==",
          "dependencies": [
            "data.aws_iam_policy_document.fluent_bit",
            "data.aws_partition.current",
            "module.fluentbit_s3_bucket.aws_s3_bucket.this",
            "module.fluentbit_s3_bucket.aws_s3_bucket_policy.this",
            "module.fluentbit_s3_bucket.aws_s3_bucket_public_access_block.this",
            "module.fluentbit_s3_bucket.data.aws_caller_identity.current",
            "module.fluentbit_s3_bucket.data.aws_iam_policy_document.access_log_delivery",
            "module.fluentbit_s3_bucket.data.aws_iam_policy_document.combined",
            "module.fluentbit_s3_bucket.data.aws_iam_policy_document.deny_incorrect_encryption_headers",
            "module.fluentbit_s3_bucket.data.aws_iam_policy_document.deny_incorrect_kms_key_sse",
            "module.fluentbit_s3_bucket.data.aws_iam_policy_document.deny_insecure_transport",
            "module.fluentbit_s3_bucket.data.aws_iam_policy_document.deny_unencrypted_object_uploads",
            "module.fluentbit_s3_bucket.data.aws_iam_policy_document.elb_log_delivery",
            "module.fluentbit_s3_bucket.data.aws_iam_policy_document.inventory_and_analytics_destination_policy",
            "module.fluentbit_s3_bucket.data.aws_iam_policy_document.lb_log_delivery",
            "module.fluentbit_s3_bucket.data.aws_iam_policy_document.require_latest_tls",
            "module.fluentbit_s3_bucket.data.aws_partition.current",
            "module.fluentbit_s3_bucket.data.aws_region.current"
          ]
        }
      ]
    },
    {
      "mode": "managed",
      "type": "aws_iam_policy",
      "name": "grafana",
      "provider": "provider[\"registry.terraform.io/hashicorp/aws\"]",
      "instances": [
        {
          "index_key": 0,
          "schema_version": 0,
          "attributes": {
            "arn": "arn:aws:iam::954503069243:policy/self-managed-airflow-grafana-2024031915064150160000000c",
            "description": "IAM policy for Grafana Pod",
            "id": "arn:aws:iam::954503069243:policy/self-managed-airflow-grafana-2024031915064150160000000c",
            "name": "self-managed-airflow-grafana-2024031915064150160000000c",
            "name_prefix": "self-managed-airflow-grafana-",
            "path": "/",
            "policy": "{\"Statement\":[{\"Action\":[\"cloudwatch:ListMetrics\",\"cloudwatch:GetMetricStatistics\",\"cloudwatch:GetMetricData\",\"cloudwatch:DescribeAlarmsForMetric\"],\"Effect\":\"Allow\",\"Resource\":\"*\",\"Sid\":\"AllowReadingMetricsFromCloudWatch\"},{\"Action\":\"cloudwatch:GetInsightRuleReport\",\"Effect\":\"Allow\",\"Resource\":\"arn:aws:cloudwatch:us-west-2:954503069243:insight-rule/*\",\"Sid\":\"AllowGetInsightsCloudWatch\"},{\"Action\":[\"cloudwatch:DescribeAlarms\",\"cloudwatch:DescribeAlarmHistory\"],\"Effect\":\"Allow\",\"Resource\":\"arn:aws:cloudwatch:us-west-2:954503069243:alarm:*\",\"Sid\":\"AllowReadingAlarmHistoryFromCloudWatch\"},{\"Action\":[\"logs:StopQuery\",\"logs:StartQuery\",\"logs:GetQueryResults\",\"logs:GetLogGroupFields\",\"logs:GetLogEvents\",\"logs:DescribeLogGroups\"],\"Effect\":\"Allow\",\"Resource\":\"arn:aws:logs:us-west-2:954503069243:log-group:*:log-stream:*\",\"Sid\":\"AllowReadingLogsFromCloudWatch\"},{\"Action\":[\"ec2:DescribeTags\",\"ec2:DescribeRegions\",\"ec2:DescribeInstances\"],\"Effect\":\"Allow\",\"Resource\":\"*\",\"Sid\":\"AllowReadingTagsInstancesRegionsFromEC2\"},{\"Action\":\"tag:GetResources\",\"Effect\":\"Allow\",\"Resource\":\"*\",\"Sid\":\"AllowReadingResourcesForTags\"},{\"Action\":[\"aps:RemoteWrite\",\"aps:QueryMetrics\",\"aps:ListWorkspaces\",\"aps:GetSeries\",\"aps:GetMetricMetadata\",\"aps:GetLabels\",\"aps:DescribeWorkspace\"],\"Effect\":\"Allow\",\"Resource\":[\"arn:aws:aps:us-west-2:954503069243:workspace/*/*\",\"arn:aws:aps:us-west-2:954503069243:workspace/*\",\"arn:aws:aps:us-west-2:954503069243:/*\"],\"Sid\":\"AllowListApsWorkspaces\"}],\"Version\":\"2012-10-17\"}",
            "policy_id": "ANPA54PGQ7Y545IMPZ4DS",
            "tags": {},
            "tags_all": {}
          },
          "sensitive_attributes": [],
          "private": "bnVsbA==",
          "dependencies": [
            "data.aws_caller_identity.current",
            "data.aws_iam_policy_document.grafana",
            "data.aws_partition.current"
          ]
        }
      ]
    },
    {
      "mode": "managed",
      "type": "aws_prometheus_workspace",
      "name": "amp",
      "provider": "provider[\"registry.terraform.io/hashicorp/aws\"]",
      "instances": [
        {
          "index_key": 0,
          "schema_version": 0,
          "attributes": {
            "alias": "amp-ws-self-managed-airflow",
            "arn": "arn:aws:aps:us-west-2:954503069243:workspace/ws-128780b6-ca28-41df-869e-6f4e3a3b5d73",
            "id": "ws-128780b6-ca28-41df-869e-6f4e3a3b5d73",
            "kms_key_arn": "",
            "logging_configuration": [],
            "prometheus_endpoint": "https://aps-workspaces.us-west-2.amazonaws.com/workspaces/ws-128780b6-ca28-41df-869e-6f4e3a3b5d73/",
            "tags": {
              "Blueprint": "self-managed-airflow",
              "GithubRepo": "github.com/awslabs/data-on-eks"
            },
            "tags_all": {
              "Blueprint": "self-managed-airflow",
              "GithubRepo": "github.com/awslabs/data-on-eks"
            }
          },
          "sensitive_attributes": [],
          "private": "bnVsbA=="
        }
      ]
    },
    {
      "mode": "managed",
      "type": "aws_secretsmanager_secret",
      "name": "airflow_webserver",
      "provider": "provider[\"registry.terraform.io/hashicorp/aws\"]",
      "instances": [
        {
          "index_key": 0,
          "schema_version": 0,
          "attributes": {
            "arn": "arn:aws:secretsmanager:us-west-2:954503069243:secret:airflow_webserver_secret_key_2-3YGq9z",
            "description": "",
            "force_overwrite_replica_secret": false,
            "id": "arn:aws:secretsmanager:us-west-2:954503069243:secret:airflow_webserver_secret_key_2-3YGq9z",
            "kms_key_id": "",
            "name": "airflow_webserver_secret_key_2",
            "name_prefix": "",
            "policy": "",
            "recovery_window_in_days": 0,
            "replica": [],
            "tags": {},
            "tags_all": {}
          },
          "sensitive_attributes": [],
          "private": "bnVsbA=="
        }
      ]
    },
    {
      "mode": "managed",
      "type": "aws_secretsmanager_secret",
      "name": "grafana",
      "provider": "provider[\"registry.terraform.io/hashicorp/aws\"]",
      "instances": [
        {
          "schema_version": 0,
          "attributes": {
            "arn": "arn:aws:secretsmanager:us-west-2:954503069243:secret:self-managed-airflow-grafana-5K3DYt",
            "description": "",
            "force_overwrite_replica_secret": false,
            "id": "arn:aws:secretsmanager:us-west-2:954503069243:secret:self-managed-airflow-grafana-5K3DYt",
            "kms_key_id": "",
            "name": "self-managed-airflow-grafana",
            "name_prefix": "",
            "policy": "",
            "recovery_window_in_days": 0,
            "replica": [],
            "tags": {},
            "tags_all": {}
          },
          "sensitive_attributes": [],
          "private": "bnVsbA=="
        }
      ]
    },
    {
      "mode": "managed",
      "type": "aws_secretsmanager_secret",
      "name": "postgres",
      "provider": "provider[\"registry.terraform.io/hashicorp/aws\"]",
      "instances": [
        {
          "index_key": 0,
          "schema_version": 0,
          "attributes": {
            "arn": "arn:aws:secretsmanager:us-west-2:954503069243:secret:postgres-2-cG8Yfz",
            "description": "",
            "force_overwrite_replica_secret": false,
            "id": "arn:aws:secretsmanager:us-west-2:954503069243:secret:postgres-2-cG8Yfz",
            "kms_key_id": "",
            "name": "postgres-2",
            "name_prefix": "",
            "policy": "",
            "recovery_window_in_days": 0,
            "replica": [],
            "tags": {},
            "tags_all": {}
          },
          "sensitive_attributes": [],
          "private": "bnVsbA=="
        }
      ]
    },
    {
      "mode": "managed",
      "type": "aws_secretsmanager_secret_version",
      "name": "airflow_webserver",
      "provider": "provider[\"registry.terraform.io/hashicorp/aws\"]",
      "instances": [
        {
          "index_key": 0,
          "schema_version": 0,
          "attributes": {
            "arn": "arn:aws:secretsmanager:us-west-2:954503069243:secret:airflow_webserver_secret_key_2-3YGq9z",
            "id": "arn:aws:secretsmanager:us-west-2:954503069243:secret:airflow_webserver_secret_key_2-3YGq9z|terraform-20240319150640496900000008",
            "secret_binary": "",
            "secret_id": "arn:aws:secretsmanager:us-west-2:954503069243:secret:airflow_webserver_secret_key_2-3YGq9z",
            "secret_string": "ee3f8747ecc01f288bbd0ed35020fae9",
            "version_id": "terraform-20240319150640496900000008",
            "version_stages": [
              "AWSCURRENT"
            ]
          },
          "sensitive_attributes": [],
          "private": "bnVsbA==",
          "dependencies": [
            "aws_secretsmanager_secret.airflow_webserver",
            "random_id.airflow_webserver"
          ]
        }
      ]
    },
    {
      "mode": "managed",
      "type": "aws_secretsmanager_secret_version",
      "name": "grafana",
      "provider": "provider[\"registry.terraform.io/hashicorp/aws\"]",
      "instances": [
        {
          "schema_version": 0,
          "attributes": {
            "arn": "arn:aws:secretsmanager:us-west-2:954503069243:secret:self-managed-airflow-grafana-5K3DYt",
            "id": "arn:aws:secretsmanager:us-west-2:954503069243:secret:self-managed-airflow-grafana-5K3DYt|terraform-20240319150640495400000007",
            "secret_binary": "",
            "secret_id": "arn:aws:secretsmanager:us-west-2:954503069243:secret:self-managed-airflow-grafana-5K3DYt",
            "secret_string": "Yn4YGhg0N4VL_QTB",
            "version_id": "terraform-20240319150640495400000007",
            "version_stages": [
              "AWSCURRENT"
            ]
          },
          "sensitive_attributes": [
            [
              {
                "type": "get_attr",
                "value": "secret_string"
              }
            ]
          ],
          "private": "bnVsbA==",
          "dependencies": [
            "aws_secretsmanager_secret.grafana",
            "random_password.grafana"
          ]
        }
      ]
    },
    {
      "mode": "managed",
      "type": "aws_secretsmanager_secret_version",
      "name": "postgres",
      "provider": "provider[\"registry.terraform.io/hashicorp/aws\"]",
      "instances": [
        {
          "index_key": 0,
          "schema_version": 0,
          "attributes": {
            "arn": "arn:aws:secretsmanager:us-west-2:954503069243:secret:postgres-2-cG8Yfz",
            "id": "arn:aws:secretsmanager:us-west-2:954503069243:secret:postgres-2-cG8Yfz|terraform-2024031915064204330000000e",
            "secret_binary": "",
            "secret_id": "arn:aws:secretsmanager:us-west-2:954503069243:secret:postgres-2-cG8Yfz",
            "secret_string": "bMMbLiF94QwUGnxZ",
            "version_id": "terraform-2024031915064204330000000e",
            "version_stages": [
              "AWSCURRENT"
            ]
          },
          "sensitive_attributes": [
            [
              {
                "type": "get_attr",
                "value": "secret_string"
              }
            ]
          ],
          "private": "bnVsbA==",
          "dependencies": [
            "aws_secretsmanager_secret.postgres",
            "random_password.postgres"
          ]
        }
      ]
    },
    {
      "mode": "managed",
      "type": "aws_security_group",
      "name": "efs",
      "provider": "provider[\"registry.terraform.io/hashicorp/aws\"]",
      "instances": [
        {
          "index_key": 0,
          "schema_version": 1,
          "attributes": {
            "arn": "arn:aws:ec2:us-west-2:954503069243:security-group/sg-077351f84df3bd3cf",
            "description": "Allow inbound NFS traffic from private subnets of the VPC",
            "egress": [],
            "id": "sg-077351f84df3bd3cf",
            "ingress": [
              {
                "cidr_blocks": [
                  "10.0.1.0/24",
                  "10.0.2.0/24",
                  "100.64.0.0/17",
                  "100.64.128.0/17"
                ],
                "description": "Allow NFS 2049/tcp",
                "from_port": 2049,
                "ipv6_cidr_blocks": [],
                "prefix_list_ids": [],
                "protocol": "tcp",
                "security_groups": [],
                "self": false,
                "to_port": 2049
              }
            ],
            "name": "self-managed-airflow-efs",
            "name_prefix": "",
            "owner_id": "954503069243",
            "revoke_rules_on_delete": false,
            "tags": {
              "Blueprint": "self-managed-airflow",
              "GithubRepo": "github.com/awslabs/data-on-eks"
            },
            "tags_all": {
              "Blueprint": "self-managed-airflow",
              "GithubRepo": "github.com/awslabs/data-on-eks"
            },
            "timeouts": null,
            "vpc_id": "vpc-077b42f62c22ecb49"
          },
          "sensitive_attributes": [],
          "private": "eyJlMmJmYjczMC1lY2FhLTExZTYtOGY4OC0zNDM2M2JjN2M0YzAiOnsiY3JlYXRlIjo2MDAwMDAwMDAwMDAsImRlbGV0ZSI6OTAwMDAwMDAwMDAwfSwic2NoZW1hX3ZlcnNpb24iOiIxIn0=",
          "dependencies": [
            "data.aws_availability_zones.available",
            "module.vpc.aws_subnet.private",
            "module.vpc.aws_vpc.this",
            "module.vpc.aws_vpc_ipv4_cidr_block_association.this"
          ]
        }
      ]
    },
    {
      "mode": "managed",
      "type": "kubectl_manifest",
      "name": "airflow_webserver",
      "provider": "provider[\"registry.terraform.io/gavinbunney/kubectl\"]",
      "instances": [
        {
          "index_key": 0,
          "schema_version": 1,
          "attributes": {
            "api_version": "v1",
            "apply_only": false,
            "force_conflicts": false,
            "force_new": false,
            "id": "/api/v1/namespaces/airflow/secrets/airflow-webserver-secret-key",
            "ignore_fields": null,
            "kind": "Secret",
            "live_manifest_incluster": "74eba6460a52dfd08ad72c0b984e90ed1d4b7821effdba5d36308cec98c8d3c4",
            "live_uid": "6a3b627b-8fca-4c61-abdc-f33ba5a54456",
            "name": "airflow-webserver-secret-key",
            "namespace": "airflow",
            "override_namespace": null,
            "sensitive_fields": [
              "data.webserver-secret-key"
            ],
            "server_side_apply": false,
            "timeouts": null,
            "uid": "6a3b627b-8fca-4c61-abdc-f33ba5a54456",
            "validate_schema": true,
            "wait": null,
            "wait_for_rollout": true,
            "yaml_body": "apiVersion: v1\nkind: Secret\nmetadata:\n   name: airflow-webserver-secret-key\n   namespace: airflow\n   labels:\n    app.kubernetes.io/managed-by: \"Helm\"\n   annotations:\n    meta.helm.sh/release-name: \"airflow\"\n    meta.helm.sh/release-namespace: \"airflow\"\ntype: Opaque\ndata:\n  webserver-secret-key: ZWUzZjg3NDdlY2MwMWYyODhiYmQwZWQzNTAyMGZhZTk=\n",
            "yaml_body_parsed": "apiVersion: v1\ndata:\n  webserver-secret-key: (sensitive value)\nkind: Secret\nmetadata:\n  annotations:\n    meta.helm.sh/release-name: airflow\n    meta.helm.sh/release-namespace: airflow\n  labels:\n    app.kubernetes.io/managed-by: Helm\n  name: airflow-webserver-secret-key\n  namespace: airflow\ntype: Opaque\n",
            "yaml_incluster": "74eba6460a52dfd08ad72c0b984e90ed1d4b7821effdba5d36308cec98c8d3c4"
          },
          "sensitive_attributes": [
            [
              {
                "type": "get_attr",
                "value": "yaml_body"
              }
            ]
          ],
          "private": "eyJlMmJmYjczMC1lY2FhLTExZTYtOGY4OC0zNDM2M2JjN2M0YzAiOnsiY3JlYXRlIjo2MDAwMDAwMDAwMDB9LCJzY2hlbWFfdmVyc2lvbiI6IjEifQ==",
          "dependencies": [
            "aws_secretsmanager_secret.airflow_webserver",
            "aws_secretsmanager_secret_version.airflow_webserver",
            "data.aws_availability_zones.available",
            "data.aws_eks_cluster_auth.this",
            "kubernetes_namespace_v1.airflow",
            "module.eks.aws_cloudwatch_log_group.this",
            "module.eks.aws_eks_cluster.this",
            "module.eks.aws_iam_policy.cni_ipv6_policy",
            "module.eks.aws_iam_role.this",
            "module.eks.aws_iam_role_policy_attachment.this",
            "module.eks.aws_security_group.cluster",
            "module.eks.aws_security_group.node",
            "module.eks.aws_security_group_rule.cluster",
            "module.eks.aws_security_group_rule.node",
            "module.eks.data.aws_caller_identity.current",
            "module.eks.data.aws_iam_policy_document.assume_role_policy",
            "module.eks.data.aws_iam_policy_document.cni_ipv6_policy",
            "module.eks.data.aws_iam_session_context.current",
            "module.eks.data.aws_partition.current",
            "module.eks.module.kms.aws_kms_external_key.this",
            "module.eks.module.kms.aws_kms_key.this",
            "module.eks.module.kms.aws_kms_replica_external_key.this",
            "module.eks.module.kms.aws_kms_replica_key.this",
            "module.eks.module.kms.data.aws_caller_identity.current",
            "module.eks.module.kms.data.aws_iam_policy_document.this",
            "module.eks.module.kms.data.aws_partition.current",
            "module.vpc.aws_subnet.private",
            "module.vpc.aws_vpc.this",
            "module.vpc.aws_vpc_ipv4_cidr_block_association.this",
            "random_id.airflow_webserver"
          ]
        }
      ]
    },
    {
      "mode": "managed",
      "type": "kubectl_manifest",
      "name": "efs_pvc",
      "provider": "provider[\"registry.terraform.io/gavinbunney/kubectl\"]",
      "instances": [
        {
          "index_key": 0,
          "schema_version": 1,
          "attributes": {
            "api_version": "v1",
            "apply_only": false,
            "force_conflicts": false,
            "force_new": false,
            "id": "/api/v1/namespaces/airflow/persistentvolumeclaims/airflowdags-pvc",
            "ignore_fields": null,
            "kind": "PersistentVolumeClaim",
            "live_manifest_incluster": "e5d61af5f93027f18f6a1f97101d064f62d416439e0c0c55f380328161d57bca",
            "live_uid": "76c40d29-5092-4664-bf97-c18caa6edc75",
            "name": "airflowdags-pvc",
            "namespace": "airflow",
            "override_namespace": null,
            "sensitive_fields": null,
            "server_side_apply": false,
            "timeouts": null,
            "uid": "76c40d29-5092-4664-bf97-c18caa6edc75",
            "validate_schema": true,
            "wait": null,
            "wait_for_rollout": true,
            "yaml_body": "apiVersion: v1\nkind: PersistentVolumeClaim\nmetadata:\n  name: airflowdags-pvc\n  namespace: airflow\nspec:\n  accessModes:\n    - ReadWriteMany\n  storageClassName: efs-sc\n  resources:\n    requests:\n      storage: 10Gi\n",
            "yaml_body_parsed": "apiVersion: v1\nkind: PersistentVolumeClaim\nmetadata:\n  name: airflowdags-pvc\n  namespace: airflow\nspec:\n  accessModes:\n  - ReadWriteMany\n  resources:\n    requests:\n      storage: 10Gi\n  storageClassName: efs-sc\n",
            "yaml_incluster": "e5d61af5f93027f18f6a1f97101d064f62d416439e0c0c55f380328161d57bca"
          },
          "sensitive_attributes": [],
          "private": "eyJlMmJmYjczMC1lY2FhLTExZTYtOGY4OC0zNDM2M2JjN2M0YzAiOnsiY3JlYXRlIjo2MDAwMDAwMDAwMDB9LCJzY2hlbWFfdmVyc2lvbiI6IjEifQ==",
          "dependencies": [
            "aws_efs_file_system.efs",
            "data.aws_availability_zones.available",
            "data.aws_eks_cluster_auth.this",
            "kubectl_manifest.efs_sc",
            "kubernetes_namespace_v1.airflow",
            "module.eks.aws_cloudwatch_log_group.this",
            "module.eks.aws_eks_cluster.this",
            "module.eks.aws_iam_policy.cni_ipv6_policy",
            "module.eks.aws_iam_role.this",
            "module.eks.aws_iam_role_policy_attachment.this",
            "module.eks.aws_security_group.cluster",
            "module.eks.aws_security_group.node",
            "module.eks.aws_security_group_rule.cluster",
            "module.eks.aws_security_group_rule.node",
            "module.eks.data.aws_caller_identity.current",
            "module.eks.data.aws_iam_policy_document.assume_role_policy",
            "module.eks.data.aws_iam_policy_document.cni_ipv6_policy",
            "module.eks.data.aws_iam_session_context.current",
            "module.eks.data.aws_partition.current",
            "module.eks.module.kms.aws_kms_external_key.this",
            "module.eks.module.kms.aws_kms_key.this",
            "module.eks.module.kms.aws_kms_replica_external_key.this",
            "module.eks.module.kms.aws_kms_replica_key.this",
            "module.eks.module.kms.data.aws_caller_identity.current",
            "module.eks.module.kms.data.aws_iam_policy_document.this",
            "module.eks.module.kms.data.aws_partition.current",
            "module.vpc.aws_subnet.private",
            "module.vpc.aws_vpc.this",
            "module.vpc.aws_vpc_ipv4_cidr_block_association.this"
          ]
        }
      ]
    },
    {
      "mode": "managed",
      "type": "kubectl_manifest",
      "name": "efs_sc",
      "provider": "provider[\"registry.terraform.io/gavinbunney/kubectl\"]",
      "instances": [
        {
          "index_key": 0,
          "schema_version": 1,
          "attributes": {
            "api_version": "storage.k8s.io/v1",
            "apply_only": false,
            "force_conflicts": false,
            "force_new": false,
            "id": "/apis/storage.k8s.io/v1/storageclasses/efs-sc",
            "ignore_fields": null,
            "kind": "StorageClass",
            "live_manifest_incluster": "019c12b85b52518c9ef040268c004a3b9009422ba33936058ecf82a364eeaea2",
            "live_uid": "6fb5bcff-1f8a-4ff2-be31-871ba426cc96",
            "name": "efs-sc",
            "namespace": null,
            "override_namespace": null,
            "sensitive_fields": null,
            "server_side_apply": false,
            "timeouts": null,
            "uid": "6fb5bcff-1f8a-4ff2-be31-871ba426cc96",
            "validate_schema": true,
            "wait": null,
            "wait_for_rollout": true,
            "yaml_body": "apiVersion: storage.k8s.io/v1\nkind: StorageClass\nmetadata:\n  name: efs-sc\nprovisioner: efs.csi.aws.com\nparameters:\n  provisioningMode: efs-ap\n  fileSystemId: fs-0cc3de26b95e3e780\n  directoryPerms: \"700\"\n  gidRangeStart: \"1000\"\n  gidRangeEnd: \"2000\"\n",
            "yaml_body_parsed": "apiVersion: storage.k8s.io/v1\nkind: StorageClass\nmetadata:\n  name: efs-sc\nparameters:\n  directoryPerms: \"700\"\n  fileSystemId: fs-0cc3de26b95e3e780\n  gidRangeEnd: \"2000\"\n  gidRangeStart: \"1000\"\n  provisioningMode: efs-ap\nprovisioner: efs.csi.aws.com\n",
            "yaml_incluster": "019c12b85b52518c9ef040268c004a3b9009422ba33936058ecf82a364eeaea2"
          },
          "sensitive_attributes": [],
          "private": "eyJlMmJmYjczMC1lY2FhLTExZTYtOGY4OC0zNDM2M2JjN2M0YzAiOnsiY3JlYXRlIjo2MDAwMDAwMDAwMDB9LCJzY2hlbWFfdmVyc2lvbiI6IjEifQ==",
          "dependencies": [
            "aws_efs_file_system.efs",
            "data.aws_availability_zones.available",
            "data.aws_eks_cluster_auth.this",
            "module.eks.aws_cloudwatch_log_group.this",
            "module.eks.aws_eks_cluster.this",
            "module.eks.aws_iam_policy.cni_ipv6_policy",
            "module.eks.aws_iam_role.this",
            "module.eks.aws_iam_role_policy_attachment.this",
            "module.eks.aws_security_group.cluster",
            "module.eks.aws_security_group.node",
            "module.eks.aws_security_group_rule.cluster",
            "module.eks.aws_security_group_rule.node",
            "module.eks.data.aws_caller_identity.current",
            "module.eks.data.aws_iam_policy_document.assume_role_policy",
            "module.eks.data.aws_iam_policy_document.cni_ipv6_policy",
            "module.eks.data.aws_iam_session_context.current",
            "module.eks.data.aws_partition.current",
            "module.eks.module.kms.aws_kms_external_key.this",
            "module.eks.module.kms.aws_kms_key.this",
            "module.eks.module.kms.aws_kms_replica_external_key.this",
            "module.eks.module.kms.aws_kms_replica_key.this",
            "module.eks.module.kms.data.aws_caller_identity.current",
            "module.eks.module.kms.data.aws_iam_policy_document.this",
            "module.eks.module.kms.data.aws_partition.current",
            "module.vpc.aws_subnet.private",
            "module.vpc.aws_vpc.this",
            "module.vpc.aws_vpc_ipv4_cidr_block_association.this"
          ]
        }
      ]
    },
    {
      "mode": "managed",
      "type": "kubernetes_secret_v1",
      "name": "airflow_scheduler",
      "provider": "provider[\"registry.terraform.io/hashicorp/kubernetes\"]",
      "instances": [
        {
          "index_key": 0,
          "schema_version": 0,
          "attributes": {
            "binary_data": null,
            "data": {
              "ca.crt": "-----BEGIN CERTIFICATE-----\nMIIDBTCCAe2gAwIBAgIIB1uN84p1TOQwDQYJKoZIhvcNAQELBQAwFTETMBEGA1UE\nAxMKa3ViZXJuZXRlczAeFw0yNDAzMTkxNTA2MTNaFw0zNDAzMTcxNTExMTNaMBUx\nEzARBgNVBAMTCmt1YmVybmV0ZXMwggEiMA0GCSqGSIb3DQEBAQUAA4IBDwAwggEK\nAoIBAQCmcTs27pmIH363XimzA4RJUA18M++DxvrgEQxfSkJiqmwd5H3WZa44fl3e\nsXSm9kzEwVX5D7O/2tsvJJ3tGMDlZjxkVJRS+qGnO/rPJ6LOxOydQdGzFkA2vH/F\ncmesHNM/p4IZBNjLVBxR4I24Ic9nkRy6BdBxaIh1vIRFV3rnsF12wpyrUW7sos7I\nbzv5MerDohV7QnJuXTsg0+Vjl45F+OU5V6E2h3PFQ8SHz1+wxPEeOU7YNPag00bN\naD+XLTsIzGwG0dPj/n4959NosHl9d6E0Ql81AzD63uJ8Ae+G+q1mFMFqSzrfVdUO\nqfjumj3gJonT92ZeEINxkBXyyLp/AgMBAAGjWTBXMA4GA1UdDwEB/wQEAwICpDAP\nBgNVHRMBAf8EBTADAQH/MB0GA1UdDgQWBBTTlODQXmtyKiIhrdMv0TtT26H2zzAV\nBgNVHREEDjAMggprdWJlcm5ldGVzMA0GCSqGSIb3DQEBCwUAA4IBAQCNNvBd7/Wm\nJX42NS4/UhhRsu3QvGSnTEd9lfSiWbzPKWKtAGE0hpHhBGnpf8Rmb17mbZN8zxs1\nR84Jz2K3/d2vfWv5tWQ0GYT5bS/y/k8AM3cbUzMocNxrG+pvMYpD5JMvoFfJOGpE\nuEsJqcF9G8dGLubB5ou4OJKer8zbdV0cunbwLr4ypAlZJCR0rMOJXO7weq/Y4GIj\nz+UUW/c/2rDLPhvU+uh0F1+um2jr9R5Tp5rfm4WVIUlcGLBAPNBsW1SpCBqVg7qK\nFdFyqWfaTKx7pt50iXmHPWTelxsaGI/d+9oQZPQ/iGcQRLouyqLtzbxCOQ0kWpRe\n5i+EFsOTNTJ6\n-----END CERTIFICATE-----\n",
              "namespace": "airflow",
              "token": "eyJhbGciOiJSUzI1NiIsImtpZCI6IlB2SmtvSDYxNkx5ODFWRERJSURVU0hTQnBNd1M2NkxZcE9rcUdNa2Z6U2cifQ.eyJpc3MiOiJrdWJlcm5ldGVzL3NlcnZpY2VhY2NvdW50Iiwia3ViZXJuZXRlcy5pby9zZXJ2aWNlYWNjb3VudC9uYW1lc3BhY2UiOiJhaXJmbG93Iiwia3ViZXJuZXRlcy5pby9zZXJ2aWNlYWNjb3VudC9zZWNyZXQubmFtZSI6ImFpcmZsb3ctc2NoZWR1bGVyLXNlY3JldCIsImt1YmVybmV0ZXMuaW8vc2VydmljZWFjY291bnQvc2VydmljZS1hY2NvdW50Lm5hbWUiOiJhaXJmbG93LXNjaGVkdWxlciIsImt1YmVybmV0ZXMuaW8vc2VydmljZWFjY291bnQvc2VydmljZS1hY2NvdW50LnVpZCI6ImRjZTdlNzRiLWEwMzQtNDJlOC1hYThmLTEwMGFiYzY0MWU0MyIsInN1YiI6InN5c3RlbTpzZXJ2aWNlYWNjb3VudDphaXJmbG93OmFpcmZsb3ctc2NoZWR1bGVyIn0.RhVrk2lkD_lHKCKkdpDycfgVciKd07JAKKFolmuhoN2N4ySN-VmmA8S_5OWVjvmr6l8RtrK_VWanRfFY7u-DrHpKCC-kfzrqv0dyZTjqjvtx94zUon1rmXvOEBPlnOKVlcnXZqd6mkbZQPzJhFCdB_PIOhq5mepyFWMq64btfewUyBYdU_4w_OYZjhzFWTL-JG_kmN4qYJ1fGM0hDZLfr_V7LMxG2unMNuumgz3DzA8KG31ajZSsKVrhy4fmS3IcjAcNBuQLS183qt4QNm4mfh579ZHimqk3sKIf4jcyQLV-IyyBWrfDCONMJwtp41BWYEA-E849au6Lnha4QjHkgg"
            },
            "id": "airflow/airflow-scheduler-secret",
            "immutable": false,
            "metadata": [
              {
                "annotations": {
                  "kubernetes.io/service-account.name": "airflow-scheduler",
                  "kubernetes.io/service-account.namespace": "airflow"
                },
                "generate_name": "",
                "generation": 0,
                "labels": {},
                "name": "airflow-scheduler-secret",
                "namespace": "airflow",
                "resource_version": "795",
                "uid": "f972ec61-eb87-4f8b-b1fb-e44cceb1c708"
              }
            ],
            "timeouts": null,
            "type": "kubernetes.io/service-account-token",
            "wait_for_service_account_token": true
          },
          "sensitive_attributes": [],
          "private": "eyJlMmJmYjczMC1lY2FhLTExZTYtOGY4OC0zNDM2M2JjN2M0YzAiOnsiY3JlYXRlIjo2MDAwMDAwMDAwMH19",
          "dependencies": [
            "data.aws_availability_zones.available",
            "data.aws_eks_cluster_auth.this",
            "kubernetes_namespace_v1.airflow",
            "kubernetes_service_account_v1.airflow_scheduler",
            "module.airflow_irsa_scheduler.aws_iam_role.this",
            "module.airflow_irsa_scheduler.data.aws_caller_identity.current",
            "module.airflow_irsa_scheduler.data.aws_iam_policy_document.assume",
            "module.airflow_irsa_scheduler.data.aws_partition.current",
            "module.eks.aws_cloudwatch_log_group.this",
            "module.eks.aws_eks_cluster.this",
            "module.eks.aws_iam_openid_connect_provider.oidc_provider",
            "module.eks.aws_iam_policy.cni_ipv6_policy",
            "module.eks.aws_iam_role.this",
            "module.eks.aws_iam_role_policy_attachment.this",
            "module.eks.aws_security_group.cluster",
            "module.eks.aws_security_group.node",
            "module.eks.aws_security_group_rule.cluster",
            "module.eks.aws_security_group_rule.node",
            "module.eks.data.aws_caller_identity.current",
            "module.eks.data.aws_iam_policy_document.assume_role_policy",
            "module.eks.data.aws_iam_policy_document.cni_ipv6_policy",
            "module.eks.data.aws_iam_session_context.current",
            "module.eks.data.aws_partition.current",
            "module.eks.data.tls_certificate.this",
            "module.eks.module.kms.aws_kms_external_key.this",
            "module.eks.module.kms.aws_kms_key.this",
            "module.eks.module.kms.aws_kms_replica_external_key.this",
            "module.eks.module.kms.aws_kms_replica_key.this",
            "module.eks.module.kms.data.aws_caller_identity.current",
            "module.eks.module.kms.data.aws_iam_policy_document.this",
            "module.eks.module.kms.data.aws_partition.current",
            "module.vpc.aws_subnet.private",
            "module.vpc.aws_vpc.this",
            "module.vpc.aws_vpc_ipv4_cidr_block_association.this"
          ]
        }
      ]
    },
    {
      "mode": "managed",
      "type": "kubernetes_secret_v1",
      "name": "airflow_webserver",
      "provider": "provider[\"registry.terraform.io/hashicorp/kubernetes\"]",
      "instances": [
        {
          "index_key": 0,
          "schema_version": 0,
          "attributes": {
            "binary_data": null,
            "data": {
              "ca.crt": "-----BEGIN CERTIFICATE-----\nMIIDBTCCAe2gAwIBAgIIB1uN84p1TOQwDQYJKoZIhvcNAQELBQAwFTETMBEGA1UE\nAxMKa3ViZXJuZXRlczAeFw0yNDAzMTkxNTA2MTNaFw0zNDAzMTcxNTExMTNaMBUx\nEzARBgNVBAMTCmt1YmVybmV0ZXMwggEiMA0GCSqGSIb3DQEBAQUAA4IBDwAwggEK\nAoIBAQCmcTs27pmIH363XimzA4RJUA18M++DxvrgEQxfSkJiqmwd5H3WZa44fl3e\nsXSm9kzEwVX5D7O/2tsvJJ3tGMDlZjxkVJRS+qGnO/rPJ6LOxOydQdGzFkA2vH/F\ncmesHNM/p4IZBNjLVBxR4I24Ic9nkRy6BdBxaIh1vIRFV3rnsF12wpyrUW7sos7I\nbzv5MerDohV7QnJuXTsg0+Vjl45F+OU5V6E2h3PFQ8SHz1+wxPEeOU7YNPag00bN\naD+XLTsIzGwG0dPj/n4959NosHl9d6E0Ql81AzD63uJ8Ae+G+q1mFMFqSzrfVdUO\nqfjumj3gJonT92ZeEINxkBXyyLp/AgMBAAGjWTBXMA4GA1UdDwEB/wQEAwICpDAP\nBgNVHRMBAf8EBTADAQH/MB0GA1UdDgQWBBTTlODQXmtyKiIhrdMv0TtT26H2zzAV\nBgNVHREEDjAMggprdWJlcm5ldGVzMA0GCSqGSIb3DQEBCwUAA4IBAQCNNvBd7/Wm\nJX42NS4/UhhRsu3QvGSnTEd9lfSiWbzPKWKtAGE0hpHhBGnpf8Rmb17mbZN8zxs1\nR84Jz2K3/d2vfWv5tWQ0GYT5bS/y/k8AM3cbUzMocNxrG+pvMYpD5JMvoFfJOGpE\nuEsJqcF9G8dGLubB5ou4OJKer8zbdV0cunbwLr4ypAlZJCR0rMOJXO7weq/Y4GIj\nz+UUW/c/2rDLPhvU+uh0F1+um2jr9R5Tp5rfm4WVIUlcGLBAPNBsW1SpCBqVg7qK\nFdFyqWfaTKx7pt50iXmHPWTelxsaGI/d+9oQZPQ/iGcQRLouyqLtzbxCOQ0kWpRe\n5i+EFsOTNTJ6\n-----END CERTIFICATE-----\n",
              "namespace": "airflow",
              "token": "eyJhbGciOiJSUzI1NiIsImtpZCI6IlB2SmtvSDYxNkx5ODFWRERJSURVU0hTQnBNd1M2NkxZcE9rcUdNa2Z6U2cifQ.eyJpc3MiOiJrdWJlcm5ldGVzL3NlcnZpY2VhY2NvdW50Iiwia3ViZXJuZXRlcy5pby9zZXJ2aWNlYWNjb3VudC9uYW1lc3BhY2UiOiJhaXJmbG93Iiwia3ViZXJuZXRlcy5pby9zZXJ2aWNlYWNjb3VudC9zZWNyZXQubmFtZSI6ImFpcmZsb3ctd2Vic2VydmVyLXNlY3JldCIsImt1YmVybmV0ZXMuaW8vc2VydmljZWFjY291bnQvc2VydmljZS1hY2NvdW50Lm5hbWUiOiJhaXJmbG93LXdlYnNlcnZlciIsImt1YmVybmV0ZXMuaW8vc2VydmljZWFjY291bnQvc2VydmljZS1hY2NvdW50LnVpZCI6ImEzODljMDUyLTFjN2YtNGJlNS1iNzEyLWRmNGU1ZTZiY2FmMCIsInN1YiI6InN5c3RlbTpzZXJ2aWNlYWNjb3VudDphaXJmbG93OmFpcmZsb3ctd2Vic2VydmVyIn0.uZuE-BJeaDpNF05M51y6CuGlNvrDyU8HTkmGC78vxW10-gGEPuknv3HUBdpRGwJn18PuiM7UR-pCMLt2FMCNhTwiQxkpG4c2rivEqGw1N68Dkncw1eiim0_GlPtfWM3wTQlHjfvVhoe8-I9h67z-IsM4OHQxXzw45dDLwXrG76jWo46mDQb4UyXhMboUN97WE9tCvACIgW1PJdl_u_URiRWMogHZlV_la5a0GJ_y_BCNpvhSuQeRdS0o1IrE3vtN2IANoENxyzCvTep-35Cbv83BcJ27aooWD56HK--cfiaWYduqDBVVJyqbc2YMxIISxZoHFIDuM9lAim78N0kFPw"
            },
            "id": "airflow/airflow-webserver-secret",
            "immutable": false,
            "metadata": [
              {
                "annotations": {
                  "kubernetes.io/service-account.name": "airflow-webserver",
                  "kubernetes.io/service-account.namespace": "airflow"
                },
                "generate_name": "",
                "generation": 0,
                "labels": {},
                "name": "airflow-webserver-secret",
                "namespace": "airflow",
                "resource_version": "801",
                "uid": "b777db43-70cb-45c8-a884-d3a5733ee1d8"
              }
            ],
            "timeouts": null,
            "type": "kubernetes.io/service-account-token",
            "wait_for_service_account_token": true
          },
          "sensitive_attributes": [],
          "private": "eyJlMmJmYjczMC1lY2FhLTExZTYtOGY4OC0zNDM2M2JjN2M0YzAiOnsiY3JlYXRlIjo2MDAwMDAwMDAwMH19",
          "dependencies": [
            "data.aws_availability_zones.available",
            "data.aws_eks_cluster_auth.this",
            "kubernetes_namespace_v1.airflow",
            "kubernetes_service_account_v1.airflow_webserver",
            "module.airflow_irsa_webserver.aws_iam_role.this",
            "module.airflow_irsa_webserver.data.aws_caller_identity.current",
            "module.airflow_irsa_webserver.data.aws_iam_policy_document.assume",
            "module.airflow_irsa_webserver.data.aws_partition.current",
            "module.eks.aws_cloudwatch_log_group.this",
            "module.eks.aws_eks_cluster.this",
            "module.eks.aws_iam_openid_connect_provider.oidc_provider",
            "module.eks.aws_iam_policy.cni_ipv6_policy",
            "module.eks.aws_iam_role.this",
            "module.eks.aws_iam_role_policy_attachment.this",
            "module.eks.aws_security_group.cluster",
            "module.eks.aws_security_group.node",
            "module.eks.aws_security_group_rule.cluster",
            "module.eks.aws_security_group_rule.node",
            "module.eks.data.aws_caller_identity.current",
            "module.eks.data.aws_iam_policy_document.assume_role_policy",
            "module.eks.data.aws_iam_policy_document.cni_ipv6_policy",
            "module.eks.data.aws_iam_session_context.current",
            "module.eks.data.aws_partition.current",
            "module.eks.data.tls_certificate.this",
            "module.eks.module.kms.aws_kms_external_key.this",
            "module.eks.module.kms.aws_kms_key.this",
            "module.eks.module.kms.aws_kms_replica_external_key.this",
            "module.eks.module.kms.aws_kms_replica_key.this",
            "module.eks.module.kms.data.aws_caller_identity.current",
            "module.eks.module.kms.data.aws_iam_policy_document.this",
            "module.eks.module.kms.data.aws_partition.current",
            "module.vpc.aws_subnet.private",
            "module.vpc.aws_vpc.this",
            "module.vpc.aws_vpc_ipv4_cidr_block_association.this"
          ]
        }
      ]
    },
    {
      "mode": "managed",
      "type": "kubernetes_secret_v1",
      "name": "airflow_worker",
      "provider": "provider[\"registry.terraform.io/hashicorp/kubernetes\"]",
      "instances": [
        {
          "index_key": 0,
          "schema_version": 0,
          "attributes": {
            "binary_data": null,
            "data": {
              "ca.crt": "-----BEGIN CERTIFICATE-----\nMIIDBTCCAe2gAwIBAgIIB1uN84p1TOQwDQYJKoZIhvcNAQELBQAwFTETMBEGA1UE\nAxMKa3ViZXJuZXRlczAeFw0yNDAzMTkxNTA2MTNaFw0zNDAzMTcxNTExMTNaMBUx\nEzARBgNVBAMTCmt1YmVybmV0ZXMwggEiMA0GCSqGSIb3DQEBAQUAA4IBDwAwggEK\nAoIBAQCmcTs27pmIH363XimzA4RJUA18M++DxvrgEQxfSkJiqmwd5H3WZa44fl3e\nsXSm9kzEwVX5D7O/2tsvJJ3tGMDlZjxkVJRS+qGnO/rPJ6LOxOydQdGzFkA2vH/F\ncmesHNM/p4IZBNjLVBxR4I24Ic9nkRy6BdBxaIh1vIRFV3rnsF12wpyrUW7sos7I\nbzv5MerDohV7QnJuXTsg0+Vjl45F+OU5V6E2h3PFQ8SHz1+wxPEeOU7YNPag00bN\naD+XLTsIzGwG0dPj/n4959NosHl9d6E0Ql81AzD63uJ8Ae+G+q1mFMFqSzrfVdUO\nqfjumj3gJonT92ZeEINxkBXyyLp/AgMBAAGjWTBXMA4GA1UdDwEB/wQEAwICpDAP\nBgNVHRMBAf8EBTADAQH/MB0GA1UdDgQWBBTTlODQXmtyKiIhrdMv0TtT26H2zzAV\nBgNVHREEDjAMggprdWJlcm5ldGVzMA0GCSqGSIb3DQEBCwUAA4IBAQCNNvBd7/Wm\nJX42NS4/UhhRsu3QvGSnTEd9lfSiWbzPKWKtAGE0hpHhBGnpf8Rmb17mbZN8zxs1\nR84Jz2K3/d2vfWv5tWQ0GYT5bS/y/k8AM3cbUzMocNxrG+pvMYpD5JMvoFfJOGpE\nuEsJqcF9G8dGLubB5ou4OJKer8zbdV0cunbwLr4ypAlZJCR0rMOJXO7weq/Y4GIj\nz+UUW/c/2rDLPhvU+uh0F1+um2jr9R5Tp5rfm4WVIUlcGLBAPNBsW1SpCBqVg7qK\nFdFyqWfaTKx7pt50iXmHPWTelxsaGI/d+9oQZPQ/iGcQRLouyqLtzbxCOQ0kWpRe\n5i+EFsOTNTJ6\n-----END CERTIFICATE-----\n",
              "namespace": "airflow",
              "token": "eyJhbGciOiJSUzI1NiIsImtpZCI6IlB2SmtvSDYxNkx5ODFWRERJSURVU0hTQnBNd1M2NkxZcE9rcUdNa2Z6U2cifQ.eyJpc3MiOiJrdWJlcm5ldGVzL3NlcnZpY2VhY2NvdW50Iiwia3ViZXJuZXRlcy5pby9zZXJ2aWNlYWNjb3VudC9uYW1lc3BhY2UiOiJhaXJmbG93Iiwia3ViZXJuZXRlcy5pby9zZXJ2aWNlYWNjb3VudC9zZWNyZXQubmFtZSI6ImFpcmZsb3ctd29ya2VyLXNlY3JldCIsImt1YmVybmV0ZXMuaW8vc2VydmljZWFjY291bnQvc2VydmljZS1hY2NvdW50Lm5hbWUiOiJhaXJmbG93LXdvcmtlciIsImt1YmVybmV0ZXMuaW8vc2VydmljZWFjY291bnQvc2VydmljZS1hY2NvdW50LnVpZCI6IjUwMzViMzhmLWQ4OWMtNDlhYy04ZTVhLTU1OTk3MzU1MWI1YyIsInN1YiI6InN5c3RlbTpzZXJ2aWNlYWNjb3VudDphaXJmbG93OmFpcmZsb3ctd29ya2VyIn0.H-u_b3XM5v-0lU9YvnSQCLOTTw92__9uxfsvdDcgnFn226SFj1_vbdNZlqwBNYEiiiD5MLmsmIsjV-qlljjvcP7KT-YNE5rQ-vLKTleklMMvO-qpGaENqDBI3loaRwcdZLa1nTemQINZ60Lo3Zn9zSYVuBHIh9nRjFAY39VNaBoEZBAH2SHrrwxwbpkyeNhV6-8vxgLy8LNxUu8tUSaOQ5MoLb6YFjVEAaaBXLYumvbV1wiyAjFGquybBjyjmDBPGGTrFftE_VMVzEdmNtwaEpcT1DMz3LwoV9saLB4dUttgQXzSoCIY2CZt7bSEz-0ZsaYd02SH9gdT-Mc1MbxU-Q"
            },
            "id": "airflow/airflow-worker-secret",
            "immutable": false,
            "metadata": [
              {
                "annotations": {
                  "kubernetes.io/service-account.name": "airflow-worker",
                  "kubernetes.io/service-account.namespace": "airflow"
                },
                "generate_name": "",
                "generation": 0,
                "labels": {},
                "name": "airflow-worker-secret",
                "namespace": "airflow",
                "resource_version": "798",
                "uid": "34a7e823-66e0-4ad8-956f-b8d53781494d"
              }
            ],
            "timeouts": null,
            "type": "kubernetes.io/service-account-token",
            "wait_for_service_account_token": true
          },
          "sensitive_attributes": [],
          "private": "eyJlMmJmYjczMC1lY2FhLTExZTYtOGY4OC0zNDM2M2JjN2M0YzAiOnsiY3JlYXRlIjo2MDAwMDAwMDAwMH19",
          "dependencies": [
            "data.aws_availability_zones.available",
            "data.aws_eks_cluster_auth.this",
            "kubernetes_namespace_v1.airflow",
            "kubernetes_service_account_v1.airflow_worker",
            "module.airflow_irsa_worker.aws_iam_role.this",
            "module.airflow_irsa_worker.data.aws_caller_identity.current",
            "module.airflow_irsa_worker.data.aws_iam_policy_document.assume",
            "module.airflow_irsa_worker.data.aws_partition.current",
            "module.eks.aws_cloudwatch_log_group.this",
            "module.eks.aws_eks_cluster.this",
            "module.eks.aws_iam_openid_connect_provider.oidc_provider",
            "module.eks.aws_iam_policy.cni_ipv6_policy",
            "module.eks.aws_iam_role.this",
            "module.eks.aws_iam_role_policy_attachment.this",
            "module.eks.aws_security_group.cluster",
            "module.eks.aws_security_group.node",
            "module.eks.aws_security_group_rule.cluster",
            "module.eks.aws_security_group_rule.node",
            "module.eks.data.aws_caller_identity.current",
            "module.eks.data.aws_iam_policy_document.assume_role_policy",
            "module.eks.data.aws_iam_policy_document.cni_ipv6_policy",
            "module.eks.data.aws_iam_session_context.current",
            "module.eks.data.aws_partition.current",
            "module.eks.data.tls_certificate.this",
            "module.eks.module.kms.aws_kms_external_key.this",
            "module.eks.module.kms.aws_kms_key.this",
            "module.eks.module.kms.aws_kms_replica_external_key.this",
            "module.eks.module.kms.aws_kms_replica_key.this",
            "module.eks.module.kms.data.aws_caller_identity.current",
            "module.eks.module.kms.data.aws_iam_policy_document.this",
            "module.eks.module.kms.data.aws_partition.current",
            "module.vpc.aws_subnet.private",
            "module.vpc.aws_vpc.this",
            "module.vpc.aws_vpc_ipv4_cidr_block_association.this"
          ]
        }
      ]
    },
    {
      "mode": "managed",
      "type": "random_id",
      "name": "airflow_webserver",
      "provider": "provider[\"registry.terraform.io/hashicorp/random\"]",
      "instances": [
        {
          "index_key": 0,
          "schema_version": 0,
          "attributes": {
            "b64_std": "7j+HR+zAHyiLvQ7TUCD66Q==",
            "b64_url": "7j-HR-zAHyiLvQ7TUCD66Q",
            "byte_length": 16,
            "dec": "316686121522664426596482101206598089449",
            "hex": "ee3f8747ecc01f288bbd0ed35020fae9",
            "id": "7j-HR-zAHyiLvQ7TUCD66Q",
            "keepers": null,
            "prefix": null
          },
          "sensitive_attributes": []
        }
      ]
    },
    {
      "mode": "managed",
      "type": "random_password",
      "name": "grafana",
      "provider": "provider[\"registry.terraform.io/hashicorp/random\"]",
      "instances": [
        {
          "schema_version": 3,
          "attributes": {
            "bcrypt_hash": "$2a$10$ue2fpqyfHzXhjh.fTBJd1u6hca6zU8CVKfHBYhUTLTueir7r7JOnS",
            "id": "none",
            "keepers": null,
            "length": 16,
            "lower": true,
            "min_lower": 0,
            "min_numeric": 0,
            "min_special": 0,
            "min_upper": 0,
            "number": true,
            "numeric": true,
            "override_special": "@_",
            "result": "Yn4YGhg0N4VL_QTB",
            "special": true,
            "upper": true
          },
          "sensitive_attributes": []
        }
      ]
    },
    {
      "mode": "managed",
      "type": "random_password",
      "name": "postgres",
      "provider": "provider[\"registry.terraform.io/hashicorp/random\"]",
      "instances": [
        {
          "index_key": 0,
          "schema_version": 3,
          "attributes": {
            "bcrypt_hash": "$2a$10$T.9VaDOGSHegiZqMcpnpFuqT9u/sV8HlKaBwGn0qz.74pYo06dHHC",
            "id": "none",
            "keepers": null,
            "length": 16,
            "lower": true,
            "min_lower": 0,
            "min_numeric": 0,
            "min_special": 0,
            "min_upper": 0,
            "number": true,
            "numeric": true,
            "override_special": null,
            "result": "bMMbLiF94QwUGnxZ",
            "special": false,
            "upper": true
          },
          "sensitive_attributes": []
        }
      ]
    },
    {
      "module": "module.airflow_irsa_scheduler[0]",
      "mode": "data",
      "type": "aws_caller_identity",
      "name": "current",
      "provider": "provider[\"registry.terraform.io/hashicorp/aws\"]",
      "instances": [
        {
          "index_key": 0,
          "schema_version": 0,
          "attributes": {
            "account_id": "954503069243",
            "arn": "arn:aws:iam::954503069243:user/viswanath.chereddy@minfytech.com",
            "id": "954503069243",
            "user_id": "AIDA54PGQ7Y5SPO6VKAID"
          },
          "sensitive_attributes": []
        }
      ]
    },
    {
      "module": "module.airflow_irsa_scheduler[0]",
      "mode": "data",
      "type": "aws_iam_policy_document",
      "name": "assume",
      "provider": "provider[\"registry.terraform.io/hashicorp/aws\"]",
      "instances": [
        {
          "index_key": 0,
          "schema_version": 0,
          "attributes": {
            "id": "2683596338",
            "json": "{\n  \"Version\": \"2012-10-17\",\n  \"Statement\": [\n    {\n      \"Effect\": \"Allow\",\n      \"Action\": \"sts:AssumeRoleWithWebIdentity\",\n      \"Principal\": {\n        \"Federated\": \"arn:aws:iam::954503069243:oidc-provider/oidc.eks.us-west-2.amazonaws.com/id/F06756A5798FF1E1CABBA6BC91FE6C2B\"\n      },\n      \"Condition\": {\n        \"StringEquals\": {\n          \"oidc.eks.us-west-2.amazonaws.com/id/F06756A5798FF1E1CABBA6BC91FE6C2B:aud\": \"sts.amazonaws.com\",\n          \"oidc.eks.us-west-2.amazonaws.com/id/F06756A5798FF1E1CABBA6BC91FE6C2B:sub\": \"system:serviceaccount:airflow:airflow-scheduler\"\n        }\n      }\n    }\n  ]\n}",
            "override_json": null,
            "override_policy_documents": null,
            "policy_id": null,
            "source_json": null,
            "source_policy_documents": null,
            "statement": [
              {
                "actions": [
                  "sts:AssumeRoleWithWebIdentity"
                ],
                "condition": [
                  {
                    "test": "StringEquals",
                    "values": [
                      "sts.amazonaws.com"
                    ],
                    "variable": "oidc.eks.us-west-2.amazonaws.com/id/F06756A5798FF1E1CABBA6BC91FE6C2B:aud"
                  },
                  {
                    "test": "StringEquals",
                    "values": [
                      "system:serviceaccount:airflow:airflow-scheduler"
                    ],
                    "variable": "oidc.eks.us-west-2.amazonaws.com/id/F06756A5798FF1E1CABBA6BC91FE6C2B:sub"
                  }
                ],
                "effect": "Allow",
                "not_actions": [],
                "not_principals": [],
                "not_resources": [],
                "principals": [
                  {
                    "identifiers": [
                      "arn:aws:iam::954503069243:oidc-provider/oidc.eks.us-west-2.amazonaws.com/id/F06756A5798FF1E1CABBA6BC91FE6C2B"
                    ],
                    "type": "Federated"
                  }
                ],
                "resources": [],
                "sid": ""
              }
            ],
            "version": "2012-10-17"
          },
          "sensitive_attributes": []
        }
      ]
    },
    {
      "module": "module.airflow_irsa_scheduler[0]",
      "mode": "data",
      "type": "aws_partition",
      "name": "current",
      "provider": "provider[\"registry.terraform.io/hashicorp/aws\"]",
      "instances": [
        {
          "index_key": 0,
          "schema_version": 0,
          "attributes": {
            "dns_suffix": "amazonaws.com",
            "id": "aws",
            "partition": "aws",
            "reverse_dns_prefix": "com.amazonaws"
          },
          "sensitive_attributes": []
        }
      ]
    },
    {
      "module": "module.airflow_irsa_scheduler[0]",
      "mode": "managed",
      "type": "aws_iam_role",
      "name": "this",
      "provider": "provider[\"registry.terraform.io/hashicorp/aws\"]",
      "instances": [
        {
          "index_key": 0,
          "schema_version": 0,
          "attributes": {
            "arn": "arn:aws:iam::954503069243:role/airflow-scheduler-20240319151446457400000030",
            "assume_role_policy": "{\"Statement\":[{\"Action\":\"sts:AssumeRoleWithWebIdentity\",\"Condition\":{\"StringEquals\":{\"oidc.eks.us-west-2.amazonaws.com/id/F06756A5798FF1E1CABBA6BC91FE6C2B:aud\":\"sts.amazonaws.com\",\"oidc.eks.us-west-2.amazonaws.com/id/F06756A5798FF1E1CABBA6BC91FE6C2B:sub\":\"system:serviceaccount:airflow:airflow-scheduler\"}},\"Effect\":\"Allow\",\"Principal\":{\"Federated\":\"arn:aws:iam::954503069243:oidc-provider/oidc.eks.us-west-2.amazonaws.com/id/F06756A5798FF1E1CABBA6BC91FE6C2B\"}}],\"Version\":\"2012-10-17\"}",
            "create_date": "2024-03-19T15:14:46Z",
            "description": "",
            "force_detach_policies": true,
            "id": "airflow-scheduler-20240319151446457400000030",
            "inline_policy": [],
            "managed_policy_arns": [
              "arn:aws:iam::954503069243:policy/airflow-scheduler20240319150645818500000014"
            ],
            "max_session_duration": 3600,
            "name": "airflow-scheduler-20240319151446457400000030",
            "name_prefix": "airflow-scheduler-",
            "path": "/",
            "permissions_boundary": "",
            "tags": {},
            "tags_all": {},
            "unique_id": "AROA54PGQ7Y5R35BDRE53"
          },
          "sensitive_attributes": [],
          "private": "bnVsbA==",
          "dependencies": [
            "data.aws_availability_zones.available",
            "data.aws_eks_cluster_auth.this",
            "kubernetes_namespace_v1.airflow",
            "module.airflow_irsa_scheduler.data.aws_caller_identity.current",
            "module.airflow_irsa_scheduler.data.aws_iam_policy_document.assume",
            "module.airflow_irsa_scheduler.data.aws_partition.current",
            "module.eks.aws_cloudwatch_log_group.this",
            "module.eks.aws_eks_cluster.this",
            "module.eks.aws_iam_openid_connect_provider.oidc_provider",
            "module.eks.aws_iam_policy.cni_ipv6_policy",
            "module.eks.aws_iam_role.this",
            "module.eks.aws_iam_role_policy_attachment.this",
            "module.eks.aws_security_group.cluster",
            "module.eks.aws_security_group.node",
            "module.eks.aws_security_group_rule.cluster",
            "module.eks.aws_security_group_rule.node",
            "module.eks.data.aws_caller_identity.current",
            "module.eks.data.aws_iam_policy_document.assume_role_policy",
            "module.eks.data.aws_iam_policy_document.cni_ipv6_policy",
            "module.eks.data.aws_iam_session_context.current",
            "module.eks.data.aws_partition.current",
            "module.eks.data.tls_certificate.this",
            "module.eks.module.kms.aws_kms_external_key.this",
            "module.eks.module.kms.aws_kms_key.this",
            "module.eks.module.kms.aws_kms_replica_external_key.this",
            "module.eks.module.kms.aws_kms_replica_key.this",
            "module.eks.module.kms.data.aws_caller_identity.current",
            "module.eks.module.kms.data.aws_iam_policy_document.this",
            "module.eks.module.kms.data.aws_partition.current",
            "module.vpc.aws_subnet.private",
            "module.vpc.aws_vpc.this",
            "module.vpc.aws_vpc_ipv4_cidr_block_association.this"
          ]
        }
      ]
    },
    {
      "module": "module.airflow_irsa_scheduler[0]",
      "mode": "managed",
      "type": "aws_iam_role_policy_attachment",
      "name": "additional",
      "provider": "provider[\"registry.terraform.io/hashicorp/aws\"]",
      "instances": [
        {
          "index_key": "AirflowScheduler",
          "schema_version": 0,
          "attributes": {
            "id": "airflow-scheduler-20240319151446457400000030-20240319151447740500000035",
            "policy_arn": "arn:aws:iam::954503069243:policy/airflow-scheduler20240319150645818500000014",
            "role": "airflow-scheduler-20240319151446457400000030"
          },
          "sensitive_attributes": [],
          "private": "bnVsbA==",
          "dependencies": [
            "aws_iam_policy.airflow_scheduler",
            "data.aws_availability_zones.available",
            "data.aws_eks_cluster_auth.this",
            "data.aws_iam_policy_document.airflow_s3_logs",
            "data.aws_partition.current",
            "kubernetes_namespace_v1.airflow",
            "module.airflow_irsa_scheduler.aws_iam_role.this",
            "module.airflow_irsa_scheduler.data.aws_caller_identity.current",
            "module.airflow_irsa_scheduler.data.aws_iam_policy_document.assume",
            "module.airflow_irsa_scheduler.data.aws_partition.current",
            "module.airflow_s3_bucket.aws_s3_bucket.this",
            "module.airflow_s3_bucket.aws_s3_bucket_policy.this",
            "module.airflow_s3_bucket.aws_s3_bucket_public_access_block.this",
            "module.airflow_s3_bucket.data.aws_caller_identity.current",
            "module.airflow_s3_bucket.data.aws_iam_policy_document.access_log_delivery",
            "module.airflow_s3_bucket.data.aws_iam_policy_document.combined",
            "module.airflow_s3_bucket.data.aws_iam_policy_document.deny_incorrect_encryption_headers",
            "module.airflow_s3_bucket.data.aws_iam_policy_document.deny_incorrect_kms_key_sse",
            "module.airflow_s3_bucket.data.aws_iam_policy_document.deny_insecure_transport",
            "module.airflow_s3_bucket.data.aws_iam_policy_document.deny_unencrypted_object_uploads",
            "module.airflow_s3_bucket.data.aws_iam_policy_document.elb_log_delivery",
            "module.airflow_s3_bucket.data.aws_iam_policy_document.inventory_and_analytics_destination_policy",
            "module.airflow_s3_bucket.data.aws_iam_policy_document.lb_log_delivery",
            "module.airflow_s3_bucket.data.aws_iam_policy_document.require_latest_tls",
            "module.airflow_s3_bucket.data.aws_partition.current",
            "module.airflow_s3_bucket.data.aws_region.current",
            "module.eks.aws_cloudwatch_log_group.this",
            "module.eks.aws_eks_cluster.this",
            "module.eks.aws_iam_openid_connect_provider.oidc_provider",
            "module.eks.aws_iam_policy.cni_ipv6_policy",
            "module.eks.aws_iam_role.this",
            "module.eks.aws_iam_role_policy_attachment.this",
            "module.eks.aws_security_group.cluster",
            "module.eks.aws_security_group.node",
            "module.eks.aws_security_group_rule.cluster",
            "module.eks.aws_security_group_rule.node",
            "module.eks.data.aws_caller_identity.current",
            "module.eks.data.aws_iam_policy_document.assume_role_policy",
            "module.eks.data.aws_iam_policy_document.cni_ipv6_policy",
            "module.eks.data.aws_iam_session_context.current",
            "module.eks.data.aws_partition.current",
            "module.eks.data.tls_certificate.this",
            "module.eks.module.kms.aws_kms_external_key.this",
            "module.eks.module.kms.aws_kms_key.this",
            "module.eks.module.kms.aws_kms_replica_external_key.this",
            "module.eks.module.kms.aws_kms_replica_key.this",
            "module.eks.module.kms.data.aws_caller_identity.current",
            "module.eks.module.kms.data.aws_iam_policy_document.this",
            "module.eks.module.kms.data.aws_partition.current",
            "module.vpc.aws_subnet.private",
            "module.vpc.aws_vpc.this",
            "module.vpc.aws_vpc_ipv4_cidr_block_association.this"
          ]
        }
      ]
    },
    {
      "module": "module.airflow_irsa_webserver[0]",
      "mode": "data",
      "type": "aws_caller_identity",
      "name": "current",
      "provider": "provider[\"registry.terraform.io/hashicorp/aws\"]",
      "instances": [
        {
          "index_key": 0,
          "schema_version": 0,
          "attributes": {
            "account_id": "954503069243",
            "arn": "arn:aws:iam::954503069243:user/viswanath.chereddy@minfytech.com",
            "id": "954503069243",
            "user_id": "AIDA54PGQ7Y5SPO6VKAID"
          },
          "sensitive_attributes": []
        }
      ]
    },
    {
      "module": "module.airflow_irsa_webserver[0]",
      "mode": "data",
      "type": "aws_iam_policy_document",
      "name": "assume",
      "provider": "provider[\"registry.terraform.io/hashicorp/aws\"]",
      "instances": [
        {
          "index_key": 0,
          "schema_version": 0,
          "attributes": {
            "id": "2535832100",
            "json": "{\n  \"Version\": \"2012-10-17\",\n  \"Statement\": [\n    {\n      \"Effect\": \"Allow\",\n      \"Action\": \"sts:AssumeRoleWithWebIdentity\",\n      \"Principal\": {\n        \"Federated\": \"arn:aws:iam::954503069243:oidc-provider/oidc.eks.us-west-2.amazonaws.com/id/F06756A5798FF1E1CABBA6BC91FE6C2B\"\n      },\n      \"Condition\": {\n        \"StringEquals\": {\n          \"oidc.eks.us-west-2.amazonaws.com/id/F06756A5798FF1E1CABBA6BC91FE6C2B:aud\": \"sts.amazonaws.com\",\n          \"oidc.eks.us-west-2.amazonaws.com/id/F06756A5798FF1E1CABBA6BC91FE6C2B:sub\": \"system:serviceaccount:airflow:airflow-webserver\"\n        }\n      }\n    }\n  ]\n}",
            "override_json": null,
            "override_policy_documents": null,
            "policy_id": null,
            "source_json": null,
            "source_policy_documents": null,
            "statement": [
              {
                "actions": [
                  "sts:AssumeRoleWithWebIdentity"
                ],
                "condition": [
                  {
                    "test": "StringEquals",
                    "values": [
                      "sts.amazonaws.com"
                    ],
                    "variable": "oidc.eks.us-west-2.amazonaws.com/id/F06756A5798FF1E1CABBA6BC91FE6C2B:aud"
                  },
                  {
                    "test": "StringEquals",
                    "values": [
                      "system:serviceaccount:airflow:airflow-webserver"
                    ],
                    "variable": "oidc.eks.us-west-2.amazonaws.com/id/F06756A5798FF1E1CABBA6BC91FE6C2B:sub"
                  }
                ],
                "effect": "Allow",
                "not_actions": [],
                "not_principals": [],
                "not_resources": [],
                "principals": [
                  {
                    "identifiers": [
                      "arn:aws:iam::954503069243:oidc-provider/oidc.eks.us-west-2.amazonaws.com/id/F06756A5798FF1E1CABBA6BC91FE6C2B"
                    ],
                    "type": "Federated"
                  }
                ],
                "resources": [],
                "sid": ""
              }
            ],
            "version": "2012-10-17"
          },
          "sensitive_attributes": []
        }
      ]
    },
    {
      "module": "module.airflow_irsa_webserver[0]",
      "mode": "data",
      "type": "aws_partition",
      "name": "current",
      "provider": "provider[\"registry.terraform.io/hashicorp/aws\"]",
      "instances": [
        {
          "index_key": 0,
          "schema_version": 0,
          "attributes": {
            "dns_suffix": "amazonaws.com",
            "id": "aws",
            "partition": "aws",
            "reverse_dns_prefix": "com.amazonaws"
          },
          "sensitive_attributes": []
        }
      ]
    },
    {
      "module": "module.airflow_irsa_webserver[0]",
      "mode": "managed",
      "type": "aws_iam_role",
      "name": "this",
      "provider": "provider[\"registry.terraform.io/hashicorp/aws\"]",
      "instances": [
        {
          "index_key": 0,
          "schema_version": 0,
          "attributes": {
            "arn": "arn:aws:iam::954503069243:role/airflow-webserver-20240319151447231500000034",
            "assume_role_policy": "{\"Statement\":[{\"Action\":\"sts:AssumeRoleWithWebIdentity\",\"Condition\":{\"StringEquals\":{\"oidc.eks.us-west-2.amazonaws.com/id/F06756A5798FF1E1CABBA6BC91FE6C2B:aud\":\"sts.amazonaws.com\",\"oidc.eks.us-west-2.amazonaws.com/id/F06756A5798FF1E1CABBA6BC91FE6C2B:sub\":\"system:serviceaccount:airflow:airflow-webserver\"}},\"Effect\":\"Allow\",\"Principal\":{\"Federated\":\"arn:aws:iam::954503069243:oidc-provider/oidc.eks.us-west-2.amazonaws.com/id/F06756A5798FF1E1CABBA6BC91FE6C2B\"}}],\"Version\":\"2012-10-17\"}",
            "create_date": "2024-03-19T15:14:47Z",
            "description": "",
            "force_detach_policies": true,
            "id": "airflow-webserver-20240319151447231500000034",
            "inline_policy": [],
            "managed_policy_arns": [
              "arn:aws:iam::954503069243:policy/airflow-webserver20240319150645820400000015"
            ],
            "max_session_duration": 3600,
            "name": "airflow-webserver-20240319151447231500000034",
            "name_prefix": "airflow-webserver-",
            "path": "/",
            "permissions_boundary": "",
            "tags": {
              "Blueprint": "self-managed-airflow",
              "GithubRepo": "github.com/awslabs/data-on-eks"
            },
            "tags_all": {
              "Blueprint": "self-managed-airflow",
              "GithubRepo": "github.com/awslabs/data-on-eks"
            },
            "unique_id": "AROA54PGQ7Y55AIWIPJC2"
          },
          "sensitive_attributes": [],
          "private": "bnVsbA==",
          "dependencies": [
            "data.aws_availability_zones.available",
            "data.aws_eks_cluster_auth.this",
            "kubernetes_namespace_v1.airflow",
            "module.airflow_irsa_webserver.data.aws_caller_identity.current",
            "module.airflow_irsa_webserver.data.aws_iam_policy_document.assume",
            "module.airflow_irsa_webserver.data.aws_partition.current",
            "module.eks.aws_cloudwatch_log_group.this",
            "module.eks.aws_eks_cluster.this",
            "module.eks.aws_iam_openid_connect_provider.oidc_provider",
            "module.eks.aws_iam_policy.cni_ipv6_policy",
            "module.eks.aws_iam_role.this",
            "module.eks.aws_iam_role_policy_attachment.this",
            "module.eks.aws_security_group.cluster",
            "module.eks.aws_security_group.node",
            "module.eks.aws_security_group_rule.cluster",
            "module.eks.aws_security_group_rule.node",
            "module.eks.data.aws_caller_identity.current",
            "module.eks.data.aws_iam_policy_document.assume_role_policy",
            "module.eks.data.aws_iam_policy_document.cni_ipv6_policy",
            "module.eks.data.aws_iam_session_context.current",
            "module.eks.data.aws_partition.current",
            "module.eks.data.tls_certificate.this",
            "module.eks.module.kms.aws_kms_external_key.this",
            "module.eks.module.kms.aws_kms_key.this",
            "module.eks.module.kms.aws_kms_replica_external_key.this",
            "module.eks.module.kms.aws_kms_replica_key.this",
            "module.eks.module.kms.data.aws_caller_identity.current",
            "module.eks.module.kms.data.aws_iam_policy_document.this",
            "module.eks.module.kms.data.aws_partition.current",
            "module.vpc.aws_subnet.private",
            "module.vpc.aws_vpc.this",
            "module.vpc.aws_vpc_ipv4_cidr_block_association.this"
          ]
        }
      ]
    },
    {
      "module": "module.airflow_irsa_webserver[0]",
      "mode": "managed",
      "type": "aws_iam_role_policy_attachment",
      "name": "additional",
      "provider": "provider[\"registry.terraform.io/hashicorp/aws\"]",
      "instances": [
        {
          "index_key": "AirflowWebserver",
          "schema_version": 0,
          "attributes": {
            "id": "airflow-webserver-20240319151447231500000034-20240319151448486400000039",
            "policy_arn": "arn:aws:iam::954503069243:policy/airflow-webserver20240319150645820400000015",
            "role": "airflow-webserver-20240319151447231500000034"
          },
          "sensitive_attributes": [],
          "private": "bnVsbA==",
          "dependencies": [
            "aws_iam_policy.airflow_webserver",
            "data.aws_availability_zones.available",
            "data.aws_eks_cluster_auth.this",
            "data.aws_iam_policy_document.airflow_s3_logs",
            "data.aws_partition.current",
            "kubernetes_namespace_v1.airflow",
            "module.airflow_irsa_webserver.aws_iam_role.this",
            "module.airflow_irsa_webserver.data.aws_caller_identity.current",
            "module.airflow_irsa_webserver.data.aws_iam_policy_document.assume",
            "module.airflow_irsa_webserver.data.aws_partition.current",
            "module.airflow_s3_bucket.aws_s3_bucket.this",
            "module.airflow_s3_bucket.aws_s3_bucket_policy.this",
            "module.airflow_s3_bucket.aws_s3_bucket_public_access_block.this",
            "module.airflow_s3_bucket.data.aws_caller_identity.current",
            "module.airflow_s3_bucket.data.aws_iam_policy_document.access_log_delivery",
            "module.airflow_s3_bucket.data.aws_iam_policy_document.combined",
            "module.airflow_s3_bucket.data.aws_iam_policy_document.deny_incorrect_encryption_headers",
            "module.airflow_s3_bucket.data.aws_iam_policy_document.deny_incorrect_kms_key_sse",
            "module.airflow_s3_bucket.data.aws_iam_policy_document.deny_insecure_transport",
            "module.airflow_s3_bucket.data.aws_iam_policy_document.deny_unencrypted_object_uploads",
            "module.airflow_s3_bucket.data.aws_iam_policy_document.elb_log_delivery",
            "module.airflow_s3_bucket.data.aws_iam_policy_document.inventory_and_analytics_destination_policy",
            "module.airflow_s3_bucket.data.aws_iam_policy_document.lb_log_delivery",
            "module.airflow_s3_bucket.data.aws_iam_policy_document.require_latest_tls",
            "module.airflow_s3_bucket.data.aws_partition.current",
            "module.airflow_s3_bucket.data.aws_region.current",
            "module.eks.aws_cloudwatch_log_group.this",
            "module.eks.aws_eks_cluster.this",
            "module.eks.aws_iam_openid_connect_provider.oidc_provider",
            "module.eks.aws_iam_policy.cni_ipv6_policy",
            "module.eks.aws_iam_role.this",
            "module.eks.aws_iam_role_policy_attachment.this",
            "module.eks.aws_security_group.cluster",
            "module.eks.aws_security_group.node",
            "module.eks.aws_security_group_rule.cluster",
            "module.eks.aws_security_group_rule.node",
            "module.eks.data.aws_caller_identity.current",
            "module.eks.data.aws_iam_policy_document.assume_role_policy",
            "module.eks.data.aws_iam_policy_document.cni_ipv6_policy",
            "module.eks.data.aws_iam_session_context.current",
            "module.eks.data.aws_partition.current",
            "module.eks.data.tls_certificate.this",
            "module.eks.module.kms.aws_kms_external_key.this",
            "module.eks.module.kms.aws_kms_key.this",
            "module.eks.module.kms.aws_kms_replica_external_key.this",
            "module.eks.module.kms.aws_kms_replica_key.this",
            "module.eks.module.kms.data.aws_caller_identity.current",
            "module.eks.module.kms.data.aws_iam_policy_document.this",
            "module.eks.module.kms.data.aws_partition.current",
            "module.vpc.aws_subnet.private",
            "module.vpc.aws_vpc.this",
            "module.vpc.aws_vpc_ipv4_cidr_block_association.this"
          ]
        }
      ]
    },
    {
      "module": "module.airflow_irsa_worker[0]",
      "mode": "data",
      "type": "aws_caller_identity",
      "name": "current",
      "provider": "provider[\"registry.terraform.io/hashicorp/aws\"]",
      "instances": [
        {
          "index_key": 0,
          "schema_version": 0,
          "attributes": {
            "account_id": "954503069243",
            "arn": "arn:aws:iam::954503069243:user/viswanath.chereddy@minfytech.com",
            "id": "954503069243",
            "user_id": "AIDA54PGQ7Y5SPO6VKAID"
          },
          "sensitive_attributes": []
        }
      ]
    },
    {
      "module": "module.airflow_irsa_worker[0]",
      "mode": "data",
      "type": "aws_iam_policy_document",
      "name": "assume",
      "provider": "provider[\"registry.terraform.io/hashicorp/aws\"]",
      "instances": [
        {
          "index_key": 0,
          "schema_version": 0,
          "attributes": {
            "id": "1492910538",
            "json": "{\n  \"Version\": \"2012-10-17\",\n  \"Statement\": [\n    {\n      \"Effect\": \"Allow\",\n      \"Action\": \"sts:AssumeRoleWithWebIdentity\",\n      \"Principal\": {\n        \"Federated\": \"arn:aws:iam::954503069243:oidc-provider/oidc.eks.us-west-2.amazonaws.com/id/F06756A5798FF1E1CABBA6BC91FE6C2B\"\n      },\n      \"Condition\": {\n        \"StringEquals\": {\n          \"oidc.eks.us-west-2.amazonaws.com/id/F06756A5798FF1E1CABBA6BC91FE6C2B:aud\": \"sts.amazonaws.com\",\n          \"oidc.eks.us-west-2.amazonaws.com/id/F06756A5798FF1E1CABBA6BC91FE6C2B:sub\": \"system:serviceaccount:airflow:airflow-worker\"\n        }\n      }\n    }\n  ]\n}",
            "override_json": null,
            "override_policy_documents": null,
            "policy_id": null,
            "source_json": null,
            "source_policy_documents": null,
            "statement": [
              {
                "actions": [
                  "sts:AssumeRoleWithWebIdentity"
                ],
                "condition": [
                  {
                    "test": "StringEquals",
                    "values": [
                      "sts.amazonaws.com"
                    ],
                    "variable": "oidc.eks.us-west-2.amazonaws.com/id/F06756A5798FF1E1CABBA6BC91FE6C2B:aud"
                  },
                  {
                    "test": "StringEquals",
                    "values": [
                      "system:serviceaccount:airflow:airflow-worker"
                    ],
                    "variable": "oidc.eks.us-west-2.amazonaws.com/id/F06756A5798FF1E1CABBA6BC91FE6C2B:sub"
                  }
                ],
                "effect": "Allow",
                "not_actions": [],
                "not_principals": [],
                "not_resources": [],
                "principals": [
                  {
                    "identifiers": [
                      "arn:aws:iam::954503069243:oidc-provider/oidc.eks.us-west-2.amazonaws.com/id/F06756A5798FF1E1CABBA6BC91FE6C2B"
                    ],
                    "type": "Federated"
                  }
                ],
                "resources": [],
                "sid": ""
              }
            ],
            "version": "2012-10-17"
          },
          "sensitive_attributes": []
        }
      ]
    },
    {
      "module": "module.airflow_irsa_worker[0]",
      "mode": "data",
      "type": "aws_partition",
      "name": "current",
      "provider": "provider[\"registry.terraform.io/hashicorp/aws\"]",
      "instances": [
        {
          "index_key": 0,
          "schema_version": 0,
          "attributes": {
            "dns_suffix": "amazonaws.com",
            "id": "aws",
            "partition": "aws",
            "reverse_dns_prefix": "com.amazonaws"
          },
          "sensitive_attributes": []
        }
      ]
    },
    {
      "module": "module.airflow_irsa_worker[0]",
      "mode": "managed",
      "type": "aws_iam_role",
      "name": "this",
      "provider": "provider[\"registry.terraform.io/hashicorp/aws\"]",
      "instances": [
        {
          "index_key": 0,
          "schema_version": 0,
          "attributes": {
            "arn": "arn:aws:iam::954503069243:role/airflow-worker-20240319151447098900000033",
            "assume_role_policy": "{\"Statement\":[{\"Action\":\"sts:AssumeRoleWithWebIdentity\",\"Condition\":{\"StringEquals\":{\"oidc.eks.us-west-2.amazonaws.com/id/F06756A5798FF1E1CABBA6BC91FE6C2B:aud\":\"sts.amazonaws.com\",\"oidc.eks.us-west-2.amazonaws.com/id/F06756A5798FF1E1CABBA6BC91FE6C2B:sub\":\"system:serviceaccount:airflow:airflow-worker\"}},\"Effect\":\"Allow\",\"Principal\":{\"Federated\":\"arn:aws:iam::954503069243:oidc-provider/oidc.eks.us-west-2.amazonaws.com/id/F06756A5798FF1E1CABBA6BC91FE6C2B\"}}],\"Version\":\"2012-10-17\"}",
            "create_date": "2024-03-19T15:14:47Z",
            "description": "",
            "force_detach_policies": true,
            "id": "airflow-worker-20240319151447098900000033",
            "inline_policy": [],
            "managed_policy_arns": [
              "arn:aws:iam::954503069243:policy/airflow-worker20240319150645817100000013"
            ],
            "max_session_duration": 3600,
            "name": "airflow-worker-20240319151447098900000033",
            "name_prefix": "airflow-worker-",
            "path": "/",
            "permissions_boundary": "",
            "tags": {
              "Blueprint": "self-managed-airflow",
              "GithubRepo": "github.com/awslabs/data-on-eks"
            },
            "tags_all": {
              "Blueprint": "self-managed-airflow",
              "GithubRepo": "github.com/awslabs/data-on-eks"
            },
            "unique_id": "AROA54PGQ7Y555SXFBXWN"
          },
          "sensitive_attributes": [],
          "private": "bnVsbA==",
          "dependencies": [
            "data.aws_availability_zones.available",
            "data.aws_eks_cluster_auth.this",
            "kubernetes_namespace_v1.airflow",
            "module.airflow_irsa_worker.data.aws_caller_identity.current",
            "module.airflow_irsa_worker.data.aws_iam_policy_document.assume",
            "module.airflow_irsa_worker.data.aws_partition.current",
            "module.eks.aws_cloudwatch_log_group.this",
            "module.eks.aws_eks_cluster.this",
            "module.eks.aws_iam_openid_connect_provider.oidc_provider",
            "module.eks.aws_iam_policy.cni_ipv6_policy",
            "module.eks.aws_iam_role.this",
            "module.eks.aws_iam_role_policy_attachment.this",
            "module.eks.aws_security_group.cluster",
            "module.eks.aws_security_group.node",
            "module.eks.aws_security_group_rule.cluster",
            "module.eks.aws_security_group_rule.node",
            "module.eks.data.aws_caller_identity.current",
            "module.eks.data.aws_iam_policy_document.assume_role_policy",
            "module.eks.data.aws_iam_policy_document.cni_ipv6_policy",
            "module.eks.data.aws_iam_session_context.current",
            "module.eks.data.aws_partition.current",
            "module.eks.data.tls_certificate.this",
            "module.eks.module.kms.aws_kms_external_key.this",
            "module.eks.module.kms.aws_kms_key.this",
            "module.eks.module.kms.aws_kms_replica_external_key.this",
            "module.eks.module.kms.aws_kms_replica_key.this",
            "module.eks.module.kms.data.aws_caller_identity.current",
            "module.eks.module.kms.data.aws_iam_policy_document.this",
            "module.eks.module.kms.data.aws_partition.current",
            "module.vpc.aws_subnet.private",
            "module.vpc.aws_vpc.this",
            "module.vpc.aws_vpc_ipv4_cidr_block_association.this"
          ]
        }
      ]
    },
    {
      "module": "module.airflow_irsa_worker[0]",
      "mode": "managed",
      "type": "aws_iam_role_policy_attachment",
      "name": "additional",
      "provider": "provider[\"registry.terraform.io/hashicorp/aws\"]",
      "instances": [
        {
          "index_key": "AirflowWorker",
          "schema_version": 0,
          "attributes": {
            "id": "airflow-worker-20240319151447098900000033-20240319151448438600000038",
            "policy_arn": "arn:aws:iam::954503069243:policy/airflow-worker20240319150645817100000013",
            "role": "airflow-worker-20240319151447098900000033"
          },
          "sensitive_attributes": [],
          "private": "bnVsbA==",
          "dependencies": [
            "aws_iam_policy.airflow_worker",
            "data.aws_availability_zones.available",
            "data.aws_eks_cluster_auth.this",
            "data.aws_iam_policy_document.airflow_s3_logs",
            "data.aws_partition.current",
            "kubernetes_namespace_v1.airflow",
            "module.airflow_irsa_worker.aws_iam_role.this",
            "module.airflow_irsa_worker.data.aws_caller_identity.current",
            "module.airflow_irsa_worker.data.aws_iam_policy_document.assume",
            "module.airflow_irsa_worker.data.aws_partition.current",
            "module.airflow_s3_bucket.aws_s3_bucket.this",
            "module.airflow_s3_bucket.aws_s3_bucket_policy.this",
            "module.airflow_s3_bucket.aws_s3_bucket_public_access_block.this",
            "module.airflow_s3_bucket.data.aws_caller_identity.current",
            "module.airflow_s3_bucket.data.aws_iam_policy_document.access_log_delivery",
            "module.airflow_s3_bucket.data.aws_iam_policy_document.combined",
            "module.airflow_s3_bucket.data.aws_iam_policy_document.deny_incorrect_encryption_headers",
            "module.airflow_s3_bucket.data.aws_iam_policy_document.deny_incorrect_kms_key_sse",
            "module.airflow_s3_bucket.data.aws_iam_policy_document.deny_insecure_transport",
            "module.airflow_s3_bucket.data.aws_iam_policy_document.deny_unencrypted_object_uploads",
            "module.airflow_s3_bucket.data.aws_iam_policy_document.elb_log_delivery",
            "module.airflow_s3_bucket.data.aws_iam_policy_document.inventory_and_analytics_destination_policy",
            "module.airflow_s3_bucket.data.aws_iam_policy_document.lb_log_delivery",
            "module.airflow_s3_bucket.data.aws_iam_policy_document.require_latest_tls",
            "module.airflow_s3_bucket.data.aws_partition.current",
            "module.airflow_s3_bucket.data.aws_region.current",
            "module.eks.aws_cloudwatch_log_group.this",
            "module.eks.aws_eks_cluster.this",
            "module.eks.aws_iam_openid_connect_provider.oidc_provider",
            "module.eks.aws_iam_policy.cni_ipv6_policy",
            "module.eks.aws_iam_role.this",
            "module.eks.aws_iam_role_policy_attachment.this",
            "module.eks.aws_security_group.cluster",
            "module.eks.aws_security_group.node",
            "module.eks.aws_security_group_rule.cluster",
            "module.eks.aws_security_group_rule.node",
            "module.eks.data.aws_caller_identity.current",
            "module.eks.data.aws_iam_policy_document.assume_role_policy",
            "module.eks.data.aws_iam_policy_document.cni_ipv6_policy",
            "module.eks.data.aws_iam_session_context.current",
            "module.eks.data.aws_partition.current",
            "module.eks.data.tls_certificate.this",
            "module.eks.module.kms.aws_kms_external_key.this",
            "module.eks.module.kms.aws_kms_key.this",
            "module.eks.module.kms.aws_kms_replica_external_key.this",
            "module.eks.module.kms.aws_kms_replica_key.this",
            "module.eks.module.kms.data.aws_caller_identity.current",
            "module.eks.module.kms.data.aws_iam_policy_document.this",
            "module.eks.module.kms.data.aws_partition.current",
            "module.vpc.aws_subnet.private",
            "module.vpc.aws_vpc.this",
            "module.vpc.aws_vpc_ipv4_cidr_block_association.this"
          ]
        }
      ]
    },
    {
      "module": "module.airflow_s3_bucket[0]",
      "mode": "data",
      "type": "aws_caller_identity",
      "name": "current",
      "provider": "provider[\"registry.terraform.io/hashicorp/aws\"]",
      "instances": [
        {
          "schema_version": 0,
          "attributes": {
            "account_id": "954503069243",
            "arn": "arn:aws:iam::954503069243:user/viswanath.chereddy@minfytech.com",
            "id": "954503069243",
            "user_id": "AIDA54PGQ7Y5SPO6VKAID"
          },
          "sensitive_attributes": []
        }
      ]
    },
    {
      "module": "module.airflow_s3_bucket[0]",
      "mode": "data",
      "type": "aws_partition",
      "name": "current",
      "provider": "provider[\"registry.terraform.io/hashicorp/aws\"]",
      "instances": [
        {
          "schema_version": 0,
          "attributes": {
            "dns_suffix": "amazonaws.com",
            "id": "aws",
            "partition": "aws",
            "reverse_dns_prefix": "com.amazonaws"
          },
          "sensitive_attributes": []
        }
      ]
    },
    {
      "module": "module.airflow_s3_bucket[0]",
      "mode": "data",
      "type": "aws_region",
      "name": "current",
      "provider": "provider[\"registry.terraform.io/hashicorp/aws\"]",
      "instances": [
        {
          "schema_version": 0,
          "attributes": {
            "description": "US West (Oregon)",
            "endpoint": "ec2.us-west-2.amazonaws.com",
            "id": "us-west-2",
            "name": "us-west-2"
          },
          "sensitive_attributes": []
        }
      ]
    },
    {
      "module": "module.airflow_s3_bucket[0]",
      "mode": "managed",
      "type": "aws_s3_bucket",
      "name": "this",
      "provider": "provider[\"registry.terraform.io/hashicorp/aws\"]",
      "instances": [
        {
          "index_key": 0,
          "schema_version": 0,
          "attributes": {
            "acceleration_status": "",
            "acl": null,
            "arn": "arn:aws:s3:::self-managed-airflow-logs-20240319150638829400000004",
            "bucket": "self-managed-airflow-logs-20240319150638829400000004",
            "bucket_domain_name": "self-managed-airflow-logs-20240319150638829400000004.s3.amazonaws.com",
            "bucket_prefix": "self-managed-airflow-logs-",
            "bucket_regional_domain_name": "self-managed-airflow-logs-20240319150638829400000004.s3.us-west-2.amazonaws.com",
            "cors_rule": [],
            "force_destroy": true,
            "grant": [
              {
                "id": "2eaefbdac53c07bc07513923f16f14085b165d39d51d46ddcd2cb42e5fe9913a",
                "permissions": [
                  "FULL_CONTROL"
                ],
                "type": "CanonicalUser",
                "uri": ""
              }
            ],
            "hosted_zone_id": "Z3BJ6K6RIION7M",
            "id": "self-managed-airflow-logs-20240319150638829400000004",
            "lifecycle_rule": [],
            "logging": [],
            "object_lock_configuration": [],
            "object_lock_enabled": false,
            "policy": "",
            "region": "us-west-2",
            "replication_configuration": [],
            "request_payer": "BucketOwner",
            "server_side_encryption_configuration": [
              {
                "rule": [
                  {
                    "apply_server_side_encryption_by_default": [
                      {
                        "kms_master_key_id": "",
                        "sse_algorithm": "AES256"
                      }
                    ],
                    "bucket_key_enabled": false
                  }
                ]
              }
            ],
            "tags": {
              "Blueprint": "self-managed-airflow",
              "GithubRepo": "github.com/awslabs/data-on-eks"
            },
            "tags_all": {
              "Blueprint": "self-managed-airflow",
              "GithubRepo": "github.com/awslabs/data-on-eks"
            },
            "timeouts": null,
            "versioning": [
              {
                "enabled": false,
                "mfa_delete": false
              }
            ],
            "website": [],
            "website_domain": null,
            "website_endpoint": null
          },
          "sensitive_attributes": [],
          "private": "eyJlMmJmYjczMC1lY2FhLTExZTYtOGY4OC0zNDM2M2JjN2M0YzAiOnsiY3JlYXRlIjoxMjAwMDAwMDAwMDAwLCJkZWxldGUiOjM2MDAwMDAwMDAwMDAsInJlYWQiOjEyMDAwMDAwMDAwMDAsInVwZGF0ZSI6MTIwMDAwMDAwMDAwMH19"
        }
      ]
    },
    {
      "module": "module.airflow_s3_bucket[0]",
      "mode": "managed",
      "type": "aws_s3_bucket_public_access_block",
      "name": "this",
      "provider": "provider[\"registry.terraform.io/hashicorp/aws\"]",
      "instances": [
        {
          "index_key": 0,
          "schema_version": 0,
          "attributes": {
            "block_public_acls": true,
            "block_public_policy": true,
            "bucket": "self-managed-airflow-logs-20240319150638829400000004",
            "id": "self-managed-airflow-logs-20240319150638829400000004",
            "ignore_public_acls": true,
            "restrict_public_buckets": true
          },
          "sensitive_attributes": [],
          "private": "bnVsbA==",
          "dependencies": [
            "module.airflow_s3_bucket.aws_s3_bucket.this"
          ]
        }
      ]
    },
    {
      "module": "module.airflow_s3_bucket[0]",
      "mode": "managed",
      "type": "aws_s3_bucket_server_side_encryption_configuration",
      "name": "this",
      "provider": "provider[\"registry.terraform.io/hashicorp/aws\"]",
      "instances": [
        {
          "index_key": 0,
          "schema_version": 0,
          "attributes": {
            "bucket": "self-managed-airflow-logs-20240319150638829400000004",
            "expected_bucket_owner": "",
            "id": "self-managed-airflow-logs-20240319150638829400000004",
            "rule": [
              {
                "apply_server_side_encryption_by_default": [
                  {
                    "kms_master_key_id": "",
                    "sse_algorithm": "AES256"
                  }
                ],
                "bucket_key_enabled": false
              }
            ]
          },
          "sensitive_attributes": [],
          "private": "bnVsbA==",
          "dependencies": [
            "module.airflow_s3_bucket.aws_s3_bucket.this"
          ]
        }
      ]
    },
    {
      "module": "module.amp_ingest_irsa[0]",
      "mode": "data",
      "type": "aws_caller_identity",
      "name": "current",
      "provider": "provider[\"registry.terraform.io/hashicorp/aws\"]",
      "instances": [
        {
          "index_key": 0,
          "schema_version": 0,
          "attributes": {
            "account_id": "954503069243",
            "arn": "arn:aws:iam::954503069243:user/viswanath.chereddy@minfytech.com",
            "id": "954503069243",
            "user_id": "AIDA54PGQ7Y5SPO6VKAID"
          },
          "sensitive_attributes": []
        }
      ]
    },
    {
      "module": "module.amp_ingest_irsa[0]",
      "mode": "data",
      "type": "aws_iam_policy_document",
      "name": "assume",
      "provider": "provider[\"registry.terraform.io/hashicorp/aws\"]",
      "instances": [
        {
          "index_key": 0,
          "schema_version": 0,
          "attributes": {
            "id": "1735694946",
            "json": "{\n  \"Version\": \"2012-10-17\",\n  \"Statement\": [\n    {\n      \"Effect\": \"Allow\",\n      \"Action\": \"sts:AssumeRoleWithWebIdentity\",\n      \"Principal\": {\n        \"Federated\": \"arn:aws:iam::954503069243:oidc-provider/oidc.eks.us-west-2.amazonaws.com/id/F06756A5798FF1E1CABBA6BC91FE6C2B\"\n      },\n      \"Condition\": {\n        \"StringEquals\": {\n          \"oidc.eks.us-west-2.amazonaws.com/id/F06756A5798FF1E1CABBA6BC91FE6C2B:aud\": \"sts.amazonaws.com\",\n          \"oidc.eks.us-west-2.amazonaws.com/id/F06756A5798FF1E1CABBA6BC91FE6C2B:sub\": \"system:serviceaccount:kube-prometheus-stack:amp-iamproxy-ingest-service-account\"\n        }\n      }\n    }\n  ]\n}",
            "override_json": null,
            "override_policy_documents": null,
            "policy_id": null,
            "source_json": null,
            "source_policy_documents": null,
            "statement": [
              {
                "actions": [
                  "sts:AssumeRoleWithWebIdentity"
                ],
                "condition": [
                  {
                    "test": "StringEquals",
                    "values": [
                      "sts.amazonaws.com"
                    ],
                    "variable": "oidc.eks.us-west-2.amazonaws.com/id/F06756A5798FF1E1CABBA6BC91FE6C2B:aud"
                  },
                  {
                    "test": "StringEquals",
                    "values": [
                      "system:serviceaccount:kube-prometheus-stack:amp-iamproxy-ingest-service-account"
                    ],
                    "variable": "oidc.eks.us-west-2.amazonaws.com/id/F06756A5798FF1E1CABBA6BC91FE6C2B:sub"
                  }
                ],
                "effect": "Allow",
                "not_actions": [],
                "not_principals": [],
                "not_resources": [],
                "principals": [
                  {
                    "identifiers": [
                      "arn:aws:iam::954503069243:oidc-provider/oidc.eks.us-west-2.amazonaws.com/id/F06756A5798FF1E1CABBA6BC91FE6C2B"
                    ],
                    "type": "Federated"
                  }
                ],
                "resources": [],
                "sid": ""
              }
            ],
            "version": "2012-10-17"
          },
          "sensitive_attributes": []
        }
      ]
    },
    {
      "module": "module.amp_ingest_irsa[0]",
      "mode": "data",
      "type": "aws_partition",
      "name": "current",
      "provider": "provider[\"registry.terraform.io/hashicorp/aws\"]",
      "instances": [
        {
          "index_key": 0,
          "schema_version": 0,
          "attributes": {
            "dns_suffix": "amazonaws.com",
            "id": "aws",
            "partition": "aws",
            "reverse_dns_prefix": "com.amazonaws"
          },
          "sensitive_attributes": []
        }
      ]
    },
    {
      "module": "module.amp_ingest_irsa[0]",
      "mode": "managed",
      "type": "aws_iam_role",
      "name": "this",
      "provider": "provider[\"registry.terraform.io/hashicorp/aws\"]",
      "instances": [
        {
          "index_key": 0,
          "schema_version": 0,
          "attributes": {
            "arn": "arn:aws:iam::954503069243:role/self-managed-airflow-amp-ingest-20240319151446570700000032",
            "assume_role_policy": "{\"Statement\":[{\"Action\":\"sts:AssumeRoleWithWebIdentity\",\"Condition\":{\"StringEquals\":{\"oidc.eks.us-west-2.amazonaws.com/id/F06756A5798FF1E1CABBA6BC91FE6C2B:aud\":\"sts.amazonaws.com\",\"oidc.eks.us-west-2.amazonaws.com/id/F06756A5798FF1E1CABBA6BC91FE6C2B:sub\":\"system:serviceaccount:kube-prometheus-stack:amp-iamproxy-ingest-service-account\"}},\"Effect\":\"Allow\",\"Principal\":{\"Federated\":\"arn:aws:iam::954503069243:oidc-provider/oidc.eks.us-west-2.amazonaws.com/id/F06756A5798FF1E1CABBA6BC91FE6C2B\"}}],\"Version\":\"2012-10-17\"}",
            "create_date": "2024-03-19T15:14:46Z",
            "description": "",
            "force_detach_policies": true,
            "id": "self-managed-airflow-amp-ingest-20240319151446570700000032",
            "inline_policy": [],
            "managed_policy_arns": [
              "arn:aws:iam::954503069243:policy/self-managed-airflow-grafana-2024031915064150160000000c"
            ],
            "max_session_duration": 3600,
            "name": "self-managed-airflow-amp-ingest-20240319151446570700000032",
            "name_prefix": "self-managed-airflow-amp-ingest-",
            "path": "/",
            "permissions_boundary": "",
            "tags": {
              "Blueprint": "self-managed-airflow",
              "GithubRepo": "github.com/awslabs/data-on-eks"
            },
            "tags_all": {
              "Blueprint": "self-managed-airflow",
              "GithubRepo": "github.com/awslabs/data-on-eks"
            },
            "unique_id": "AROA54PGQ7Y524JOBJDWV"
          },
          "sensitive_attributes": [],
          "private": "bnVsbA==",
          "dependencies": [
            "data.aws_availability_zones.available",
            "module.amp_ingest_irsa.data.aws_caller_identity.current",
            "module.amp_ingest_irsa.data.aws_iam_policy_document.assume",
            "module.amp_ingest_irsa.data.aws_partition.current",
            "module.eks.aws_cloudwatch_log_group.this",
            "module.eks.aws_eks_cluster.this",
            "module.eks.aws_iam_openid_connect_provider.oidc_provider",
            "module.eks.aws_iam_policy.cni_ipv6_policy",
            "module.eks.aws_iam_role.this",
            "module.eks.aws_iam_role_policy_attachment.this",
            "module.eks.aws_security_group.cluster",
            "module.eks.aws_security_group.node",
            "module.eks.aws_security_group_rule.cluster",
            "module.eks.aws_security_group_rule.node",
            "module.eks.data.aws_caller_identity.current",
            "module.eks.data.aws_iam_policy_document.assume_role_policy",
            "module.eks.data.aws_iam_policy_document.cni_ipv6_policy",
            "module.eks.data.aws_iam_session_context.current",
            "module.eks.data.aws_partition.current",
            "module.eks.data.tls_certificate.this",
            "module.eks.module.kms.aws_kms_external_key.this",
            "module.eks.module.kms.aws_kms_key.this",
            "module.eks.module.kms.aws_kms_replica_external_key.this",
            "module.eks.module.kms.aws_kms_replica_key.this",
            "module.eks.module.kms.data.aws_caller_identity.current",
            "module.eks.module.kms.data.aws_iam_policy_document.this",
            "module.eks.module.kms.data.aws_partition.current",
            "module.vpc.aws_subnet.private",
            "module.vpc.aws_vpc.this",
            "module.vpc.aws_vpc_ipv4_cidr_block_association.this"
          ]
        }
      ]
    },
    {
      "module": "module.amp_ingest_irsa[0]",
      "mode": "managed",
      "type": "aws_iam_role_policy_attachment",
      "name": "additional",
      "provider": "provider[\"registry.terraform.io/hashicorp/aws\"]",
      "instances": [
        {
          "index_key": "amp_policy",
          "schema_version": 0,
          "attributes": {
            "id": "self-managed-airflow-amp-ingest-20240319151446570700000032-20240319151448269400000037",
            "policy_arn": "arn:aws:iam::954503069243:policy/self-managed-airflow-grafana-2024031915064150160000000c",
            "role": "self-managed-airflow-amp-ingest-20240319151446570700000032"
          },
          "sensitive_attributes": [],
          "private": "bnVsbA==",
          "dependencies": [
            "aws_iam_policy.grafana",
            "data.aws_availability_zones.available",
            "data.aws_caller_identity.current",
            "data.aws_iam_policy_document.grafana",
            "data.aws_partition.current",
            "module.amp_ingest_irsa.aws_iam_role.this",
            "module.amp_ingest_irsa.data.aws_caller_identity.current",
            "module.amp_ingest_irsa.data.aws_iam_policy_document.assume",
            "module.amp_ingest_irsa.data.aws_partition.current",
            "module.eks.aws_cloudwatch_log_group.this",
            "module.eks.aws_eks_cluster.this",
            "module.eks.aws_iam_openid_connect_provider.oidc_provider",
            "module.eks.aws_iam_policy.cni_ipv6_policy",
            "module.eks.aws_iam_role.this",
            "module.eks.aws_iam_role_policy_attachment.this",
            "module.eks.aws_security_group.cluster",
            "module.eks.aws_security_group.node",
            "module.eks.aws_security_group_rule.cluster",
            "module.eks.aws_security_group_rule.node",
            "module.eks.data.aws_caller_identity.current",
            "module.eks.data.aws_iam_policy_document.assume_role_policy",
            "module.eks.data.aws_iam_policy_document.cni_ipv6_policy",
            "module.eks.data.aws_iam_session_context.current",
            "module.eks.data.aws_partition.current",
            "module.eks.data.tls_certificate.this",
            "module.eks.module.kms.aws_kms_external_key.this",
            "module.eks.module.kms.aws_kms_key.this",
            "module.eks.module.kms.aws_kms_replica_external_key.this",
            "module.eks.module.kms.aws_kms_replica_key.this",
            "module.eks.module.kms.data.aws_caller_identity.current",
            "module.eks.module.kms.data.aws_iam_policy_document.this",
            "module.eks.module.kms.data.aws_partition.current",
            "module.vpc.aws_subnet.private",
            "module.vpc.aws_vpc.this",
            "module.vpc.aws_vpc_ipv4_cidr_block_association.this"
          ]
        }
      ]
    },
    {
      "module": "module.db[0].module.db_instance",
      "mode": "data",
      "type": "aws_iam_policy_document",
      "name": "enhanced_monitoring",
      "provider": "provider[\"registry.terraform.io/hashicorp/aws\"]",
      "instances": [
        {
          "schema_version": 0,
          "attributes": {
            "id": "76086537",
            "json": "{\n  \"Version\": \"2012-10-17\",\n  \"Statement\": [\n    {\n      \"Effect\": \"Allow\",\n      \"Action\": \"sts:AssumeRole\",\n      \"Principal\": {\n        \"Service\": \"monitoring.rds.amazonaws.com\"\n      }\n    }\n  ]\n}",
            "override_json": null,
            "override_policy_documents": null,
            "policy_id": null,
            "source_json": null,
            "source_policy_documents": null,
            "statement": [
              {
                "actions": [
                  "sts:AssumeRole"
                ],
                "condition": [],
                "effect": "Allow",
                "not_actions": [],
                "not_principals": [],
                "not_resources": [],
                "principals": [
                  {
                    "identifiers": [
                      "monitoring.rds.amazonaws.com"
                    ],
                    "type": "Service"
                  }
                ],
                "resources": [],
                "sid": ""
              }
            ],
            "version": "2012-10-17"
          },
          "sensitive_attributes": []
        }
      ]
    },
    {
      "module": "module.db[0].module.db_instance",
      "mode": "data",
      "type": "aws_partition",
      "name": "current",
      "provider": "provider[\"registry.terraform.io/hashicorp/aws\"]",
      "instances": [
        {
          "schema_version": 0,
          "attributes": {
            "dns_suffix": "amazonaws.com",
            "id": "aws",
            "partition": "aws",
            "reverse_dns_prefix": "com.amazonaws"
          },
          "sensitive_attributes": []
        }
      ]
    },
    {
      "module": "module.db[0].module.db_instance",
      "mode": "managed",
      "type": "aws_cloudwatch_log_group",
      "name": "this",
      "provider": "provider[\"registry.terraform.io/hashicorp/aws\"]",
      "instances": [
        {
          "index_key": "postgresql",
          "schema_version": 0,
          "attributes": {
            "arn": "arn:aws:logs:us-west-2:954503069243:log-group:/aws/rds/instance/airflow/postgresql",
            "id": "/aws/rds/instance/airflow/postgresql",
            "kms_key_id": "",
            "log_group_class": "STANDARD",
            "name": "/aws/rds/instance/airflow/postgresql",
            "name_prefix": "",
            "retention_in_days": 7,
            "skip_destroy": false,
            "tags": {
              "Blueprint": "self-managed-airflow",
              "GithubRepo": "github.com/awslabs/data-on-eks"
            },
            "tags_all": {
              "Blueprint": "self-managed-airflow",
              "GithubRepo": "github.com/awslabs/data-on-eks"
            }
          },
          "sensitive_attributes": [],
          "private": "bnVsbA=="
        },
        {
          "index_key": "upgrade",
          "schema_version": 0,
          "attributes": {
            "arn": "arn:aws:logs:us-west-2:954503069243:log-group:/aws/rds/instance/airflow/upgrade",
            "id": "/aws/rds/instance/airflow/upgrade",
            "kms_key_id": "",
            "log_group_class": "STANDARD",
            "name": "/aws/rds/instance/airflow/upgrade",
            "name_prefix": "",
            "retention_in_days": 7,
            "skip_destroy": false,
            "tags": {
              "Blueprint": "self-managed-airflow",
              "GithubRepo": "github.com/awslabs/data-on-eks"
            },
            "tags_all": {
              "Blueprint": "self-managed-airflow",
              "GithubRepo": "github.com/awslabs/data-on-eks"
            }
          },
          "sensitive_attributes": [],
          "private": "bnVsbA=="
        }
      ]
    },
    {
      "module": "module.db[0].module.db_instance",
      "mode": "managed",
      "type": "aws_db_instance",
      "name": "this",
      "provider": "provider[\"registry.terraform.io/hashicorp/aws\"]",
      "instances": [
        {
          "index_key": 0,
          "schema_version": 2,
          "attributes": {
            "address": "airflow.cjg1cslkg09c.us-west-2.rds.amazonaws.com",
            "allocated_storage": 20,
            "allow_major_version_upgrade": false,
            "apply_immediately": false,
            "arn": "arn:aws:rds:us-west-2:954503069243:db:airflow",
            "auto_minor_version_upgrade": true,
            "availability_zone": "us-west-2b",
            "backup_retention_period": 1,
            "backup_target": "region",
            "backup_window": "03:00-06:00",
            "blue_green_update": [],
            "ca_cert_identifier": "rds-ca-rsa2048-g1",
            "character_set_name": "",
            "copy_tags_to_snapshot": false,
            "custom_iam_instance_profile": "",
            "customer_owned_ip_enabled": false,
            "db_name": "airflow",
            "db_subnet_group_name": "self-managed-airflow",
            "delete_automated_backups": true,
            "deletion_protection": false,
            "domain": "",
            "domain_auth_secret_arn": "",
            "domain_dns_ips": [],
            "domain_fqdn": "",
            "domain_iam_role_name": "",
            "domain_ou": "",
            "enabled_cloudwatch_logs_exports": [
              "postgresql",
              "upgrade"
            ],
            "endpoint": "airflow.cjg1cslkg09c.us-west-2.rds.amazonaws.com:5432",
            "engine": "postgres",
            "engine_version": "14",
            "engine_version_actual": "14.10",
            "final_snapshot_identifier": null,
            "hosted_zone_id": "Z1PVIF0B656C1W",
            "iam_database_authentication_enabled": false,
            "id": "db-TF3JM6USWY3YP2EODTPYB5PADU",
            "identifier": "airflow",
            "identifier_prefix": "",
            "instance_class": "db.t4g.large",
            "iops": 0,
            "kms_key_id": "arn:aws:kms:us-west-2:954503069243:key/4b6613cd-b53d-435b-93c0-af8ae273b024",
            "latest_restorable_time": "2024-03-19T16:24:30Z",
            "license_model": "postgresql-license",
            "listener_endpoint": [],
            "maintenance_window": "mon:00:00-mon:03:00",
            "manage_master_user_password": null,
            "master_user_secret": [],
            "master_user_secret_kms_key_id": null,
            "max_allocated_storage": 100,
            "monitoring_interval": 60,
            "monitoring_role_arn": "arn:aws:iam::954503069243:role/airflow-metastore-20240319150640270300000006",
            "multi_az": true,
            "nchar_character_set_name": "",
            "network_type": "IPV4",
            "option_group_name": "default:postgres-14",
            "parameter_group_name": "airflow-20240319150638821200000001",
            "password": "bMMbLiF94QwUGnxZ",
            "performance_insights_enabled": true,
            "performance_insights_kms_key_id": "arn:aws:kms:us-west-2:954503069243:key/4b6613cd-b53d-435b-93c0-af8ae273b024",
            "performance_insights_retention_period": 7,
            "port": 5432,
            "publicly_accessible": false,
            "replica_mode": "",
            "replicas": [],
            "replicate_source_db": "",
            "resource_id": "db-TF3JM6USWY3YP2EODTPYB5PADU",
            "restore_to_point_in_time": [],
            "s3_import": [],
            "skip_final_snapshot": true,
            "snapshot_identifier": null,
            "status": "available",
            "storage_encrypted": true,
            "storage_throughput": 0,
            "storage_type": "gp2",
            "tags": {
              "Blueprint": "self-managed-airflow",
              "GithubRepo": "github.com/awslabs/data-on-eks"
            },
            "tags_all": {
              "Blueprint": "self-managed-airflow",
              "GithubRepo": "github.com/awslabs/data-on-eks"
            },
            "timeouts": {
              "create": null,
              "delete": null,
              "update": null
            },
            "timezone": "",
            "username": "airflow",
            "vpc_security_group_ids": [
              "sg-0e77c7e92bf929d3a"
            ]
          },
          "sensitive_attributes": [
            [
              {
                "type": "get_attr",
                "value": "password"
              }
            ]
          ],
          "private": "eyJlMmJmYjczMC1lY2FhLTExZTYtOGY4OC0zNDM2M2JjN2M0YzAiOnsiY3JlYXRlIjoyNDAwMDAwMDAwMDAwLCJkZWxldGUiOjM2MDAwMDAwMDAwMDAsInVwZGF0ZSI6NDgwMDAwMDAwMDAwMH0sInNjaGVtYV92ZXJzaW9uIjoiMiJ9",
          "dependencies": [
            "aws_secretsmanager_secret.postgres",
            "aws_secretsmanager_secret_version.postgres",
            "data.aws_availability_zones.available",
            "module.db.module.db_instance.aws_cloudwatch_log_group.this",
            "module.db.module.db_instance.aws_iam_role.enhanced_monitoring",
            "module.db.module.db_instance.data.aws_iam_policy_document.enhanced_monitoring",
            "module.db.module.db_instance.random_id.snapshot_identifier",
            "module.db.module.db_option_group.aws_db_option_group.this",
            "module.db.module.db_parameter_group.aws_db_parameter_group.this",
            "module.db.module.db_subnet_group.aws_db_subnet_group.this",
            "module.db.random_password.master_password",
            "module.security_group.aws_security_group.this",
            "module.security_group.aws_security_group.this_name_prefix",
            "module.vpc.aws_db_subnet_group.database",
            "module.vpc.aws_subnet.database",
            "module.vpc.aws_vpc.this",
            "module.vpc.aws_vpc_ipv4_cidr_block_association.this",
            "random_password.postgres"
          ]
        }
      ]
    },
    {
      "module": "module.db[0].module.db_instance",
      "mode": "managed",
      "type": "aws_iam_role",
      "name": "enhanced_monitoring",
      "provider": "provider[\"registry.terraform.io/hashicorp/aws\"]",
      "instances": [
        {
          "index_key": 0,
          "schema_version": 0,
          "attributes": {
            "arn": "arn:aws:iam::954503069243:role/airflow-metastore-20240319150640270300000006",
            "assume_role_policy": "{\"Statement\":[{\"Action\":\"sts:AssumeRole\",\"Effect\":\"Allow\",\"Principal\":{\"Service\":\"monitoring.rds.amazonaws.com\"}}],\"Version\":\"2012-10-17\"}",
            "create_date": "2024-03-19T15:06:41Z",
            "description": "Airflow Postgres Metastore for monitoring role",
            "force_detach_policies": false,
            "id": "airflow-metastore-20240319150640270300000006",
            "inline_policy": [],
            "managed_policy_arns": [
              "arn:aws:iam::aws:policy/service-role/AmazonRDSEnhancedMonitoringRole"
            ],
            "max_session_duration": 3600,
            "name": "airflow-metastore-20240319150640270300000006",
            "name_prefix": "airflow-metastore-",
            "path": "/",
            "permissions_boundary": "",
            "tags": {
              "Blueprint": "self-managed-airflow",
              "GithubRepo": "github.com/awslabs/data-on-eks",
              "Name": "airflow-metastore"
            },
            "tags_all": {
              "Blueprint": "self-managed-airflow",
              "GithubRepo": "github.com/awslabs/data-on-eks",
              "Name": "airflow-metastore"
            },
            "unique_id": "AROA54PGQ7Y57UJBIL4JV"
          },
          "sensitive_attributes": [],
          "private": "bnVsbA==",
          "dependencies": [
            "module.db.module.db_instance.data.aws_iam_policy_document.enhanced_monitoring"
          ]
        }
      ]
    },
    {
      "module": "module.db[0].module.db_instance",
      "mode": "managed",
      "type": "aws_iam_role_policy_attachment",
      "name": "enhanced_monitoring",
      "provider": "provider[\"registry.terraform.io/hashicorp/aws\"]",
      "instances": [
        {
          "index_key": 0,
          "schema_version": 0,
          "attributes": {
            "id": "airflow-metastore-20240319150640270300000006-2024031915064264320000000f",
            "policy_arn": "arn:aws:iam::aws:policy/service-role/AmazonRDSEnhancedMonitoringRole",
            "role": "airflow-metastore-20240319150640270300000006"
          },
          "sensitive_attributes": [],
          "private": "bnVsbA==",
          "dependencies": [
            "module.db.module.db_instance.aws_iam_role.enhanced_monitoring",
            "module.db.module.db_instance.data.aws_iam_policy_document.enhanced_monitoring",
            "module.db.module.db_instance.data.aws_partition.current"
          ]
        }
      ]
    },
    {
      "module": "module.db[0].module.db_parameter_group",
      "mode": "managed",
      "type": "aws_db_parameter_group",
      "name": "this",
      "provider": "provider[\"registry.terraform.io/hashicorp/aws\"]",
      "instances": [
        {
          "index_key": 0,
          "schema_version": 0,
          "attributes": {
            "arn": "arn:aws:rds:us-west-2:954503069243:pg:airflow-20240319150638821200000001",
            "description": "airflow parameter group",
            "family": "postgres14",
            "id": "airflow-20240319150638821200000001",
            "name": "airflow-20240319150638821200000001",
            "name_prefix": "airflow-",
            "parameter": [
              {
                "apply_method": "immediate",
                "name": "autovacuum",
                "value": "1"
              },
              {
                "apply_method": "immediate",
                "name": "client_encoding",
                "value": "utf8"
              }
            ],
            "tags": {
              "Blueprint": "self-managed-airflow",
              "GithubRepo": "github.com/awslabs/data-on-eks",
              "Name": "airflow"
            },
            "tags_all": {
              "Blueprint": "self-managed-airflow",
              "GithubRepo": "github.com/awslabs/data-on-eks",
              "Name": "airflow"
            }
          },
          "sensitive_attributes": [],
          "private": "bnVsbA==",
          "create_before_destroy": true
        }
      ]
    },
    {
      "module": "module.ebs_csi_driver_irsa",
      "mode": "data",
      "type": "aws_caller_identity",
      "name": "current",
      "provider": "provider[\"registry.terraform.io/hashicorp/aws\"]",
      "instances": [
        {
          "schema_version": 0,
          "attributes": {
            "account_id": "954503069243",
            "arn": "arn:aws:iam::954503069243:user/viswanath.chereddy@minfytech.com",
            "id": "954503069243",
            "user_id": "AIDA54PGQ7Y5SPO6VKAID"
          },
          "sensitive_attributes": []
        }
      ]
    },
    {
      "module": "module.ebs_csi_driver_irsa",
      "mode": "data",
      "type": "aws_iam_policy_document",
      "name": "ebs_csi",
      "provider": "provider[\"registry.terraform.io/hashicorp/aws\"]",
      "instances": [
        {
          "index_key": 0,
          "schema_version": 0,
          "attributes": {
            "id": "932695789",
            "json": "{\n  \"Version\": \"2012-10-17\",\n  \"Statement\": [\n    {\n      \"Effect\": \"Allow\",\n      \"Action\": [\n        \"ec2:ModifyVolume\",\n        \"ec2:DetachVolume\",\n        \"ec2:DescribeVolumesModifications\",\n        \"ec2:DescribeVolumes\",\n        \"ec2:DescribeTags\",\n        \"ec2:DescribeSnapshots\",\n        \"ec2:DescribeInstances\",\n        \"ec2:DescribeAvailabilityZones\",\n        \"ec2:CreateSnapshot\",\n        \"ec2:AttachVolume\"\n      ],\n      \"Resource\": \"*\"\n    },\n    {\n      \"Effect\": \"Allow\",\n      \"Action\": \"ec2:CreateTags\",\n      \"Resource\": [\n        \"arn:aws:ec2:*:*:volume/*\",\n        \"arn:aws:ec2:*:*:snapshot/*\"\n      ],\n      \"Condition\": {\n        \"StringEquals\": {\n          \"ec2:CreateAction\": [\n            \"CreateVolume\",\n            \"CreateSnapshot\"\n          ]\n        }\n      }\n    },\n    {\n      \"Effect\": \"Allow\",\n      \"Action\": \"ec2:DeleteTags\",\n      \"Resource\": [\n        \"arn:aws:ec2:*:*:volume/*\",\n        \"arn:aws:ec2:*:*:snapshot/*\"\n      ]\n    },\n    {\n      \"Effect\": \"Allow\",\n      \"Action\": \"ec2:CreateVolume\",\n      \"Resource\": \"*\",\n      \"Condition\": {\n        \"StringLike\": {\n          \"aws:RequestTag/ebs.csi.aws.com/cluster\": \"true\"\n        }\n      }\n    },\n    {\n      \"Effect\": \"Allow\",\n      \"Action\": \"ec2:CreateVolume\",\n      \"Resource\": \"*\",\n      \"Condition\": {\n        \"StringLike\": {\n          \"aws:RequestTag/CSIVolumeName\": \"*\"\n        }\n      }\n    },\n    {\n      \"Effect\": \"Allow\",\n      \"Action\": \"ec2:CreateVolume\",\n      \"Resource\": \"*\",\n      \"Condition\": {\n        \"StringLike\": {\n          \"aws:RequestTag/kubernetes.io/cluster/*\": \"owned\"\n        }\n      }\n    },\n    {\n      \"Effect\": \"Allow\",\n      \"Action\": \"ec2:DeleteVolume\",\n      \"Resource\": \"*\",\n      \"Condition\": {\n        \"StringLike\": {\n          \"ec2:ResourceTag/ebs.csi.aws.com/cluster\": \"true\"\n        }\n      }\n    },\n    {\n      \"Effect\": \"Allow\",\n      \"Action\": \"ec2:DeleteVolume\",\n      \"Resource\": \"*\",\n      \"Condition\": {\n        \"StringLike\": {\n          \"ec2:ResourceTag/CSIVolumeName\": \"*\"\n        }\n      }\n    },\n    {\n      \"Effect\": \"Allow\",\n      \"Action\": \"ec2:DeleteVolume\",\n      \"Resource\": \"*\",\n      \"Condition\": {\n        \"StringLike\": {\n          \"ec2:ResourceTag/kubernetes.io/cluster/*\": \"owned\"\n        }\n      }\n    },\n    {\n      \"Effect\": \"Allow\",\n      \"Action\": \"ec2:DeleteVolume\",\n      \"Resource\": \"*\",\n      \"Condition\": {\n        \"StringLike\": {\n          \"ec2:ResourceTag/kubernetes.io/created-for/pvc/name\": \"*\"\n        }\n      }\n    },\n    {\n      \"Effect\": \"Allow\",\n      \"Action\": \"ec2:DeleteSnapshot\",\n      \"Resource\": \"*\",\n      \"Condition\": {\n        \"StringLike\": {\n          \"ec2:ResourceTag/CSIVolumeSnapshotName\": \"*\"\n        }\n      }\n    },\n    {\n      \"Effect\": \"Allow\",\n      \"Action\": \"ec2:DeleteSnapshot\",\n      \"Resource\": \"*\",\n      \"Condition\": {\n        \"StringLike\": {\n          \"ec2:ResourceTag/ebs.csi.aws.com/cluster\": \"true\"\n        }\n      }\n    }\n  ]\n}",
            "override_json": null,
            "override_policy_documents": null,
            "policy_id": null,
            "source_json": null,
            "source_policy_documents": null,
            "statement": [
              {
                "actions": [
                  "ec2:AttachVolume",
                  "ec2:CreateSnapshot",
                  "ec2:DescribeAvailabilityZones",
                  "ec2:DescribeInstances",
                  "ec2:DescribeSnapshots",
                  "ec2:DescribeTags",
                  "ec2:DescribeVolumes",
                  "ec2:DescribeVolumesModifications",
                  "ec2:DetachVolume",
                  "ec2:ModifyVolume"
                ],
                "condition": [],
                "effect": "Allow",
                "not_actions": [],
                "not_principals": [],
                "not_resources": [],
                "principals": [],
                "resources": [
                  "*"
                ],
                "sid": ""
              },
              {
                "actions": [
                  "ec2:CreateTags"
                ],
                "condition": [
                  {
                    "test": "StringEquals",
                    "values": [
                      "CreateVolume",
                      "CreateSnapshot"
                    ],
                    "variable": "ec2:CreateAction"
                  }
                ],
                "effect": "Allow",
                "not_actions": [],
                "not_principals": [],
                "not_resources": [],
                "principals": [],
                "resources": [
                  "arn:aws:ec2:*:*:snapshot/*",
                  "arn:aws:ec2:*:*:volume/*"
                ],
                "sid": ""
              },
              {
                "actions": [
                  "ec2:DeleteTags"
                ],
                "condition": [],
                "effect": "Allow",
                "not_actions": [],
                "not_principals": [],
                "not_resources": [],
                "principals": [],
                "resources": [
                  "arn:aws:ec2:*:*:snapshot/*",
                  "arn:aws:ec2:*:*:volume/*"
                ],
                "sid": ""
              },
              {
                "actions": [
                  "ec2:CreateVolume"
                ],
                "condition": [
                  {
                    "test": "StringLike",
                    "values": [
                      "true"
                    ],
                    "variable": "aws:RequestTag/ebs.csi.aws.com/cluster"
                  }
                ],
                "effect": "Allow",
                "not_actions": [],
                "not_principals": [],
                "not_resources": [],
                "principals": [],
                "resources": [
                  "*"
                ],
                "sid": ""
              },
              {
                "actions": [
                  "ec2:CreateVolume"
                ],
                "condition": [
                  {
                    "test": "StringLike",
                    "values": [
                      "*"
                    ],
                    "variable": "aws:RequestTag/CSIVolumeName"
                  }
                ],
                "effect": "Allow",
                "not_actions": [],
                "not_principals": [],
                "not_resources": [],
                "principals": [],
                "resources": [
                  "*"
                ],
                "sid": ""
              },
              {
                "actions": [
                  "ec2:CreateVolume"
                ],
                "condition": [
                  {
                    "test": "StringLike",
                    "values": [
                      "owned"
                    ],
                    "variable": "aws:RequestTag/kubernetes.io/cluster/*"
                  }
                ],
                "effect": "Allow",
                "not_actions": [],
                "not_principals": [],
                "not_resources": [],
                "principals": [],
                "resources": [
                  "*"
                ],
                "sid": ""
              },
              {
                "actions": [
                  "ec2:DeleteVolume"
                ],
                "condition": [
                  {
                    "test": "StringLike",
                    "values": [
                      "true"
                    ],
                    "variable": "ec2:ResourceTag/ebs.csi.aws.com/cluster"
                  }
                ],
                "effect": "Allow",
                "not_actions": [],
                "not_principals": [],
                "not_resources": [],
                "principals": [],
                "resources": [
                  "*"
                ],
                "sid": ""
              },
              {
                "actions": [
                  "ec2:DeleteVolume"
                ],
                "condition": [
                  {
                    "test": "StringLike",
                    "values": [
                      "*"
                    ],
                    "variable": "ec2:ResourceTag/CSIVolumeName"
                  }
                ],
                "effect": "Allow",
                "not_actions": [],
                "not_principals": [],
                "not_resources": [],
                "principals": [],
                "resources": [
                  "*"
                ],
                "sid": ""
              },
              {
                "actions": [
                  "ec2:DeleteVolume"
                ],
                "condition": [
                  {
                    "test": "StringLike",
                    "values": [
                      "owned"
                    ],
                    "variable": "ec2:ResourceTag/kubernetes.io/cluster/*"
                  }
                ],
                "effect": "Allow",
                "not_actions": [],
                "not_principals": [],
                "not_resources": [],
                "principals": [],
                "resources": [
                  "*"
                ],
                "sid": ""
              },
              {
                "actions": [
                  "ec2:DeleteVolume"
                ],
                "condition": [
                  {
                    "test": "StringLike",
                    "values": [
                      "*"
                    ],
                    "variable": "ec2:ResourceTag/kubernetes.io/created-for/pvc/name"
                  }
                ],
                "effect": "Allow",
                "not_actions": [],
                "not_principals": [],
                "not_resources": [],
                "principals": [],
                "resources": [
                  "*"
                ],
                "sid": ""
              },
              {
                "actions": [
                  "ec2:DeleteSnapshot"
                ],
                "condition": [
                  {
                    "test": "StringLike",
                    "values": [
                      "*"
                    ],
                    "variable": "ec2:ResourceTag/CSIVolumeSnapshotName"
                  }
                ],
                "effect": "Allow",
                "not_actions": [],
                "not_principals": [],
                "not_resources": [],
                "principals": [],
                "resources": [
                  "*"
                ],
                "sid": ""
              },
              {
                "actions": [
                  "ec2:DeleteSnapshot"
                ],
                "condition": [
                  {
                    "test": "StringLike",
                    "values": [
                      "true"
                    ],
                    "variable": "ec2:ResourceTag/ebs.csi.aws.com/cluster"
                  }
                ],
                "effect": "Allow",
                "not_actions": [],
                "not_principals": [],
                "not_resources": [],
                "principals": [],
                "resources": [
                  "*"
                ],
                "sid": ""
              }
            ],
            "version": "2012-10-17"
          },
          "sensitive_attributes": []
        }
      ]
    },
    {
      "module": "module.ebs_csi_driver_irsa",
      "mode": "data",
      "type": "aws_iam_policy_document",
      "name": "this",
      "provider": "provider[\"registry.terraform.io/hashicorp/aws\"]",
      "instances": [
        {
          "index_key": 0,
          "schema_version": 0,
          "attributes": {
            "id": "24604190",
            "json": "{\n  \"Version\": \"2012-10-17\",\n  \"Statement\": [\n    {\n      \"Effect\": \"Allow\",\n      \"Action\": \"sts:AssumeRoleWithWebIdentity\",\n      \"Principal\": {\n        \"Federated\": \"arn:aws:iam::954503069243:oidc-provider/oidc.eks.us-west-2.amazonaws.com/id/F06756A5798FF1E1CABBA6BC91FE6C2B\"\n      },\n      \"Condition\": {\n        \"StringEquals\": {\n          \"oidc.eks.us-west-2.amazonaws.com/id/F06756A5798FF1E1CABBA6BC91FE6C2B:aud\": \"sts.amazonaws.com\",\n          \"oidc.eks.us-west-2.amazonaws.com/id/F06756A5798FF1E1CABBA6BC91FE6C2B:sub\": \"system:serviceaccount:kube-system:ebs-csi-controller-sa\"\n        }\n      }\n    }\n  ]\n}",
            "override_json": null,
            "override_policy_documents": null,
            "policy_id": null,
            "source_json": null,
            "source_policy_documents": null,
            "statement": [
              {
                "actions": [
                  "sts:AssumeRoleWithWebIdentity"
                ],
                "condition": [
                  {
                    "test": "StringEquals",
                    "values": [
                      "sts.amazonaws.com"
                    ],
                    "variable": "oidc.eks.us-west-2.amazonaws.com/id/F06756A5798FF1E1CABBA6BC91FE6C2B:aud"
                  },
                  {
                    "test": "StringEquals",
                    "values": [
                      "system:serviceaccount:kube-system:ebs-csi-controller-sa"
                    ],
                    "variable": "oidc.eks.us-west-2.amazonaws.com/id/F06756A5798FF1E1CABBA6BC91FE6C2B:sub"
                  }
                ],
                "effect": "Allow",
                "not_actions": [],
                "not_principals": [],
                "not_resources": [],
                "principals": [
                  {
                    "identifiers": [
                      "arn:aws:iam::954503069243:oidc-provider/oidc.eks.us-west-2.amazonaws.com/id/F06756A5798FF1E1CABBA6BC91FE6C2B"
                    ],
                    "type": "Federated"
                  }
                ],
                "resources": [],
                "sid": ""
              }
            ],
            "version": "2012-10-17"
          },
          "sensitive_attributes": []
        }
      ]
    },
    {
      "module": "module.ebs_csi_driver_irsa",
      "mode": "data",
      "type": "aws_partition",
      "name": "current",
      "provider": "provider[\"registry.terraform.io/hashicorp/aws\"]",
      "instances": [
        {
          "schema_version": 0,
          "attributes": {
            "dns_suffix": "amazonaws.com",
            "id": "aws",
            "partition": "aws",
            "reverse_dns_prefix": "com.amazonaws"
          },
          "sensitive_attributes": []
        }
      ]
    },
    {
      "module": "module.ebs_csi_driver_irsa",
      "mode": "data",
      "type": "aws_region",
      "name": "current",
      "provider": "provider[\"registry.terraform.io/hashicorp/aws\"]",
      "instances": [
        {
          "schema_version": 0,
          "attributes": {
            "description": "US West (Oregon)",
            "endpoint": "ec2.us-west-2.amazonaws.com",
            "id": "us-west-2",
            "name": "us-west-2"
          },
          "sensitive_attributes": []
        }
      ]
    },
    {
      "module": "module.ebs_csi_driver_irsa",
      "mode": "managed",
      "type": "aws_iam_policy",
      "name": "ebs_csi",
      "provider": "provider[\"registry.terraform.io/hashicorp/aws\"]",
      "instances": [
        {
          "index_key": 0,
          "schema_version": 0,
          "attributes": {
            "arn": "arn:aws:iam::954503069243:policy/AmazonEKS_EBS_CSI_Policy-2024031915064146330000000b",
            "description": "Provides permissions to manage EBS volumes via the container storage interface driver",
            "id": "arn:aws:iam::954503069243:policy/AmazonEKS_EBS_CSI_Policy-2024031915064146330000000b",
            "name": "AmazonEKS_EBS_CSI_Policy-2024031915064146330000000b",
            "name_prefix": "AmazonEKS_EBS_CSI_Policy-",
            "path": "/",
            "policy": "{\"Statement\":[{\"Action\":[\"ec2:ModifyVolume\",\"ec2:DetachVolume\",\"ec2:DescribeVolumesModifications\",\"ec2:DescribeVolumes\",\"ec2:DescribeTags\",\"ec2:DescribeSnapshots\",\"ec2:DescribeInstances\",\"ec2:DescribeAvailabilityZones\",\"ec2:CreateSnapshot\",\"ec2:AttachVolume\"],\"Effect\":\"Allow\",\"Resource\":\"*\"},{\"Action\":\"ec2:CreateTags\",\"Condition\":{\"StringEquals\":{\"ec2:CreateAction\":[\"CreateVolume\",\"CreateSnapshot\"]}},\"Effect\":\"Allow\",\"Resource\":[\"arn:aws:ec2:*:*:volume/*\",\"arn:aws:ec2:*:*:snapshot/*\"]},{\"Action\":\"ec2:DeleteTags\",\"Effect\":\"Allow\",\"Resource\":[\"arn:aws:ec2:*:*:volume/*\",\"arn:aws:ec2:*:*:snapshot/*\"]},{\"Action\":\"ec2:CreateVolume\",\"Condition\":{\"StringLike\":{\"aws:RequestTag/ebs.csi.aws.com/cluster\":\"true\"}},\"Effect\":\"Allow\",\"Resource\":\"*\"},{\"Action\":\"ec2:CreateVolume\",\"Condition\":{\"StringLike\":{\"aws:RequestTag/CSIVolumeName\":\"*\"}},\"Effect\":\"Allow\",\"Resource\":\"*\"},{\"Action\":\"ec2:CreateVolume\",\"Condition\":{\"StringLike\":{\"aws:RequestTag/kubernetes.io/cluster/*\":\"owned\"}},\"Effect\":\"Allow\",\"Resource\":\"*\"},{\"Action\":\"ec2:DeleteVolume\",\"Condition\":{\"StringLike\":{\"ec2:ResourceTag/ebs.csi.aws.com/cluster\":\"true\"}},\"Effect\":\"Allow\",\"Resource\":\"*\"},{\"Action\":\"ec2:DeleteVolume\",\"Condition\":{\"StringLike\":{\"ec2:ResourceTag/CSIVolumeName\":\"*\"}},\"Effect\":\"Allow\",\"Resource\":\"*\"},{\"Action\":\"ec2:DeleteVolume\",\"Condition\":{\"StringLike\":{\"ec2:ResourceTag/kubernetes.io/cluster/*\":\"owned\"}},\"Effect\":\"Allow\",\"Resource\":\"*\"},{\"Action\":\"ec2:DeleteVolume\",\"Condition\":{\"StringLike\":{\"ec2:ResourceTag/kubernetes.io/created-for/pvc/name\":\"*\"}},\"Effect\":\"Allow\",\"Resource\":\"*\"},{\"Action\":\"ec2:DeleteSnapshot\",\"Condition\":{\"StringLike\":{\"ec2:ResourceTag/CSIVolumeSnapshotName\":\"*\"}},\"Effect\":\"Allow\",\"Resource\":\"*\"},{\"Action\":\"ec2:DeleteSnapshot\",\"Condition\":{\"StringLike\":{\"ec2:ResourceTag/ebs.csi.aws.com/cluster\":\"true\"}},\"Effect\":\"Allow\",\"Resource\":\"*\"}],\"Version\":\"2012-10-17\"}",
            "policy_id": "ANPA54PGQ7Y5US6NFO6ZV",
            "tags": {
              "Blueprint": "self-managed-airflow",
              "GithubRepo": "github.com/awslabs/data-on-eks"
            },
            "tags_all": {
              "Blueprint": "self-managed-airflow",
              "GithubRepo": "github.com/awslabs/data-on-eks"
            }
          },
          "sensitive_attributes": [],
          "private": "bnVsbA==",
          "dependencies": [
            "module.ebs_csi_driver_irsa.data.aws_iam_policy_document.ebs_csi",
            "module.ebs_csi_driver_irsa.data.aws_partition.current"
          ]
        }
      ]
    },
    {
      "module": "module.ebs_csi_driver_irsa",
      "mode": "managed",
      "type": "aws_iam_role",
      "name": "this",
      "provider": "provider[\"registry.terraform.io/hashicorp/aws\"]",
      "instances": [
        {
          "index_key": 0,
          "schema_version": 0,
          "attributes": {
            "arn": "arn:aws:iam::954503069243:role/self-managed-airflow-ebs-csi-driver-20240319151446569600000031",
            "assume_role_policy": "{\"Statement\":[{\"Action\":\"sts:AssumeRoleWithWebIdentity\",\"Condition\":{\"StringEquals\":{\"oidc.eks.us-west-2.amazonaws.com/id/F06756A5798FF1E1CABBA6BC91FE6C2B:aud\":\"sts.amazonaws.com\",\"oidc.eks.us-west-2.amazonaws.com/id/F06756A5798FF1E1CABBA6BC91FE6C2B:sub\":\"system:serviceaccount:kube-system:ebs-csi-controller-sa\"}},\"Effect\":\"Allow\",\"Principal\":{\"Federated\":\"arn:aws:iam::954503069243:oidc-provider/oidc.eks.us-west-2.amazonaws.com/id/F06756A5798FF1E1CABBA6BC91FE6C2B\"}}],\"Version\":\"2012-10-17\"}",
            "create_date": "2024-03-19T15:14:46Z",
            "description": "",
            "force_detach_policies": true,
            "id": "self-managed-airflow-ebs-csi-driver-20240319151446569600000031",
            "inline_policy": [],
            "managed_policy_arns": [
              "arn:aws:iam::954503069243:policy/AmazonEKS_EBS_CSI_Policy-2024031915064146330000000b"
            ],
            "max_session_duration": 3600,
            "name": "self-managed-airflow-ebs-csi-driver-20240319151446569600000031",
            "name_prefix": "self-managed-airflow-ebs-csi-driver-",
            "path": "/",
            "permissions_boundary": "",
            "tags": {
              "Blueprint": "self-managed-airflow",
              "GithubRepo": "github.com/awslabs/data-on-eks"
            },
            "tags_all": {
              "Blueprint": "self-managed-airflow",
              "GithubRepo": "github.com/awslabs/data-on-eks"
            },
            "unique_id": "AROA54PGQ7Y56CKRBJJDQ"
          },
          "sensitive_attributes": [],
          "private": "bnVsbA==",
          "dependencies": [
            "data.aws_availability_zones.available",
            "module.ebs_csi_driver_irsa.data.aws_caller_identity.current",
            "module.ebs_csi_driver_irsa.data.aws_iam_policy_document.this",
            "module.ebs_csi_driver_irsa.data.aws_partition.current",
            "module.eks.aws_cloudwatch_log_group.this",
            "module.eks.aws_eks_cluster.this",
            "module.eks.aws_iam_openid_connect_provider.oidc_provider",
            "module.eks.aws_iam_policy.cni_ipv6_policy",
            "module.eks.aws_iam_role.this",
            "module.eks.aws_iam_role_policy_attachment.this",
            "module.eks.aws_security_group.cluster",
            "module.eks.aws_security_group.node",
            "module.eks.aws_security_group_rule.cluster",
            "module.eks.aws_security_group_rule.node",
            "module.eks.data.aws_caller_identity.current",
            "module.eks.data.aws_iam_policy_document.assume_role_policy",
            "module.eks.data.aws_iam_policy_document.cni_ipv6_policy",
            "module.eks.data.aws_iam_session_context.current",
            "module.eks.data.aws_partition.current",
            "module.eks.data.tls_certificate.this",
            "module.eks.module.kms.aws_kms_external_key.this",
            "module.eks.module.kms.aws_kms_key.this",
            "module.eks.module.kms.aws_kms_replica_external_key.this",
            "module.eks.module.kms.aws_kms_replica_key.this",
            "module.eks.module.kms.data.aws_caller_identity.current",
            "module.eks.module.kms.data.aws_iam_policy_document.this",
            "module.eks.module.kms.data.aws_partition.current",
            "module.vpc.aws_subnet.private",
            "module.vpc.aws_vpc.this",
            "module.vpc.aws_vpc_ipv4_cidr_block_association.this"
          ]
        }
      ]
    },
    {
      "module": "module.ebs_csi_driver_irsa",
      "mode": "managed",
      "type": "aws_iam_role_policy_attachment",
      "name": "ebs_csi",
      "provider": "provider[\"registry.terraform.io/hashicorp/aws\"]",
      "instances": [
        {
          "index_key": 0,
          "schema_version": 0,
          "attributes": {
            "id": "self-managed-airflow-ebs-csi-driver-20240319151446569600000031-20240319151447944400000036",
            "policy_arn": "arn:aws:iam::954503069243:policy/AmazonEKS_EBS_CSI_Policy-2024031915064146330000000b",
            "role": "self-managed-airflow-ebs-csi-driver-20240319151446569600000031"
          },
          "sensitive_attributes": [],
          "private": "bnVsbA==",
          "dependencies": [
            "data.aws_availability_zones.available",
            "module.ebs_csi_driver_irsa.aws_iam_policy.ebs_csi",
            "module.ebs_csi_driver_irsa.aws_iam_role.this",
            "module.ebs_csi_driver_irsa.data.aws_caller_identity.current",
            "module.ebs_csi_driver_irsa.data.aws_iam_policy_document.ebs_csi",
            "module.ebs_csi_driver_irsa.data.aws_iam_policy_document.this",
            "module.ebs_csi_driver_irsa.data.aws_partition.current",
            "module.eks.aws_cloudwatch_log_group.this",
            "module.eks.aws_eks_cluster.this",
            "module.eks.aws_iam_openid_connect_provider.oidc_provider",
            "module.eks.aws_iam_policy.cni_ipv6_policy",
            "module.eks.aws_iam_role.this",
            "module.eks.aws_iam_role_policy_attachment.this",
            "module.eks.aws_security_group.cluster",
            "module.eks.aws_security_group.node",
            "module.eks.aws_security_group_rule.cluster",
            "module.eks.aws_security_group_rule.node",
            "module.eks.data.aws_caller_identity.current",
            "module.eks.data.aws_iam_policy_document.assume_role_policy",
            "module.eks.data.aws_iam_policy_document.cni_ipv6_policy",
            "module.eks.data.aws_iam_session_context.current",
            "module.eks.data.aws_partition.current",
            "module.eks.data.tls_certificate.this",
            "module.eks.module.kms.aws_kms_external_key.this",
            "module.eks.module.kms.aws_kms_key.this",
            "module.eks.module.kms.aws_kms_replica_external_key.this",
            "module.eks.module.kms.aws_kms_replica_key.this",
            "module.eks.module.kms.data.aws_caller_identity.current",
            "module.eks.module.kms.data.aws_iam_policy_document.this",
            "module.eks.module.kms.data.aws_partition.current",
            "module.vpc.aws_subnet.private",
            "module.vpc.aws_vpc.this",
            "module.vpc.aws_vpc_ipv4_cidr_block_association.this"
          ]
        }
      ]
    },
    {
      "module": "module.eks",
      "mode": "data",
      "type": "aws_caller_identity",
      "name": "current",
      "provider": "provider[\"registry.terraform.io/hashicorp/aws\"]",
      "instances": [
        {
          "schema_version": 0,
          "attributes": {
            "account_id": "954503069243",
            "arn": "arn:aws:iam::954503069243:user/viswanath.chereddy@minfytech.com",
            "id": "954503069243",
            "user_id": "AIDA54PGQ7Y5SPO6VKAID"
          },
          "sensitive_attributes": []
        }
      ]
    },
    {
      "module": "module.eks",
      "mode": "data",
      "type": "aws_iam_policy_document",
      "name": "assume_role_policy",
      "provider": "provider[\"registry.terraform.io/hashicorp/aws\"]",
      "instances": [
        {
          "index_key": 0,
          "schema_version": 0,
          "attributes": {
            "id": "2764486067",
            "json": "{\n  \"Version\": \"2012-10-17\",\n  \"Statement\": [\n    {\n      \"Sid\": \"EKSClusterAssumeRole\",\n      \"Effect\": \"Allow\",\n      \"Action\": \"sts:AssumeRole\",\n      \"Principal\": {\n        \"Service\": \"eks.amazonaws.com\"\n      }\n    }\n  ]\n}",
            "override_json": null,
            "override_policy_documents": null,
            "policy_id": null,
            "source_json": null,
            "source_policy_documents": null,
            "statement": [
              {
                "actions": [
                  "sts:AssumeRole"
                ],
                "condition": [],
                "effect": "Allow",
                "not_actions": [],
                "not_principals": [],
                "not_resources": [],
                "principals": [
                  {
                    "identifiers": [
                      "eks.amazonaws.com"
                    ],
                    "type": "Service"
                  }
                ],
                "resources": [],
                "sid": "EKSClusterAssumeRole"
              }
            ],
            "version": "2012-10-17"
          },
          "sensitive_attributes": []
        }
      ]
    },
    {
      "module": "module.eks",
      "mode": "data",
      "type": "aws_iam_session_context",
      "name": "current",
      "provider": "provider[\"registry.terraform.io/hashicorp/aws\"]",
      "instances": [
        {
          "schema_version": 0,
          "attributes": {
            "arn": "arn:aws:iam::954503069243:user/viswanath.chereddy@minfytech.com",
            "id": "arn:aws:iam::954503069243:user/viswanath.chereddy@minfytech.com",
            "issuer_arn": "arn:aws:iam::954503069243:user/viswanath.chereddy@minfytech.com",
            "issuer_id": "",
            "issuer_name": "",
            "session_name": ""
          },
          "sensitive_attributes": []
        }
      ]
    },
    {
      "module": "module.eks",
      "mode": "data",
      "type": "aws_partition",
      "name": "current",
      "provider": "provider[\"registry.terraform.io/hashicorp/aws\"]",
      "instances": [
        {
          "schema_version": 0,
          "attributes": {
            "dns_suffix": "amazonaws.com",
            "id": "aws",
            "partition": "aws",
            "reverse_dns_prefix": "com.amazonaws"
          },
          "sensitive_attributes": []
        }
      ]
    },
    {
      "module": "module.eks",
      "mode": "managed",
      "type": "aws_cloudwatch_log_group",
      "name": "this",
      "provider": "provider[\"registry.terraform.io/hashicorp/aws\"]",
      "instances": [
        {
          "index_key": 0,
          "schema_version": 0,
          "attributes": {
            "arn": "arn:aws:logs:us-west-2:954503069243:log-group:/aws/eks/self-managed-airflow/cluster",
            "id": "/aws/eks/self-managed-airflow/cluster",
            "kms_key_id": "",
            "log_group_class": "STANDARD",
            "name": "/aws/eks/self-managed-airflow/cluster",
            "name_prefix": "",
            "retention_in_days": 90,
            "skip_destroy": false,
            "tags": {
              "Name": "/aws/eks/self-managed-airflow/cluster"
            },
            "tags_all": {
              "Name": "/aws/eks/self-managed-airflow/cluster"
            }
          },
          "sensitive_attributes": [],
          "private": "bnVsbA=="
        }
      ]
    },
    {
      "module": "module.eks",
      "mode": "managed",
      "type": "aws_eks_cluster",
      "name": "this",
      "provider": "provider[\"registry.terraform.io/hashicorp/aws\"]",
      "instances": [
        {
          "index_key": 0,
          "schema_version": 0,
          "attributes": {
            "access_config": [
              {
                "authentication_mode": "CONFIG_MAP",
                "bootstrap_cluster_creator_admin_permissions": false
              }
            ],
            "arn": "arn:aws:eks:us-west-2:954503069243:cluster/self-managed-airflow",
            "certificate_authority": [
              {
                "data": "LS0tLS1CRUdJTiBDRVJUSUZJQ0FURS0tLS0tCk1JSURCVENDQWUyZ0F3SUJBZ0lJQjF1Tjg0cDFUT1F3RFFZSktvWklodmNOQVFFTEJRQXdGVEVUTUJFR0ExVUUKQXhNS2EzVmlaWEp1WlhSbGN6QWVGdzB5TkRBek1Ua3hOVEEyTVROYUZ3MHpOREF6TVRjeE5URXhNVE5hTUJVeApFekFSQmdOVkJBTVRDbXQxWW1WeWJtVjBaWE13Z2dFaU1BMEdDU3FHU0liM0RRRUJBUVVBQTRJQkR3QXdnZ0VLCkFvSUJBUUNtY1RzMjdwbUlIMzYzWGltekE0UkpVQTE4TSsrRHh2cmdFUXhmU2tKaXFtd2Q1SDNXWmE0NGZsM2UKc1hTbTlrekV3Vlg1RDdPLzJ0c3ZKSjN0R01EbFpqeGtWSlJTK3FHbk8vclBKNkxPeE95ZFFkR3pGa0EydkgvRgpjbWVzSE5NL3A0SVpCTmpMVkJ4UjRJMjRJYzlua1J5NkJkQnhhSWgxdklSRlYzcm5zRjEyd3B5clVXN3NvczdJCmJ6djVNZXJEb2hWN1FuSnVYVHNnMCtWamw0NUYrT1U1VjZFMmgzUEZROFNIejErd3hQRWVPVTdZTlBhZzAwYk4KYUQrWExUc0l6R3dHMGRQai9uNDk1OU5vc0hsOWQ2RTBRbDgxQXpENjN1SjhBZStHK3ExbUZNRnFTenJmVmRVTwpxZmp1bWozZ0pvblQ5MlplRUlOeGtCWHl5THAvQWdNQkFBR2pXVEJYTUE0R0ExVWREd0VCL3dRRUF3SUNwREFQCkJnTlZIUk1CQWY4RUJUQURBUUgvTUIwR0ExVWREZ1FXQkJUVGxPRFFYbXR5S2lJaHJkTXYwVHRUMjZIMnp6QVYKQmdOVkhSRUVEakFNZ2dwcmRXSmxjbTVsZEdWek1BMEdDU3FHU0liM0RRRUJDd1VBQTRJQkFRQ05OdkJkNy9XbQpKWDQyTlM0L1VoaFJzdTNRdkdTblRFZDlsZlNpV2J6UEtXS3RBR0UwaHBIaEJHbnBmOFJtYjE3bWJaTjh6eHMxClI4NEp6MkszL2QydmZXdjV0V1EwR1lUNWJTL3kvazhBTTNjYlV6TW9jTnhyRytwdk1ZcEQ1Sk12b0ZmSk9HcEUKdUVzSnFjRjlHOGRHTHViQjVvdTRPSktlcjh6YmRWMGN1bmJ3THI0eXBBbFpKQ1Iwck1PSlhPN3dlcS9ZNEdJagp6K1VVVy9jLzJyRExQaHZVK3VoMEYxK3VtMmpyOVI1VHA1cmZtNFdWSVVsY0dMQkFQTkJzVzFTcENCcVZnN3FLCkZkRnlxV2ZhVEt4N3B0NTBpWG1IUFdUZWx4c2FHSS9kKzlvUVpQUS9pR2NRUkxvdXlxTHR6YnhDT1Ewa1dwUmUKNWkrRUZzT1ROVEo2Ci0tLS0tRU5EIENFUlRJRklDQVRFLS0tLS0K"
              }
            ],
            "cluster_id": null,
            "created_at": "2024-03-19 15:07:12.66 +0000 UTC",
            "enabled_cluster_log_types": [
              "api",
              "audit",
              "authenticator"
            ],
            "encryption_config": [
              {
                "provider": [
                  {
                    "key_arn": "arn:aws:kms:us-west-2:954503069243:key/efbf53cb-b635-40c6-b636-a12f30e722fa"
                  }
                ],
                "resources": [
                  "secrets"
                ]
              }
            ],
            "endpoint": "https://F06756A5798FF1E1CABBA6BC91FE6C2B.gr7.us-west-2.eks.amazonaws.com",
            "id": "self-managed-airflow",
            "identity": [
              {
                "oidc": [
                  {
                    "issuer": "https://oidc.eks.us-west-2.amazonaws.com/id/F06756A5798FF1E1CABBA6BC91FE6C2B"
                  }
                ]
              }
            ],
            "kubernetes_network_config": [
              {
                "ip_family": "ipv4",
                "service_ipv4_cidr": "172.20.0.0/16",
                "service_ipv6_cidr": ""
              }
            ],
            "name": "self-managed-airflow",
            "outpost_config": [],
            "platform_version": "eks.4",
            "role_arn": "arn:aws:iam::954503069243:role/self-managed-airflow-cluster-2024031915064130870000000a",
            "status": "ACTIVE",
            "tags": {},
            "tags_all": {},
            "timeouts": {
              "create": null,
              "delete": null,
              "update": null
            },
            "version": "1.29",
            "vpc_config": [
              {
                "cluster_security_group_id": "sg-006990f49e959bffd",
                "endpoint_private_access": false,
                "endpoint_public_access": true,
                "public_access_cidrs": [
                  "0.0.0.0/0"
                ],
                "security_group_ids": [
                  "sg-0aa3d5e5d5bb3fbad"
                ],
                "subnet_ids": [
                  "subnet-04e2457472564e935",
                  "subnet-0fc9f9279a9dd40a1"
                ],
                "vpc_id": "vpc-077b42f62c22ecb49"
              }
            ]
          },
          "sensitive_attributes": [],
          "private": "eyJlMmJmYjczMC1lY2FhLTExZTYtOGY4OC0zNDM2M2JjN2M0YzAiOnsiY3JlYXRlIjoxODAwMDAwMDAwMDAwLCJkZWxldGUiOjkwMDAwMDAwMDAwMCwidXBkYXRlIjozNjAwMDAwMDAwMDAwfX0=",
          "dependencies": [
            "data.aws_availability_zones.available",
            "module.eks.aws_cloudwatch_log_group.this",
            "module.eks.aws_iam_policy.cni_ipv6_policy",
            "module.eks.aws_iam_role.this",
            "module.eks.aws_iam_role_policy_attachment.this",
            "module.eks.aws_security_group.cluster",
            "module.eks.aws_security_group.node",
            "module.eks.aws_security_group_rule.cluster",
            "module.eks.aws_security_group_rule.node",
            "module.eks.data.aws_caller_identity.current",
            "module.eks.data.aws_iam_policy_document.assume_role_policy",
            "module.eks.data.aws_iam_policy_document.cni_ipv6_policy",
            "module.eks.data.aws_iam_session_context.current",
            "module.eks.data.aws_partition.current",
            "module.eks.module.kms.aws_kms_external_key.this",
            "module.eks.module.kms.aws_kms_key.this",
            "module.eks.module.kms.aws_kms_replica_external_key.this",
            "module.eks.module.kms.aws_kms_replica_key.this",
            "module.eks.module.kms.data.aws_caller_identity.current",
            "module.eks.module.kms.data.aws_iam_policy_document.this",
            "module.eks.module.kms.data.aws_partition.current",
            "module.vpc.aws_subnet.private",
            "module.vpc.aws_vpc.this",
            "module.vpc.aws_vpc_ipv4_cidr_block_association.this"
          ]
        }
      ]
    },
    {
      "module": "module.eks",
      "mode": "managed",
      "type": "aws_iam_openid_connect_provider",
      "name": "oidc_provider",
      "provider": "provider[\"registry.terraform.io/hashicorp/aws\"]",
      "instances": [
        {
          "index_key": 0,
          "schema_version": 0,
          "attributes": {
            "arn": "arn:aws:iam::954503069243:oidc-provider/oidc.eks.us-west-2.amazonaws.com/id/F06756A5798FF1E1CABBA6BC91FE6C2B",
            "client_id_list": [
              "sts.amazonaws.com"
            ],
            "id": "arn:aws:iam::954503069243:oidc-provider/oidc.eks.us-west-2.amazonaws.com/id/F06756A5798FF1E1CABBA6BC91FE6C2B",
            "tags": {
              "Name": "self-managed-airflow-eks-irsa"
            },
            "tags_all": {
              "Name": "self-managed-airflow-eks-irsa"
            },
            "thumbprint_list": [
              "9e99a48a9960b14926bb7f3b02e22da2b0ab7280"
            ],
            "url": "oidc.eks.us-west-2.amazonaws.com/id/F06756A5798FF1E1CABBA6BC91FE6C2B"
          },
          "sensitive_attributes": [],
          "private": "bnVsbA==",
          "dependencies": [
            "data.aws_availability_zones.available",
            "module.eks.aws_cloudwatch_log_group.this",
            "module.eks.aws_eks_cluster.this",
            "module.eks.aws_iam_policy.cni_ipv6_policy",
            "module.eks.aws_iam_role.this",
            "module.eks.aws_iam_role_policy_attachment.this",
            "module.eks.aws_security_group.cluster",
            "module.eks.aws_security_group.node",
            "module.eks.aws_security_group_rule.cluster",
            "module.eks.aws_security_group_rule.node",
            "module.eks.data.aws_caller_identity.current",
            "module.eks.data.aws_iam_policy_document.assume_role_policy",
            "module.eks.data.aws_iam_policy_document.cni_ipv6_policy",
            "module.eks.data.aws_iam_session_context.current",
            "module.eks.data.aws_partition.current",
            "module.eks.data.tls_certificate.this",
            "module.eks.module.kms.aws_kms_external_key.this",
            "module.eks.module.kms.aws_kms_key.this",
            "module.eks.module.kms.aws_kms_replica_external_key.this",
            "module.eks.module.kms.aws_kms_replica_key.this",
            "module.eks.module.kms.data.aws_caller_identity.current",
            "module.eks.module.kms.data.aws_iam_policy_document.this",
            "module.eks.module.kms.data.aws_partition.current",
            "module.vpc.aws_subnet.private",
            "module.vpc.aws_vpc.this",
            "module.vpc.aws_vpc_ipv4_cidr_block_association.this"
          ]
        }
      ]
    },
    {
      "module": "module.eks",
      "mode": "managed",
      "type": "aws_iam_policy",
      "name": "cluster_encryption",
      "provider": "provider[\"registry.terraform.io/hashicorp/aws\"]",
      "instances": [
        {
          "index_key": 0,
          "schema_version": 0,
          "attributes": {
            "arn": "arn:aws:iam::954503069243:policy/self-managed-airflow-cluster-ClusterEncryption20240319150703938600000019",
            "description": "Cluster encryption policy to allow cluster role to utilize CMK provided",
            "id": "arn:aws:iam::954503069243:policy/self-managed-airflow-cluster-ClusterEncryption20240319150703938600000019",
            "name": "self-managed-airflow-cluster-ClusterEncryption20240319150703938600000019",
            "name_prefix": "self-managed-airflow-cluster-ClusterEncryption",
            "path": "/",
            "policy": "{\"Statement\":[{\"Action\":[\"kms:Encrypt\",\"kms:Decrypt\",\"kms:ListGrants\",\"kms:DescribeKey\"],\"Effect\":\"Allow\",\"Resource\":\"arn:aws:kms:us-west-2:954503069243:key/efbf53cb-b635-40c6-b636-a12f30e722fa\"}],\"Version\":\"2012-10-17\"}",
            "policy_id": "ANPA54PGQ7Y55E3FRVXRJ",
            "tags": {},
            "tags_all": {}
          },
          "sensitive_attributes": [],
          "private": "bnVsbA==",
          "dependencies": [
            "module.eks.aws_iam_role.this",
            "module.eks.data.aws_caller_identity.current",
            "module.eks.data.aws_iam_policy_document.assume_role_policy",
            "module.eks.data.aws_iam_session_context.current",
            "module.eks.data.aws_partition.current",
            "module.eks.module.kms.aws_kms_external_key.this",
            "module.eks.module.kms.aws_kms_key.this",
            "module.eks.module.kms.aws_kms_replica_external_key.this",
            "module.eks.module.kms.aws_kms_replica_key.this",
            "module.eks.module.kms.data.aws_caller_identity.current",
            "module.eks.module.kms.data.aws_iam_policy_document.this",
            "module.eks.module.kms.data.aws_partition.current"
          ]
        }
      ]
    },
    {
      "module": "module.eks",
      "mode": "managed",
      "type": "aws_iam_role",
      "name": "this",
      "provider": "provider[\"registry.terraform.io/hashicorp/aws\"]",
      "instances": [
        {
          "index_key": 0,
          "schema_version": 0,
          "attributes": {
            "arn": "arn:aws:iam::954503069243:role/self-managed-airflow-cluster-2024031915064130870000000a",
            "assume_role_policy": "{\"Statement\":[{\"Action\":\"sts:AssumeRole\",\"Effect\":\"Allow\",\"Principal\":{\"Service\":\"eks.amazonaws.com\"},\"Sid\":\"EKSClusterAssumeRole\"}],\"Version\":\"2012-10-17\"}",
            "create_date": "2024-03-19T15:06:41Z",
            "description": "",
            "force_detach_policies": true,
            "id": "self-managed-airflow-cluster-2024031915064130870000000a",
            "inline_policy": [
              {
                "name": "self-managed-airflow-cluster",
                "policy": "{\"Version\":\"2012-10-17\",\"Statement\":[{\"Action\":[\"logs:CreateLogGroup\"],\"Effect\":\"Deny\",\"Resource\":\"*\"}]}"
              }
            ],
            "managed_policy_arns": [
              "arn:aws:iam::954503069243:policy/self-managed-airflow-cluster-ClusterEncryption20240319150703938600000019",
              "arn:aws:iam::aws:policy/AmazonEKSClusterPolicy",
              "arn:aws:iam::aws:policy/AmazonEKSVPCResourceController"
            ],
            "max_session_duration": 3600,
            "name": "self-managed-airflow-cluster-2024031915064130870000000a",
            "name_prefix": "self-managed-airflow-cluster-",
            "path": "/",
            "permissions_boundary": "",
            "tags": {},
            "tags_all": {},
            "unique_id": "AROA54PGQ7Y54ZKJROXTT"
          },
          "sensitive_attributes": [],
          "private": "bnVsbA==",
          "dependencies": [
            "module.eks.data.aws_iam_policy_document.assume_role_policy",
            "module.eks.data.aws_partition.current"
          ]
        }
      ]
    },
    {
      "module": "module.eks",
      "mode": "managed",
      "type": "aws_iam_role_policy_attachment",
      "name": "cluster_encryption",
      "provider": "provider[\"registry.terraform.io/hashicorp/aws\"]",
      "instances": [
        {
          "index_key": 0,
          "schema_version": 0,
          "attributes": {
            "id": "self-managed-airflow-cluster-2024031915064130870000000a-2024031915070501270000001c",
            "policy_arn": "arn:aws:iam::954503069243:policy/self-managed-airflow-cluster-ClusterEncryption20240319150703938600000019",
            "role": "self-managed-airflow-cluster-2024031915064130870000000a"
          },
          "sensitive_attributes": [],
          "private": "bnVsbA==",
          "dependencies": [
            "module.eks.aws_iam_policy.cluster_encryption",
            "module.eks.aws_iam_role.this",
            "module.eks.data.aws_caller_identity.current",
            "module.eks.data.aws_iam_policy_document.assume_role_policy",
            "module.eks.data.aws_iam_session_context.current",
            "module.eks.data.aws_partition.current",
            "module.eks.module.kms.aws_kms_external_key.this",
            "module.eks.module.kms.aws_kms_key.this",
            "module.eks.module.kms.aws_kms_replica_external_key.this",
            "module.eks.module.kms.aws_kms_replica_key.this",
            "module.eks.module.kms.data.aws_caller_identity.current",
            "module.eks.module.kms.data.aws_iam_policy_document.this",
            "module.eks.module.kms.data.aws_partition.current"
          ]
        }
      ]
    },
    {
      "module": "module.eks",
      "mode": "managed",
      "type": "aws_iam_role_policy_attachment",
      "name": "this",
      "provider": "provider[\"registry.terraform.io/hashicorp/aws\"]",
      "instances": [
        {
          "index_key": "AmazonEKSClusterPolicy",
          "schema_version": 0,
          "attributes": {
            "id": "self-managed-airflow-cluster-2024031915064130870000000a-20240319150643682200000012",
            "policy_arn": "arn:aws:iam::aws:policy/AmazonEKSClusterPolicy",
            "role": "self-managed-airflow-cluster-2024031915064130870000000a"
          },
          "sensitive_attributes": [],
          "private": "bnVsbA==",
          "dependencies": [
            "module.eks.aws_iam_role.this",
            "module.eks.data.aws_iam_policy_document.assume_role_policy",
            "module.eks.data.aws_partition.current"
          ]
        },
        {
          "index_key": "AmazonEKSVPCResourceController",
          "schema_version": 0,
          "attributes": {
            "id": "self-managed-airflow-cluster-2024031915064130870000000a-20240319150643662900000011",
            "policy_arn": "arn:aws:iam::aws:policy/AmazonEKSVPCResourceController",
            "role": "self-managed-airflow-cluster-2024031915064130870000000a"
          },
          "sensitive_attributes": [],
          "private": "bnVsbA==",
          "dependencies": [
            "module.eks.aws_iam_role.this",
            "module.eks.data.aws_iam_policy_document.assume_role_policy",
            "module.eks.data.aws_partition.current"
          ]
        }
      ]
    },
    {
      "module": "module.eks",
      "mode": "managed",
      "type": "aws_security_group",
      "name": "cluster",
      "provider": "provider[\"registry.terraform.io/hashicorp/aws\"]",
      "instances": [
        {
          "index_key": 0,
          "schema_version": 1,
          "attributes": {
            "arn": "arn:aws:ec2:us-west-2:954503069243:security-group/sg-0aa3d5e5d5bb3fbad",
            "description": "EKS cluster security group",
            "egress": [],
            "id": "sg-0aa3d5e5d5bb3fbad",
            "ingress": [
              {
                "cidr_blocks": [],
                "description": "Node groups to cluster API",
                "from_port": 443,
                "ipv6_cidr_blocks": [],
                "prefix_list_ids": [],
                "protocol": "tcp",
                "security_groups": [
                  "sg-057738764afa60215"
                ],
                "self": false,
                "to_port": 443
              },
              {
                "cidr_blocks": [],
                "description": "Nodes on ephemeral ports",
                "from_port": 1025,
                "ipv6_cidr_blocks": [],
                "prefix_list_ids": [],
                "protocol": "tcp",
                "security_groups": [
                  "sg-057738764afa60215"
                ],
                "self": false,
                "to_port": 65535
              }
            ],
            "name": "self-managed-airflow-cluster-20240319150653048700000017",
            "name_prefix": "self-managed-airflow-cluster-",
            "owner_id": "954503069243",
            "revoke_rules_on_delete": false,
            "tags": {
              "Name": "self-managed-airflow-cluster"
            },
            "tags_all": {
              "Name": "self-managed-airflow-cluster"
            },
            "timeouts": null,
            "vpc_id": "vpc-077b42f62c22ecb49"
          },
          "sensitive_attributes": [],
          "private": "eyJlMmJmYjczMC1lY2FhLTExZTYtOGY4OC0zNDM2M2JjN2M0YzAiOnsiY3JlYXRlIjo2MDAwMDAwMDAwMDAsImRlbGV0ZSI6OTAwMDAwMDAwMDAwfSwic2NoZW1hX3ZlcnNpb24iOiIxIn0=",
          "dependencies": [
            "module.vpc.aws_vpc.this"
          ],
          "create_before_destroy": true
        }
      ]
    },
    {
      "module": "module.eks",
      "mode": "managed",
      "type": "aws_security_group",
      "name": "node",
      "provider": "provider[\"registry.terraform.io/hashicorp/aws\"]",
      "instances": [
        {
          "index_key": 0,
          "schema_version": 1,
          "attributes": {
            "arn": "arn:aws:ec2:us-west-2:954503069243:security-group/sg-057738764afa60215",
            "description": "EKS node shared security group",
            "egress": [
              {
                "cidr_blocks": [
                  "0.0.0.0/0"
                ],
                "description": "Allow all egress",
                "from_port": 0,
                "ipv6_cidr_blocks": [],
                "prefix_list_ids": [],
                "protocol": "-1",
                "security_groups": [],
                "self": false,
                "to_port": 0
              }
            ],
            "id": "sg-057738764afa60215",
            "ingress": [
              {
                "cidr_blocks": [],
                "description": "Cluster API to Nodegroup all traffic",
                "from_port": 0,
                "ipv6_cidr_blocks": [],
                "prefix_list_ids": [],
                "protocol": "-1",
                "security_groups": [
                  "sg-0aa3d5e5d5bb3fbad"
                ],
                "self": false,
                "to_port": 0
              },
              {
                "cidr_blocks": [],
                "description": "Cluster API to node 4443/tcp webhook",
                "from_port": 4443,
                "ipv6_cidr_blocks": [],
                "prefix_list_ids": [],
                "protocol": "tcp",
                "security_groups": [
                  "sg-0aa3d5e5d5bb3fbad"
                ],
                "self": false,
                "to_port": 4443
              },
              {
                "cidr_blocks": [],
                "description": "Cluster API to node 6443/tcp webhook",
                "from_port": 6443,
                "ipv6_cidr_blocks": [],
                "prefix_list_ids": [],
                "protocol": "tcp",
                "security_groups": [
                  "sg-0aa3d5e5d5bb3fbad"
                ],
                "self": false,
                "to_port": 6443
              },
              {
                "cidr_blocks": [],
                "description": "Cluster API to node 8443/tcp webhook",
                "from_port": 8443,
                "ipv6_cidr_blocks": [],
                "prefix_list_ids": [],
                "protocol": "tcp",
                "security_groups": [
                  "sg-0aa3d5e5d5bb3fbad"
                ],
                "self": false,
                "to_port": 8443
              },
              {
                "cidr_blocks": [],
                "description": "Cluster API to node 9443/tcp webhook",
                "from_port": 9443,
                "ipv6_cidr_blocks": [],
                "prefix_list_ids": [],
                "protocol": "tcp",
                "security_groups": [
                  "sg-0aa3d5e5d5bb3fbad"
                ],
                "self": false,
                "to_port": 9443
              },
              {
                "cidr_blocks": [],
                "description": "Cluster API to node groups",
                "from_port": 443,
                "ipv6_cidr_blocks": [],
                "prefix_list_ids": [],
                "protocol": "tcp",
                "security_groups": [
                  "sg-0aa3d5e5d5bb3fbad"
                ],
                "self": false,
                "to_port": 443
              },
              {
                "cidr_blocks": [],
                "description": "Cluster API to node kubelets",
                "from_port": 10250,
                "ipv6_cidr_blocks": [],
                "prefix_list_ids": [],
                "protocol": "tcp",
                "security_groups": [
                  "sg-0aa3d5e5d5bb3fbad"
                ],
                "self": false,
                "to_port": 10250
              },
              {
                "cidr_blocks": [],
                "description": "Node to node CoreDNS UDP",
                "from_port": 53,
                "ipv6_cidr_blocks": [],
                "prefix_list_ids": [],
                "protocol": "udp",
                "security_groups": [],
                "self": true,
                "to_port": 53
              },
              {
                "cidr_blocks": [],
                "description": "Node to node CoreDNS",
                "from_port": 53,
                "ipv6_cidr_blocks": [],
                "prefix_list_ids": [],
                "protocol": "tcp",
                "security_groups": [],
                "self": true,
                "to_port": 53
              },
              {
                "cidr_blocks": [],
                "description": "Node to node all ports/protocols",
                "from_port": 0,
                "ipv6_cidr_blocks": [],
                "prefix_list_ids": [],
                "protocol": "-1",
                "security_groups": [],
                "self": true,
                "to_port": 0
              },
              {
                "cidr_blocks": [],
                "description": "Node to node ingress on ephemeral ports",
                "from_port": 1025,
                "ipv6_cidr_blocks": [],
                "prefix_list_ids": [],
                "protocol": "tcp",
                "security_groups": [],
                "self": true,
                "to_port": 65535
              },
              {
                "cidr_blocks": [],
                "description": "elbv2.k8s.aws/targetGroupBinding=shared",
                "from_port": 30822,
                "ipv6_cidr_blocks": [],
                "prefix_list_ids": [],
                "protocol": "tcp",
                "security_groups": [
                  "sg-055b9c5056b3a7bfb"
                ],
                "self": false,
                "to_port": 30822
              }
            ],
            "name": "self-managed-airflow-node-20240319150653051200000018",
            "name_prefix": "self-managed-airflow-node-",
            "owner_id": "954503069243",
            "revoke_rules_on_delete": false,
            "tags": {
              "Name": "self-managed-airflow-node",
              "kubernetes.io/cluster/self-managed-airflow": "owned"
            },
            "tags_all": {
              "Name": "self-managed-airflow-node",
              "kubernetes.io/cluster/self-managed-airflow": "owned"
            },
            "timeouts": null,
            "vpc_id": "vpc-077b42f62c22ecb49"
          },
          "sensitive_attributes": [],
          "private": "eyJlMmJmYjczMC1lY2FhLTExZTYtOGY4OC0zNDM2M2JjN2M0YzAiOnsiY3JlYXRlIjo2MDAwMDAwMDAwMDAsImRlbGV0ZSI6OTAwMDAwMDAwMDAwfSwic2NoZW1hX3ZlcnNpb24iOiIxIn0=",
          "dependencies": [
            "module.vpc.aws_vpc.this"
          ],
          "create_before_destroy": true
        }
      ]
    },
    {
      "module": "module.eks",
      "mode": "managed",
      "type": "aws_security_group_rule",
      "name": "cluster",
      "provider": "provider[\"registry.terraform.io/hashicorp/aws\"]",
      "instances": [
        {
          "index_key": "ingress_nodes_443",
          "schema_version": 2,
          "attributes": {
            "cidr_blocks": null,
            "description": "Node groups to cluster API",
            "from_port": 443,
            "id": "sgrule-3712655075",
            "ipv6_cidr_blocks": null,
            "prefix_list_ids": null,
            "protocol": "tcp",
            "security_group_id": "sg-0aa3d5e5d5bb3fbad",
            "security_group_rule_id": "sgr-033df33c88a672dd6",
            "self": false,
            "source_security_group_id": "sg-057738764afa60215",
            "timeouts": null,
            "to_port": 443,
            "type": "ingress"
          },
          "sensitive_attributes": [],
          "private": "eyJlMmJmYjczMC1lY2FhLTExZTYtOGY4OC0zNDM2M2JjN2M0YzAiOnsiY3JlYXRlIjozMDAwMDAwMDAwMDB9LCJzY2hlbWFfdmVyc2lvbiI6IjIifQ==",
          "dependencies": [
            "module.eks.aws_security_group.cluster",
            "module.eks.aws_security_group.node",
            "module.vpc.aws_vpc.this"
          ]
        },
        {
          "index_key": "ingress_nodes_ephemeral_ports_tcp",
          "schema_version": 2,
          "attributes": {
            "cidr_blocks": null,
            "description": "Nodes on ephemeral ports",
            "from_port": 1025,
            "id": "sgrule-1568289225",
            "ipv6_cidr_blocks": null,
            "prefix_list_ids": null,
            "protocol": "tcp",
            "security_group_id": "sg-0aa3d5e5d5bb3fbad",
            "security_group_rule_id": "sgr-0575c26c532b16508",
            "self": false,
            "source_security_group_id": "sg-057738764afa60215",
            "timeouts": null,
            "to_port": 65535,
            "type": "ingress"
          },
          "sensitive_attributes": [],
          "private": "eyJlMmJmYjczMC1lY2FhLTExZTYtOGY4OC0zNDM2M2JjN2M0YzAiOnsiY3JlYXRlIjozMDAwMDAwMDAwMDB9LCJzY2hlbWFfdmVyc2lvbiI6IjIifQ==",
          "dependencies": [
            "module.eks.aws_security_group.cluster",
            "module.eks.aws_security_group.node",
            "module.vpc.aws_vpc.this"
          ]
        }
      ]
    },
    {
      "module": "module.eks",
      "mode": "managed",
      "type": "aws_security_group_rule",
      "name": "node",
      "provider": "provider[\"registry.terraform.io/hashicorp/aws\"]",
      "instances": [
        {
          "index_key": "egress_all",
          "schema_version": 2,
          "attributes": {
            "cidr_blocks": [
              "0.0.0.0/0"
            ],
            "description": "Allow all egress",
            "from_port": 0,
            "id": "sgrule-4151238695",
            "ipv6_cidr_blocks": null,
            "prefix_list_ids": [],
            "protocol": "-1",
            "security_group_id": "sg-057738764afa60215",
            "security_group_rule_id": "sgr-0a00f1d5b62afe8ec",
            "self": false,
            "source_security_group_id": null,
            "timeouts": null,
            "to_port": 0,
            "type": "egress"
          },
          "sensitive_attributes": [],
          "private": "eyJlMmJmYjczMC1lY2FhLTExZTYtOGY4OC0zNDM2M2JjN2M0YzAiOnsiY3JlYXRlIjozMDAwMDAwMDAwMDB9LCJzY2hlbWFfdmVyc2lvbiI6IjIifQ==",
          "dependencies": [
            "module.eks.aws_security_group.cluster",
            "module.eks.aws_security_group.node",
            "module.vpc.aws_vpc.this"
          ]
        },
        {
          "index_key": "ingress_cluster_443",
          "schema_version": 2,
          "attributes": {
            "cidr_blocks": null,
            "description": "Cluster API to node groups",
            "from_port": 443,
            "id": "sgrule-61506849",
            "ipv6_cidr_blocks": null,
            "prefix_list_ids": [],
            "protocol": "tcp",
            "security_group_id": "sg-057738764afa60215",
            "security_group_rule_id": "sgr-0b5c05971fa0bd500",
            "self": false,
            "source_security_group_id": "sg-0aa3d5e5d5bb3fbad",
            "timeouts": null,
            "to_port": 443,
            "type": "ingress"
          },
          "sensitive_attributes": [],
          "private": "eyJlMmJmYjczMC1lY2FhLTExZTYtOGY4OC0zNDM2M2JjN2M0YzAiOnsiY3JlYXRlIjozMDAwMDAwMDAwMDB9LCJzY2hlbWFfdmVyc2lvbiI6IjIifQ==",
          "dependencies": [
            "module.eks.aws_security_group.cluster",
            "module.eks.aws_security_group.node",
            "module.vpc.aws_vpc.this"
          ]
        },
        {
          "index_key": "ingress_cluster_4443_webhook",
          "schema_version": 2,
          "attributes": {
            "cidr_blocks": null,
            "description": "Cluster API to node 4443/tcp webhook",
            "from_port": 4443,
            "id": "sgrule-1378672561",
            "ipv6_cidr_blocks": null,
            "prefix_list_ids": [],
            "protocol": "tcp",
            "security_group_id": "sg-057738764afa60215",
            "security_group_rule_id": "sgr-060d9a15ba1a92727",
            "self": false,
            "source_security_group_id": "sg-0aa3d5e5d5bb3fbad",
            "timeouts": null,
            "to_port": 4443,
            "type": "ingress"
          },
          "sensitive_attributes": [],
          "private": "eyJlMmJmYjczMC1lY2FhLTExZTYtOGY4OC0zNDM2M2JjN2M0YzAiOnsiY3JlYXRlIjozMDAwMDAwMDAwMDB9LCJzY2hlbWFfdmVyc2lvbiI6IjIifQ==",
          "dependencies": [
            "module.eks.aws_security_group.cluster",
            "module.eks.aws_security_group.node",
            "module.vpc.aws_vpc.this"
          ]
        },
        {
          "index_key": "ingress_cluster_6443_webhook",
          "schema_version": 2,
          "attributes": {
            "cidr_blocks": null,
            "description": "Cluster API to node 6443/tcp webhook",
            "from_port": 6443,
            "id": "sgrule-2607724583",
            "ipv6_cidr_blocks": null,
            "prefix_list_ids": [],
            "protocol": "tcp",
            "security_group_id": "sg-057738764afa60215",
            "security_group_rule_id": "sgr-06229e771fe06ed70",
            "self": false,
            "source_security_group_id": "sg-0aa3d5e5d5bb3fbad",
            "timeouts": null,
            "to_port": 6443,
            "type": "ingress"
          },
          "sensitive_attributes": [],
          "private": "eyJlMmJmYjczMC1lY2FhLTExZTYtOGY4OC0zNDM2M2JjN2M0YzAiOnsiY3JlYXRlIjozMDAwMDAwMDAwMDB9LCJzY2hlbWFfdmVyc2lvbiI6IjIifQ==",
          "dependencies": [
            "module.eks.aws_security_group.cluster",
            "module.eks.aws_security_group.node",
            "module.vpc.aws_vpc.this"
          ]
        },
        {
          "index_key": "ingress_cluster_8443_webhook",
          "schema_version": 2,
          "attributes": {
            "cidr_blocks": null,
            "description": "Cluster API to node 8443/tcp webhook",
            "from_port": 8443,
            "id": "sgrule-2285011974",
            "ipv6_cidr_blocks": null,
            "prefix_list_ids": [],
            "protocol": "tcp",
            "security_group_id": "sg-057738764afa60215",
            "security_group_rule_id": "sgr-09c866ab04e9f7973",
            "self": false,
            "source_security_group_id": "sg-0aa3d5e5d5bb3fbad",
            "timeouts": null,
            "to_port": 8443,
            "type": "ingress"
          },
          "sensitive_attributes": [],
          "private": "eyJlMmJmYjczMC1lY2FhLTExZTYtOGY4OC0zNDM2M2JjN2M0YzAiOnsiY3JlYXRlIjozMDAwMDAwMDAwMDB9LCJzY2hlbWFfdmVyc2lvbiI6IjIifQ==",
          "dependencies": [
            "module.eks.aws_security_group.cluster",
            "module.eks.aws_security_group.node",
            "module.vpc.aws_vpc.this"
          ]
        },
        {
          "index_key": "ingress_cluster_9443_webhook",
          "schema_version": 2,
          "attributes": {
            "cidr_blocks": null,
            "description": "Cluster API to node 9443/tcp webhook",
            "from_port": 9443,
            "id": "sgrule-3969103821",
            "ipv6_cidr_blocks": null,
            "prefix_list_ids": [],
            "protocol": "tcp",
            "security_group_id": "sg-057738764afa60215",
            "security_group_rule_id": "sgr-05a1ccefd171355bf",
            "self": false,
            "source_security_group_id": "sg-0aa3d5e5d5bb3fbad",
            "timeouts": null,
            "to_port": 9443,
            "type": "ingress"
          },
          "sensitive_attributes": [],
          "private": "eyJlMmJmYjczMC1lY2FhLTExZTYtOGY4OC0zNDM2M2JjN2M0YzAiOnsiY3JlYXRlIjozMDAwMDAwMDAwMDB9LCJzY2hlbWFfdmVyc2lvbiI6IjIifQ==",
          "dependencies": [
            "module.eks.aws_security_group.cluster",
            "module.eks.aws_security_group.node",
            "module.vpc.aws_vpc.this"
          ]
        },
        {
          "index_key": "ingress_cluster_kubelet",
          "schema_version": 2,
          "attributes": {
            "cidr_blocks": null,
            "description": "Cluster API to node kubelets",
            "from_port": 10250,
            "id": "sgrule-330656585",
            "ipv6_cidr_blocks": null,
            "prefix_list_ids": [],
            "protocol": "tcp",
            "security_group_id": "sg-057738764afa60215",
            "security_group_rule_id": "sgr-08889b20bbd256b71",
            "self": false,
            "source_security_group_id": "sg-0aa3d5e5d5bb3fbad",
            "timeouts": null,
            "to_port": 10250,
            "type": "ingress"
          },
          "sensitive_attributes": [],
          "private": "eyJlMmJmYjczMC1lY2FhLTExZTYtOGY4OC0zNDM2M2JjN2M0YzAiOnsiY3JlYXRlIjozMDAwMDAwMDAwMDB9LCJzY2hlbWFfdmVyc2lvbiI6IjIifQ==",
          "dependencies": [
            "module.eks.aws_security_group.cluster",
            "module.eks.aws_security_group.node",
            "module.vpc.aws_vpc.this"
          ]
        },
        {
          "index_key": "ingress_cluster_to_node_all_traffic",
          "schema_version": 2,
          "attributes": {
            "cidr_blocks": null,
            "description": "Cluster API to Nodegroup all traffic",
            "from_port": 0,
            "id": "sgrule-3159159774",
            "ipv6_cidr_blocks": null,
            "prefix_list_ids": [],
            "protocol": "-1",
            "security_group_id": "sg-057738764afa60215",
            "security_group_rule_id": "sgr-0b9ebd28d87367e2a",
            "self": false,
            "source_security_group_id": "sg-0aa3d5e5d5bb3fbad",
            "timeouts": null,
            "to_port": 0,
            "type": "ingress"
          },
          "sensitive_attributes": [],
          "private": "eyJlMmJmYjczMC1lY2FhLTExZTYtOGY4OC0zNDM2M2JjN2M0YzAiOnsiY3JlYXRlIjozMDAwMDAwMDAwMDB9LCJzY2hlbWFfdmVyc2lvbiI6IjIifQ==",
          "dependencies": [
            "module.eks.aws_security_group.cluster",
            "module.eks.aws_security_group.node",
            "module.vpc.aws_vpc.this"
          ]
        },
        {
          "index_key": "ingress_nodes_ephemeral",
          "schema_version": 2,
          "attributes": {
            "cidr_blocks": null,
            "description": "Node to node ingress on ephemeral ports",
            "from_port": 1025,
            "id": "sgrule-3359793558",
            "ipv6_cidr_blocks": null,
            "prefix_list_ids": [],
            "protocol": "tcp",
            "security_group_id": "sg-057738764afa60215",
            "security_group_rule_id": "sgr-0bff67765b4e80d44",
            "self": true,
            "source_security_group_id": null,
            "timeouts": null,
            "to_port": 65535,
            "type": "ingress"
          },
          "sensitive_attributes": [],
          "private": "eyJlMmJmYjczMC1lY2FhLTExZTYtOGY4OC0zNDM2M2JjN2M0YzAiOnsiY3JlYXRlIjozMDAwMDAwMDAwMDB9LCJzY2hlbWFfdmVyc2lvbiI6IjIifQ==",
          "dependencies": [
            "module.eks.aws_security_group.cluster",
            "module.eks.aws_security_group.node",
            "module.vpc.aws_vpc.this"
          ]
        },
        {
          "index_key": "ingress_self_all",
          "schema_version": 2,
          "attributes": {
            "cidr_blocks": null,
            "description": "Node to node all ports/protocols",
            "from_port": 0,
            "id": "sgrule-2875140421",
            "ipv6_cidr_blocks": null,
            "prefix_list_ids": [],
            "protocol": "-1",
            "security_group_id": "sg-057738764afa60215",
            "security_group_rule_id": "sgr-021c209173412ebab",
            "self": true,
            "source_security_group_id": null,
            "timeouts": null,
            "to_port": 0,
            "type": "ingress"
          },
          "sensitive_attributes": [],
          "private": "eyJlMmJmYjczMC1lY2FhLTExZTYtOGY4OC0zNDM2M2JjN2M0YzAiOnsiY3JlYXRlIjozMDAwMDAwMDAwMDB9LCJzY2hlbWFfdmVyc2lvbiI6IjIifQ==",
          "dependencies": [
            "module.eks.aws_security_group.cluster",
            "module.eks.aws_security_group.node",
            "module.vpc.aws_vpc.this"
          ]
        },
        {
          "index_key": "ingress_self_coredns_tcp",
          "schema_version": 2,
          "attributes": {
            "cidr_blocks": null,
            "description": "Node to node CoreDNS",
            "from_port": 53,
            "id": "sgrule-3204505932",
            "ipv6_cidr_blocks": null,
            "prefix_list_ids": [],
            "protocol": "tcp",
            "security_group_id": "sg-057738764afa60215",
            "security_group_rule_id": "sgr-04b4440f0c9909817",
            "self": true,
            "source_security_group_id": null,
            "timeouts": null,
            "to_port": 53,
            "type": "ingress"
          },
          "sensitive_attributes": [],
          "private": "eyJlMmJmYjczMC1lY2FhLTExZTYtOGY4OC0zNDM2M2JjN2M0YzAiOnsiY3JlYXRlIjozMDAwMDAwMDAwMDB9LCJzY2hlbWFfdmVyc2lvbiI6IjIifQ==",
          "dependencies": [
            "module.eks.aws_security_group.cluster",
            "module.eks.aws_security_group.node",
            "module.vpc.aws_vpc.this"
          ]
        },
        {
          "index_key": "ingress_self_coredns_udp",
          "schema_version": 2,
          "attributes": {
            "cidr_blocks": null,
            "description": "Node to node CoreDNS UDP",
            "from_port": 53,
            "id": "sgrule-459227811",
            "ipv6_cidr_blocks": null,
            "prefix_list_ids": [],
            "protocol": "udp",
            "security_group_id": "sg-057738764afa60215",
            "security_group_rule_id": "sgr-0a794df910c503e39",
            "self": true,
            "source_security_group_id": null,
            "timeouts": null,
            "to_port": 53,
            "type": "ingress"
          },
          "sensitive_attributes": [],
          "private": "eyJlMmJmYjczMC1lY2FhLTExZTYtOGY4OC0zNDM2M2JjN2M0YzAiOnsiY3JlYXRlIjozMDAwMDAwMDAwMDB9LCJzY2hlbWFfdmVyc2lvbiI6IjIifQ==",
          "dependencies": [
            "module.eks.aws_security_group.cluster",
            "module.eks.aws_security_group.node",
            "module.vpc.aws_vpc.this"
          ]
        }
      ]
    },
    {
      "module": "module.eks",
      "mode": "managed",
      "type": "time_sleep",
      "name": "this",
      "provider": "provider[\"registry.terraform.io/hashicorp/time\"]",
      "instances": [
        {
          "index_key": 0,
          "schema_version": 0,
          "attributes": {
            "create_duration": "30s",
            "destroy_duration": null,
            "id": "2024-03-19T15:15:13Z",
            "triggers": {
              "cluster_certificate_authority_data": "LS0tLS1CRUdJTiBDRVJUSUZJQ0FURS0tLS0tCk1JSURCVENDQWUyZ0F3SUJBZ0lJQjF1Tjg0cDFUT1F3RFFZSktvWklodmNOQVFFTEJRQXdGVEVUTUJFR0ExVUUKQXhNS2EzVmlaWEp1WlhSbGN6QWVGdzB5TkRBek1Ua3hOVEEyTVROYUZ3MHpOREF6TVRjeE5URXhNVE5hTUJVeApFekFSQmdOVkJBTVRDbXQxWW1WeWJtVjBaWE13Z2dFaU1BMEdDU3FHU0liM0RRRUJBUVVBQTRJQkR3QXdnZ0VLCkFvSUJBUUNtY1RzMjdwbUlIMzYzWGltekE0UkpVQTE4TSsrRHh2cmdFUXhmU2tKaXFtd2Q1SDNXWmE0NGZsM2UKc1hTbTlrekV3Vlg1RDdPLzJ0c3ZKSjN0R01EbFpqeGtWSlJTK3FHbk8vclBKNkxPeE95ZFFkR3pGa0EydkgvRgpjbWVzSE5NL3A0SVpCTmpMVkJ4UjRJMjRJYzlua1J5NkJkQnhhSWgxdklSRlYzcm5zRjEyd3B5clVXN3NvczdJCmJ6djVNZXJEb2hWN1FuSnVYVHNnMCtWamw0NUYrT1U1VjZFMmgzUEZROFNIejErd3hQRWVPVTdZTlBhZzAwYk4KYUQrWExUc0l6R3dHMGRQai9uNDk1OU5vc0hsOWQ2RTBRbDgxQXpENjN1SjhBZStHK3ExbUZNRnFTenJmVmRVTwpxZmp1bWozZ0pvblQ5MlplRUlOeGtCWHl5THAvQWdNQkFBR2pXVEJYTUE0R0ExVWREd0VCL3dRRUF3SUNwREFQCkJnTlZIUk1CQWY4RUJUQURBUUgvTUIwR0ExVWREZ1FXQkJUVGxPRFFYbXR5S2lJaHJkTXYwVHRUMjZIMnp6QVYKQmdOVkhSRUVEakFNZ2dwcmRXSmxjbTVsZEdWek1BMEdDU3FHU0liM0RRRUJDd1VBQTRJQkFRQ05OdkJkNy9XbQpKWDQyTlM0L1VoaFJzdTNRdkdTblRFZDlsZlNpV2J6UEtXS3RBR0UwaHBIaEJHbnBmOFJtYjE3bWJaTjh6eHMxClI4NEp6MkszL2QydmZXdjV0V1EwR1lUNWJTL3kvazhBTTNjYlV6TW9jTnhyRytwdk1ZcEQ1Sk12b0ZmSk9HcEUKdUVzSnFjRjlHOGRHTHViQjVvdTRPSktlcjh6YmRWMGN1bmJ3THI0eXBBbFpKQ1Iwck1PSlhPN3dlcS9ZNEdJagp6K1VVVy9jLzJyRExQaHZVK3VoMEYxK3VtMmpyOVI1VHA1cmZtNFdWSVVsY0dMQkFQTkJzVzFTcENCcVZnN3FLCkZkRnlxV2ZhVEt4N3B0NTBpWG1IUFdUZWx4c2FHSS9kKzlvUVpQUS9pR2NRUkxvdXlxTHR6YnhDT1Ewa1dwUmUKNWkrRUZzT1ROVEo2Ci0tLS0tRU5EIENFUlRJRklDQVRFLS0tLS0K",
              "cluster_endpoint": "https://F06756A5798FF1E1CABBA6BC91FE6C2B.gr7.us-west-2.eks.amazonaws.com",
              "cluster_name": "self-managed-airflow",
              "cluster_version": "1.29"
            }
          },
          "sensitive_attributes": [],
          "dependencies": [
            "data.aws_availability_zones.available",
            "module.eks.aws_cloudwatch_log_group.this",
            "module.eks.aws_eks_cluster.this",
            "module.eks.aws_iam_policy.cni_ipv6_policy",
            "module.eks.aws_iam_role.this",
            "module.eks.aws_iam_role_policy_attachment.this",
            "module.eks.aws_security_group.cluster",
            "module.eks.aws_security_group.node",
            "module.eks.aws_security_group_rule.cluster",
            "module.eks.aws_security_group_rule.node",
            "module.eks.data.aws_caller_identity.current",
            "module.eks.data.aws_iam_policy_document.assume_role_policy",
            "module.eks.data.aws_iam_policy_document.cni_ipv6_policy",
            "module.eks.data.aws_iam_session_context.current",
            "module.eks.data.aws_partition.current",
            "module.eks.module.kms.aws_kms_external_key.this",
            "module.eks.module.kms.aws_kms_key.this",
            "module.eks.module.kms.aws_kms_replica_external_key.this",
            "module.eks.module.kms.aws_kms_replica_key.this",
            "module.eks.module.kms.data.aws_caller_identity.current",
            "module.eks.module.kms.data.aws_iam_policy_document.this",
            "module.eks.module.kms.data.aws_partition.current",
            "module.vpc.aws_subnet.private",
            "module.vpc.aws_vpc.this",
            "module.vpc.aws_vpc_ipv4_cidr_block_association.this"
          ],
          "create_before_destroy": true
        }
      ]
    },
    {
      "module": "module.eks.module.eks_managed_node_group[\"core_node_group\"]",
      "mode": "data",
      "type": "aws_caller_identity",
      "name": "current",
      "provider": "provider[\"registry.terraform.io/hashicorp/aws\"]",
      "instances": [
        {
          "schema_version": 0,
          "attributes": {
            "account_id": "954503069243",
            "arn": "arn:aws:iam::954503069243:user/viswanath.chereddy@minfytech.com",
            "id": "954503069243",
            "user_id": "AIDA54PGQ7Y5SPO6VKAID"
          },
          "sensitive_attributes": []
        }
      ]
    },
    {
      "module": "module.eks.module.eks_managed_node_group[\"core_node_group\"]",
      "mode": "data",
      "type": "aws_iam_policy_document",
      "name": "assume_role_policy",
      "provider": "provider[\"registry.terraform.io/hashicorp/aws\"]",
      "instances": [
        {
          "index_key": 0,
          "schema_version": 0,
          "attributes": {
            "id": "2560088296",
            "json": "{\n  \"Version\": \"2012-10-17\",\n  \"Statement\": [\n    {\n      \"Sid\": \"EKSNodeAssumeRole\",\n      \"Effect\": \"Allow\",\n      \"Action\": \"sts:AssumeRole\",\n      \"Principal\": {\n        \"Service\": \"ec2.amazonaws.com\"\n      }\n    }\n  ]\n}",
            "override_json": null,
            "override_policy_documents": null,
            "policy_id": null,
            "source_json": null,
            "source_policy_documents": null,
            "statement": [
              {
                "actions": [
                  "sts:AssumeRole"
                ],
                "condition": [],
                "effect": "Allow",
                "not_actions": [],
                "not_principals": [],
                "not_resources": [],
                "principals": [
                  {
                    "identifiers": [
                      "ec2.amazonaws.com"
                    ],
                    "type": "Service"
                  }
                ],
                "resources": [],
                "sid": "EKSNodeAssumeRole"
              }
            ],
            "version": "2012-10-17"
          },
          "sensitive_attributes": []
        }
      ]
    },
    {
      "module": "module.eks.module.eks_managed_node_group[\"core_node_group\"]",
      "mode": "data",
      "type": "aws_partition",
      "name": "current",
      "provider": "provider[\"registry.terraform.io/hashicorp/aws\"]",
      "instances": [
        {
          "schema_version": 0,
          "attributes": {
            "dns_suffix": "amazonaws.com",
            "id": "aws",
            "partition": "aws",
            "reverse_dns_prefix": "com.amazonaws"
          },
          "sensitive_attributes": []
        }
      ]
    },
    {
      "module": "module.eks.module.eks_managed_node_group[\"core_node_group\"]",
      "mode": "managed",
      "type": "aws_eks_node_group",
      "name": "this",
      "provider": "provider[\"registry.terraform.io/hashicorp/aws\"]",
      "instances": [
        {
          "index_key": 0,
          "schema_version": 0,
          "attributes": {
            "ami_type": "AL2_x86_64",
            "arn": "arn:aws:eks:us-west-2:954503069243:nodegroup/self-managed-airflow/core-node-group-2024031915151460060000003d/6cc72ba3-f55d-90b3-c6cf-f7796514156e",
            "capacity_type": "ON_DEMAND",
            "cluster_name": "self-managed-airflow",
            "disk_size": 0,
            "force_update_version": null,
            "id": "self-managed-airflow:core-node-group-2024031915151460060000003d",
            "instance_types": [
              "m5.xlarge"
            ],
            "labels": {
              "NodeGroupType": "core",
              "WorkerType": "ON_DEMAND"
            },
            "launch_template": [
              {
                "id": "lt-07c85baaeddf6ebb9",
                "name": "core_node_group-2024031915151309410000003b",
                "version": "1"
              }
            ],
            "node_group_name": "core-node-group-2024031915151460060000003d",
            "node_group_name_prefix": "core-node-group-",
            "node_role_arn": "arn:aws:iam::954503069243:role/core-node-group-eks-node-group-2024031915070922320000001f",
            "release_version": "1.29.0-20240307",
            "remote_access": [],
            "resources": [
              {
                "autoscaling_groups": [
                  {
                    "name": "eks-core-node-group-2024031915151460060000003d-6cc72ba3-f55d-90b3-c6cf-f7796514156e"
                  }
                ],
                "remote_access_security_group_id": ""
              }
            ],
            "scaling_config": [
              {
                "desired_size": 4,
                "max_size": 8,
                "min_size": 4
              }
            ],
            "status": "ACTIVE",
            "subnet_ids": [
              "subnet-04e2457472564e935",
              "subnet-0fc9f9279a9dd40a1"
            ],
            "tags": {
              "Blueprint": "self-managed-airflow",
              "GithubRepo": "github.com/awslabs/data-on-eks",
              "Name": "core-node-group",
              "karpenter.sh/discovery": "self-managed-airflow"
            },
            "tags_all": {
              "Blueprint": "self-managed-airflow",
              "GithubRepo": "github.com/awslabs/data-on-eks",
              "Name": "core-node-group",
              "karpenter.sh/discovery": "self-managed-airflow"
            },
            "taint": [],
            "timeouts": {
              "create": null,
              "delete": null,
              "update": null
            },
            "update_config": [
              {
                "max_unavailable": 0,
                "max_unavailable_percentage": 33
              }
            ],
            "version": "1.29"
          },
          "sensitive_attributes": [],
          "private": "eyJlMmJmYjczMC1lY2FhLTExZTYtOGY4OC0zNDM2M2JjN2M0YzAiOnsiY3JlYXRlIjozNjAwMDAwMDAwMDAwLCJkZWxldGUiOjM2MDAwMDAwMDAwMDAsInVwZGF0ZSI6MzYwMDAwMDAwMDAwMH19",
          "dependencies": [
            "data.aws_availability_zones.available",
            "module.eks.aws_cloudwatch_log_group.this",
            "module.eks.aws_eks_cluster.this",
            "module.eks.aws_iam_policy.cni_ipv6_policy",
            "module.eks.aws_iam_role.this",
            "module.eks.aws_iam_role_policy_attachment.this",
            "module.eks.aws_security_group.cluster",
            "module.eks.aws_security_group.node",
            "module.eks.aws_security_group_rule.cluster",
            "module.eks.aws_security_group_rule.node",
            "module.eks.data.aws_caller_identity.current",
            "module.eks.data.aws_iam_policy_document.assume_role_policy",
            "module.eks.data.aws_iam_policy_document.cni_ipv6_policy",
            "module.eks.data.aws_iam_session_context.current",
            "module.eks.data.aws_partition.current",
            "module.eks.module.eks_managed_node_group.aws_iam_role.this",
            "module.eks.module.eks_managed_node_group.aws_iam_role_policy_attachment.this",
            "module.eks.module.eks_managed_node_group.aws_launch_template.this",
            "module.eks.module.eks_managed_node_group.data.aws_caller_identity.current",
            "module.eks.module.eks_managed_node_group.data.aws_iam_policy_document.assume_role_policy",
            "module.eks.module.eks_managed_node_group.data.aws_partition.current",
            "module.eks.module.eks_managed_node_group.module.user_data.data.cloudinit_config.linux_eks_managed_node_group",
            "module.eks.module.kms.aws_kms_external_key.this",
            "module.eks.module.kms.aws_kms_key.this",
            "module.eks.module.kms.aws_kms_replica_external_key.this",
            "module.eks.module.kms.aws_kms_replica_key.this",
            "module.eks.module.kms.data.aws_caller_identity.current",
            "module.eks.module.kms.data.aws_iam_policy_document.this",
            "module.eks.module.kms.data.aws_partition.current",
            "module.eks.time_sleep.this",
            "module.vpc.aws_subnet.private",
            "module.vpc.aws_vpc.this",
            "module.vpc.aws_vpc_ipv4_cidr_block_association.this"
          ],
          "create_before_destroy": true
        }
      ]
    },
    {
      "module": "module.eks.module.eks_managed_node_group[\"core_node_group\"]",
      "mode": "managed",
      "type": "aws_iam_role",
      "name": "this",
      "provider": "provider[\"registry.terraform.io/hashicorp/aws\"]",
      "instances": [
        {
          "index_key": 0,
          "schema_version": 0,
          "attributes": {
            "arn": "arn:aws:iam::954503069243:role/core-node-group-eks-node-group-2024031915070922320000001f",
            "assume_role_policy": "{\"Statement\":[{\"Action\":\"sts:AssumeRole\",\"Effect\":\"Allow\",\"Principal\":{\"Service\":\"ec2.amazonaws.com\"},\"Sid\":\"EKSNodeAssumeRole\"}],\"Version\":\"2012-10-17\"}",
            "create_date": "2024-03-19T15:07:09Z",
            "description": "EKS managed node group IAM role",
            "force_detach_policies": true,
            "id": "core-node-group-eks-node-group-2024031915070922320000001f",
            "inline_policy": [],
            "managed_policy_arns": [
              "arn:aws:iam::aws:policy/AmazonEC2ContainerRegistryReadOnly",
              "arn:aws:iam::aws:policy/AmazonEKSWorkerNodePolicy",
              "arn:aws:iam::aws:policy/AmazonEKS_CNI_Policy",
              "arn:aws:iam::aws:policy/AmazonSSMManagedInstanceCore"
            ],
            "max_session_duration": 3600,
            "name": "core-node-group-eks-node-group-2024031915070922320000001f",
            "name_prefix": "core-node-group-eks-node-group-",
            "path": "/",
            "permissions_boundary": "",
            "tags": {
              "Blueprint": "self-managed-airflow",
              "GithubRepo": "github.com/awslabs/data-on-eks",
              "Name": "core-node-grp",
              "karpenter.sh/discovery": "self-managed-airflow"
            },
            "tags_all": {
              "Blueprint": "self-managed-airflow",
              "GithubRepo": "github.com/awslabs/data-on-eks",
              "Name": "core-node-grp",
              "karpenter.sh/discovery": "self-managed-airflow"
            },
            "unique_id": "AROA54PGQ7Y54KQ3VPIB7"
          },
          "sensitive_attributes": [],
          "private": "bnVsbA==",
          "dependencies": [
            "data.aws_availability_zones.available",
            "module.eks.module.eks_managed_node_group.data.aws_iam_policy_document.assume_role_policy",
            "module.eks.module.eks_managed_node_group.data.aws_partition.current",
            "module.vpc.aws_subnet.private",
            "module.vpc.aws_vpc.this",
            "module.vpc.aws_vpc_ipv4_cidr_block_association.this"
          ],
          "create_before_destroy": true
        }
      ]
    },
    {
      "module": "module.eks.module.eks_managed_node_group[\"core_node_group\"]",
      "mode": "managed",
      "type": "aws_iam_role_policy_attachment",
      "name": "additional",
      "provider": "provider[\"registry.terraform.io/hashicorp/aws\"]",
      "instances": [
        {
          "index_key": "AmazonSSMManagedInstanceCore",
          "schema_version": 0,
          "attributes": {
            "id": "core-node-group-eks-node-group-2024031915070922320000001f-20240319150710574100000022",
            "policy_arn": "arn:aws:iam::aws:policy/AmazonSSMManagedInstanceCore",
            "role": "core-node-group-eks-node-group-2024031915070922320000001f"
          },
          "sensitive_attributes": [],
          "private": "bnVsbA==",
          "dependencies": [
            "data.aws_availability_zones.available",
            "module.eks.module.eks_managed_node_group.aws_iam_role.this",
            "module.eks.module.eks_managed_node_group.data.aws_iam_policy_document.assume_role_policy",
            "module.eks.module.eks_managed_node_group.data.aws_partition.current",
            "module.vpc.aws_subnet.private",
            "module.vpc.aws_vpc.this",
            "module.vpc.aws_vpc_ipv4_cidr_block_association.this"
          ]
        }
      ]
    },
    {
      "module": "module.eks.module.eks_managed_node_group[\"core_node_group\"]",
      "mode": "managed",
      "type": "aws_iam_role_policy_attachment",
      "name": "this",
      "provider": "provider[\"registry.terraform.io/hashicorp/aws\"]",
      "instances": [
        {
          "index_key": "arn:aws:iam::aws:policy/AmazonEC2ContainerRegistryReadOnly",
          "schema_version": 0,
          "attributes": {
            "id": "core-node-group-eks-node-group-2024031915070922320000001f-20240319150710530400000020",
            "policy_arn": "arn:aws:iam::aws:policy/AmazonEC2ContainerRegistryReadOnly",
            "role": "core-node-group-eks-node-group-2024031915070922320000001f"
          },
          "sensitive_attributes": [],
          "private": "bnVsbA==",
          "dependencies": [
            "data.aws_availability_zones.available",
            "module.eks.module.eks_managed_node_group.aws_iam_role.this",
            "module.eks.module.eks_managed_node_group.data.aws_caller_identity.current",
            "module.eks.module.eks_managed_node_group.data.aws_iam_policy_document.assume_role_policy",
            "module.eks.module.eks_managed_node_group.data.aws_partition.current",
            "module.vpc.aws_subnet.private",
            "module.vpc.aws_vpc.this",
            "module.vpc.aws_vpc_ipv4_cidr_block_association.this"
          ],
          "create_before_destroy": true
        },
        {
          "index_key": "arn:aws:iam::aws:policy/AmazonEKSWorkerNodePolicy",
          "schema_version": 0,
          "attributes": {
            "id": "core-node-group-eks-node-group-2024031915070922320000001f-20240319150710574200000023",
            "policy_arn": "arn:aws:iam::aws:policy/AmazonEKSWorkerNodePolicy",
            "role": "core-node-group-eks-node-group-2024031915070922320000001f"
          },
          "sensitive_attributes": [],
          "private": "bnVsbA==",
          "dependencies": [
            "data.aws_availability_zones.available",
            "module.eks.module.eks_managed_node_group.aws_iam_role.this",
            "module.eks.module.eks_managed_node_group.data.aws_caller_identity.current",
            "module.eks.module.eks_managed_node_group.data.aws_iam_policy_document.assume_role_policy",
            "module.eks.module.eks_managed_node_group.data.aws_partition.current",
            "module.vpc.aws_subnet.private",
            "module.vpc.aws_vpc.this",
            "module.vpc.aws_vpc_ipv4_cidr_block_association.this"
          ],
          "create_before_destroy": true
        },
        {
          "index_key": "arn:aws:iam::aws:policy/AmazonEKS_CNI_Policy",
          "schema_version": 0,
          "attributes": {
            "id": "core-node-group-eks-node-group-2024031915070922320000001f-20240319150710568600000021",
            "policy_arn": "arn:aws:iam::aws:policy/AmazonEKS_CNI_Policy",
            "role": "core-node-group-eks-node-group-2024031915070922320000001f"
          },
          "sensitive_attributes": [],
          "private": "bnVsbA==",
          "dependencies": [
            "data.aws_availability_zones.available",
            "module.eks.module.eks_managed_node_group.aws_iam_role.this",
            "module.eks.module.eks_managed_node_group.data.aws_caller_identity.current",
            "module.eks.module.eks_managed_node_group.data.aws_iam_policy_document.assume_role_policy",
            "module.eks.module.eks_managed_node_group.data.aws_partition.current",
            "module.vpc.aws_subnet.private",
            "module.vpc.aws_vpc.this",
            "module.vpc.aws_vpc_ipv4_cidr_block_association.this"
          ],
          "create_before_destroy": true
        }
      ]
    },
    {
      "module": "module.eks.module.eks_managed_node_group[\"core_node_group\"]",
      "mode": "managed",
      "type": "aws_launch_template",
      "name": "this",
      "provider": "provider[\"registry.terraform.io/hashicorp/aws\"]",
      "instances": [
        {
          "index_key": 0,
          "schema_version": 0,
          "attributes": {
            "arn": "arn:aws:ec2:us-west-2:954503069243:launch-template/lt-07c85baaeddf6ebb9",
            "block_device_mappings": [
              {
                "device_name": "/dev/xvda",
                "ebs": [
                  {
                    "delete_on_termination": "",
                    "encrypted": "",
                    "iops": 0,
                    "kms_key_id": "",
                    "snapshot_id": "",
                    "throughput": 0,
                    "volume_size": 100,
                    "volume_type": "gp3"
                  }
                ],
                "no_device": "",
                "virtual_name": ""
              }
            ],
            "capacity_reservation_specification": [],
            "cpu_options": [],
            "credit_specification": [],
            "default_version": 1,
            "description": "Custom launch template for core-node-group EKS managed node group",
            "disable_api_stop": false,
            "disable_api_termination": false,
            "ebs_optimized": "true",
            "elastic_gpu_specifications": [],
            "elastic_inference_accelerator": [],
            "enclave_options": [],
            "hibernation_options": [],
            "iam_instance_profile": [],
            "id": "lt-07c85baaeddf6ebb9",
            "image_id": "",
            "instance_initiated_shutdown_behavior": "",
            "instance_market_options": [],
            "instance_requirements": [],
            "instance_type": "",
            "kernel_id": "",
            "key_name": "",
            "latest_version": 1,
            "license_specification": [],
            "maintenance_options": [],
            "metadata_options": [
              {
                "http_endpoint": "enabled",
                "http_protocol_ipv6": "",
                "http_put_response_hop_limit": 2,
                "http_tokens": "required",
                "instance_metadata_tags": ""
              }
            ],
            "monitoring": [
              {
                "enabled": true
              }
            ],
            "name": "core_node_group-2024031915151309410000003b",
            "name_prefix": "core_node_group-",
            "network_interfaces": [],
            "placement": [],
            "private_dns_name_options": [],
            "ram_disk_id": "",
            "security_group_names": [],
            "tag_specifications": [
              {
                "resource_type": "instance",
                "tags": {
                  "Blueprint": "self-managed-airflow",
                  "GithubRepo": "github.com/awslabs/data-on-eks",
                  "Name": "core-node-group",
                  "karpenter.sh/discovery": "self-managed-airflow"
                }
              },
              {
                "resource_type": "network-interface",
                "tags": {
                  "Blueprint": "self-managed-airflow",
                  "GithubRepo": "github.com/awslabs/data-on-eks",
                  "Name": "core-node-group",
                  "karpenter.sh/discovery": "self-managed-airflow"
                }
              },
              {
                "resource_type": "volume",
                "tags": {
                  "Blueprint": "self-managed-airflow",
                  "GithubRepo": "github.com/awslabs/data-on-eks",
                  "Name": "core-node-group",
                  "karpenter.sh/discovery": "self-managed-airflow"
                }
              }
            ],
            "tags": {
              "Blueprint": "self-managed-airflow",
              "GithubRepo": "github.com/awslabs/data-on-eks",
              "Name": "core-node-grp",
              "karpenter.sh/discovery": "self-managed-airflow"
            },
            "tags_all": {
              "Blueprint": "self-managed-airflow",
              "GithubRepo": "github.com/awslabs/data-on-eks",
              "Name": "core-node-grp",
              "karpenter.sh/discovery": "self-managed-airflow"
            },
            "update_default_version": true,
            "user_data": "",
            "vpc_security_group_ids": [
              "sg-057738764afa60215"
            ]
          },
          "sensitive_attributes": [],
          "private": "bnVsbA==",
          "dependencies": [
            "data.aws_availability_zones.available",
            "module.eks.aws_cloudwatch_log_group.this",
            "module.eks.aws_eks_cluster.this",
            "module.eks.aws_iam_policy.cni_ipv6_policy",
            "module.eks.aws_iam_role.this",
            "module.eks.aws_iam_role_policy_attachment.this",
            "module.eks.aws_security_group.cluster",
            "module.eks.aws_security_group.node",
            "module.eks.aws_security_group_rule.cluster",
            "module.eks.aws_security_group_rule.node",
            "module.eks.data.aws_caller_identity.current",
            "module.eks.data.aws_iam_policy_document.assume_role_policy",
            "module.eks.data.aws_iam_policy_document.cni_ipv6_policy",
            "module.eks.data.aws_iam_session_context.current",
            "module.eks.data.aws_partition.current",
            "module.eks.module.eks_managed_node_group.aws_iam_role.this",
            "module.eks.module.eks_managed_node_group.aws_iam_role_policy_attachment.this",
            "module.eks.module.eks_managed_node_group.data.aws_caller_identity.current",
            "module.eks.module.eks_managed_node_group.data.aws_iam_policy_document.assume_role_policy",
            "module.eks.module.eks_managed_node_group.data.aws_partition.current",
            "module.eks.module.eks_managed_node_group.module.user_data.data.cloudinit_config.linux_eks_managed_node_group",
            "module.eks.module.kms.aws_kms_external_key.this",
            "module.eks.module.kms.aws_kms_key.this",
            "module.eks.module.kms.aws_kms_replica_external_key.this",
            "module.eks.module.kms.aws_kms_replica_key.this",
            "module.eks.module.kms.data.aws_caller_identity.current",
            "module.eks.module.kms.data.aws_iam_policy_document.this",
            "module.eks.module.kms.data.aws_partition.current",
            "module.eks.time_sleep.this",
            "module.vpc.aws_subnet.private",
            "module.vpc.aws_vpc.this",
            "module.vpc.aws_vpc_ipv4_cidr_block_association.this"
          ],
          "create_before_destroy": true
        }
      ]
    },
    {
      "module": "module.eks.module.kms",
      "mode": "data",
      "type": "aws_caller_identity",
      "name": "current",
      "provider": "provider[\"registry.terraform.io/hashicorp/aws\"]",
      "instances": [
        {
          "index_key": 0,
          "schema_version": 0,
          "attributes": {
            "account_id": "954503069243",
            "arn": "arn:aws:iam::954503069243:user/viswanath.chereddy@minfytech.com",
            "id": "954503069243",
            "user_id": "AIDA54PGQ7Y5SPO6VKAID"
          },
          "sensitive_attributes": []
        }
      ]
    },
    {
      "module": "module.eks.module.kms",
      "mode": "data",
      "type": "aws_iam_policy_document",
      "name": "this",
      "provider": "provider[\"registry.terraform.io/hashicorp/aws\"]",
      "instances": [
        {
          "index_key": 0,
          "schema_version": 0,
          "attributes": {
            "id": "292640948",
            "json": "{\n  \"Version\": \"2012-10-17\",\n  \"Statement\": [\n    {\n      \"Sid\": \"KeyAdministration\",\n      \"Effect\": \"Allow\",\n      \"Action\": [\n        \"kms:Update*\",\n        \"kms:UntagResource\",\n        \"kms:TagResource\",\n        \"kms:ScheduleKeyDeletion\",\n        \"kms:Revoke*\",\n        \"kms:ReplicateKey\",\n        \"kms:Put*\",\n        \"kms:List*\",\n        \"kms:ImportKeyMaterial\",\n        \"kms:Get*\",\n        \"kms:Enable*\",\n        \"kms:Disable*\",\n        \"kms:Describe*\",\n        \"kms:Delete*\",\n        \"kms:Create*\",\n        \"kms:CancelKeyDeletion\"\n      ],\n      \"Resource\": \"*\",\n      \"Principal\": {\n        \"AWS\": \"arn:aws:iam::954503069243:user/viswanath.chereddy@minfytech.com\"\n      }\n    },\n    {\n      \"Sid\": \"KeyUsage\",\n      \"Effect\": \"Allow\",\n      \"Action\": [\n        \"kms:ReEncrypt*\",\n        \"kms:GenerateDataKey*\",\n        \"kms:Encrypt\",\n        \"kms:DescribeKey\",\n        \"kms:Decrypt\"\n      ],\n      \"Resource\": \"*\",\n      \"Principal\": {\n        \"AWS\": \"arn:aws:iam::954503069243:role/self-managed-airflow-cluster-2024031915064130870000000a\"\n      }\n    }\n  ]\n}",
            "override_json": null,
            "override_policy_documents": null,
            "policy_id": null,
            "source_json": null,
            "source_policy_documents": null,
            "statement": [
              {
                "actions": [
                  "kms:CancelKeyDeletion",
                  "kms:Create*",
                  "kms:Delete*",
                  "kms:Describe*",
                  "kms:Disable*",
                  "kms:Enable*",
                  "kms:Get*",
                  "kms:ImportKeyMaterial",
                  "kms:List*",
                  "kms:Put*",
                  "kms:ReplicateKey",
                  "kms:Revoke*",
                  "kms:ScheduleKeyDeletion",
                  "kms:TagResource",
                  "kms:UntagResource",
                  "kms:Update*"
                ],
                "condition": [],
                "effect": "Allow",
                "not_actions": [],
                "not_principals": [],
                "not_resources": [],
                "principals": [
                  {
                    "identifiers": [
                      "arn:aws:iam::954503069243:user/viswanath.chereddy@minfytech.com"
                    ],
                    "type": "AWS"
                  }
                ],
                "resources": [
                  "*"
                ],
                "sid": "KeyAdministration"
              },
              {
                "actions": [
                  "kms:Decrypt",
                  "kms:DescribeKey",
                  "kms:Encrypt",
                  "kms:GenerateDataKey*",
                  "kms:ReEncrypt*"
                ],
                "condition": [],
                "effect": "Allow",
                "not_actions": [],
                "not_principals": [],
                "not_resources": [],
                "principals": [
                  {
                    "identifiers": [
                      "arn:aws:iam::954503069243:role/self-managed-airflow-cluster-2024031915064130870000000a"
                    ],
                    "type": "AWS"
                  }
                ],
                "resources": [
                  "*"
                ],
                "sid": "KeyUsage"
              }
            ],
            "version": "2012-10-17"
          },
          "sensitive_attributes": []
        }
      ]
    },
    {
      "module": "module.eks.module.kms",
      "mode": "data",
      "type": "aws_partition",
      "name": "current",
      "provider": "provider[\"registry.terraform.io/hashicorp/aws\"]",
      "instances": [
        {
          "index_key": 0,
          "schema_version": 0,
          "attributes": {
            "dns_suffix": "amazonaws.com",
            "id": "aws",
            "partition": "aws",
            "reverse_dns_prefix": "com.amazonaws"
          },
          "sensitive_attributes": []
        }
      ]
    },
    {
      "module": "module.eks.module.kms",
      "mode": "managed",
      "type": "aws_kms_alias",
      "name": "this",
      "provider": "provider[\"registry.terraform.io/hashicorp/aws\"]",
      "instances": [
        {
          "index_key": "cluster",
          "schema_version": 0,
          "attributes": {
            "arn": "arn:aws:kms:us-west-2:954503069243:alias/eks/self-managed-airflow",
            "id": "alias/eks/self-managed-airflow",
            "name": "alias/eks/self-managed-airflow",
            "name_prefix": "",
            "target_key_arn": "arn:aws:kms:us-west-2:954503069243:key/efbf53cb-b635-40c6-b636-a12f30e722fa",
            "target_key_id": "efbf53cb-b635-40c6-b636-a12f30e722fa"
          },
          "sensitive_attributes": [],
          "private": "bnVsbA==",
          "dependencies": [
            "module.eks.aws_iam_role.this",
            "module.eks.data.aws_caller_identity.current",
            "module.eks.data.aws_iam_policy_document.assume_role_policy",
            "module.eks.data.aws_iam_session_context.current",
            "module.eks.data.aws_partition.current",
            "module.eks.module.kms.aws_kms_external_key.this",
            "module.eks.module.kms.aws_kms_key.this",
            "module.eks.module.kms.aws_kms_replica_external_key.this",
            "module.eks.module.kms.aws_kms_replica_key.this",
            "module.eks.module.kms.data.aws_caller_identity.current",
            "module.eks.module.kms.data.aws_iam_policy_document.this",
            "module.eks.module.kms.data.aws_partition.current"
          ]
        }
      ]
    },
    {
      "module": "module.eks.module.kms",
      "mode": "managed",
      "type": "aws_kms_key",
      "name": "this",
      "provider": "provider[\"registry.terraform.io/hashicorp/aws\"]",
      "instances": [
        {
          "index_key": 0,
          "schema_version": 0,
          "attributes": {
            "arn": "arn:aws:kms:us-west-2:954503069243:key/efbf53cb-b635-40c6-b636-a12f30e722fa",
            "bypass_policy_lockout_safety_check": false,
            "custom_key_store_id": "",
            "customer_master_key_spec": "SYMMETRIC_DEFAULT",
            "deletion_window_in_days": null,
            "description": "self-managed-airflow cluster encryption key",
            "enable_key_rotation": true,
            "id": "efbf53cb-b635-40c6-b636-a12f30e722fa",
            "is_enabled": true,
            "key_id": "efbf53cb-b635-40c6-b636-a12f30e722fa",
            "key_usage": "ENCRYPT_DECRYPT",
            "multi_region": false,
            "policy": "{\"Statement\":[{\"Action\":[\"kms:Update*\",\"kms:UntagResource\",\"kms:TagResource\",\"kms:ScheduleKeyDeletion\",\"kms:Revoke*\",\"kms:ReplicateKey\",\"kms:Put*\",\"kms:List*\",\"kms:ImportKeyMaterial\",\"kms:Get*\",\"kms:Enable*\",\"kms:Disable*\",\"kms:Describe*\",\"kms:Delete*\",\"kms:Create*\",\"kms:CancelKeyDeletion\"],\"Effect\":\"Allow\",\"Principal\":{\"AWS\":\"arn:aws:iam::954503069243:user/viswanath.chereddy@minfytech.com\"},\"Resource\":\"*\",\"Sid\":\"KeyAdministration\"},{\"Action\":[\"kms:ReEncrypt*\",\"kms:GenerateDataKey*\",\"kms:Encrypt\",\"kms:DescribeKey\",\"kms:Decrypt\"],\"Effect\":\"Allow\",\"Principal\":{\"AWS\":\"arn:aws:iam::954503069243:role/self-managed-airflow-cluster-2024031915064130870000000a\"},\"Resource\":\"*\",\"Sid\":\"KeyUsage\"}],\"Version\":\"2012-10-17\"}",
            "tags": {},
            "tags_all": {},
            "timeouts": null,
            "xks_key_id": ""
          },
          "sensitive_attributes": [],
          "private": "eyJlMmJmYjczMC1lY2FhLTExZTYtOGY4OC0zNDM2M2JjN2M0YzAiOnsiY3JlYXRlIjoxMjAwMDAwMDAwMDB9fQ==",
          "dependencies": [
            "module.eks.aws_iam_role.this",
            "module.eks.data.aws_caller_identity.current",
            "module.eks.data.aws_iam_policy_document.assume_role_policy",
            "module.eks.data.aws_iam_session_context.current",
            "module.eks.data.aws_partition.current",
            "module.eks.module.kms.data.aws_caller_identity.current",
            "module.eks.module.kms.data.aws_iam_policy_document.this",
            "module.eks.module.kms.data.aws_partition.current"
          ]
        }
      ]
    },
    {
      "module": "module.fluentbit_s3_bucket",
      "mode": "data",
      "type": "aws_caller_identity",
      "name": "current",
      "provider": "provider[\"registry.terraform.io/hashicorp/aws\"]",
      "instances": [
        {
          "schema_version": 0,
          "attributes": {
            "account_id": "954503069243",
            "arn": "arn:aws:iam::954503069243:user/viswanath.chereddy@minfytech.com",
            "id": "954503069243",
            "user_id": "AIDA54PGQ7Y5SPO6VKAID"
          },
          "sensitive_attributes": []
        }
      ]
    },
    {
      "module": "module.fluentbit_s3_bucket",
      "mode": "data",
      "type": "aws_partition",
      "name": "current",
      "provider": "provider[\"registry.terraform.io/hashicorp/aws\"]",
      "instances": [
        {
          "schema_version": 0,
          "attributes": {
            "dns_suffix": "amazonaws.com",
            "id": "aws",
            "partition": "aws",
            "reverse_dns_prefix": "com.amazonaws"
          },
          "sensitive_attributes": []
        }
      ]
    },
    {
      "module": "module.fluentbit_s3_bucket",
      "mode": "data",
      "type": "aws_region",
      "name": "current",
      "provider": "provider[\"registry.terraform.io/hashicorp/aws\"]",
      "instances": [
        {
          "schema_version": 0,
          "attributes": {
            "description": "US West (Oregon)",
            "endpoint": "ec2.us-west-2.amazonaws.com",
            "id": "us-west-2",
            "name": "us-west-2"
          },
          "sensitive_attributes": []
        }
      ]
    },
    {
      "module": "module.fluentbit_s3_bucket",
      "mode": "managed",
      "type": "aws_s3_bucket",
      "name": "this",
      "provider": "provider[\"registry.terraform.io/hashicorp/aws\"]",
      "instances": [
        {
          "index_key": 0,
          "schema_version": 0,
          "attributes": {
            "acceleration_status": "",
            "acl": null,
            "arn": "arn:aws:s3:::self-managed-airflow-spark-logs-20240319150640500200000009",
            "bucket": "self-managed-airflow-spark-logs-20240319150640500200000009",
            "bucket_domain_name": "self-managed-airflow-spark-logs-20240319150640500200000009.s3.amazonaws.com",
            "bucket_prefix": "self-managed-airflow-spark-logs-",
            "bucket_regional_domain_name": "self-managed-airflow-spark-logs-20240319150640500200000009.s3.us-west-2.amazonaws.com",
            "cors_rule": [],
            "force_destroy": true,
            "grant": [
              {
                "id": "2eaefbdac53c07bc07513923f16f14085b165d39d51d46ddcd2cb42e5fe9913a",
                "permissions": [
                  "FULL_CONTROL"
                ],
                "type": "CanonicalUser",
                "uri": ""
              }
            ],
            "hosted_zone_id": "Z3BJ6K6RIION7M",
            "id": "self-managed-airflow-spark-logs-20240319150640500200000009",
            "lifecycle_rule": [],
            "logging": [],
            "object_lock_configuration": [],
            "object_lock_enabled": false,
            "policy": "",
            "region": "us-west-2",
            "replication_configuration": [],
            "request_payer": "BucketOwner",
            "server_side_encryption_configuration": [
              {
                "rule": [
                  {
                    "apply_server_side_encryption_by_default": [
                      {
                        "kms_master_key_id": "",
                        "sse_algorithm": "AES256"
                      }
                    ],
                    "bucket_key_enabled": false
                  }
                ]
              }
            ],
            "tags": {
              "Blueprint": "self-managed-airflow",
              "GithubRepo": "github.com/awslabs/data-on-eks"
            },
            "tags_all": {
              "Blueprint": "self-managed-airflow",
              "GithubRepo": "github.com/awslabs/data-on-eks"
            },
            "timeouts": null,
            "versioning": [
              {
                "enabled": false,
                "mfa_delete": false
              }
            ],
            "website": [],
            "website_domain": null,
            "website_endpoint": null
          },
          "sensitive_attributes": [],
          "private": "eyJlMmJmYjczMC1lY2FhLTExZTYtOGY4OC0zNDM2M2JjN2M0YzAiOnsiY3JlYXRlIjoxMjAwMDAwMDAwMDAwLCJkZWxldGUiOjM2MDAwMDAwMDAwMDAsInJlYWQiOjEyMDAwMDAwMDAwMDAsInVwZGF0ZSI6MTIwMDAwMDAwMDAwMH19"
        }
      ]
    },
    {
      "module": "module.fluentbit_s3_bucket",
      "mode": "managed",
      "type": "aws_s3_bucket_public_access_block",
      "name": "this",
      "provider": "provider[\"registry.terraform.io/hashicorp/aws\"]",
      "instances": [
        {
          "index_key": 0,
          "schema_version": 0,
          "attributes": {
            "block_public_acls": true,
            "block_public_policy": true,
            "bucket": "self-managed-airflow-spark-logs-20240319150640500200000009",
            "id": "self-managed-airflow-spark-logs-20240319150640500200000009",
            "ignore_public_acls": true,
            "restrict_public_buckets": true
          },
          "sensitive_attributes": [],
          "private": "bnVsbA==",
          "dependencies": [
            "module.fluentbit_s3_bucket.aws_s3_bucket.this"
          ]
        }
      ]
    },
    {
      "module": "module.fluentbit_s3_bucket",
      "mode": "managed",
      "type": "aws_s3_bucket_server_side_encryption_configuration",
      "name": "this",
      "provider": "provider[\"registry.terraform.io/hashicorp/aws\"]",
      "instances": [
        {
          "index_key": 0,
          "schema_version": 0,
          "attributes": {
            "bucket": "self-managed-airflow-spark-logs-20240319150640500200000009",
            "expected_bucket_owner": "",
            "id": "self-managed-airflow-spark-logs-20240319150640500200000009",
            "rule": [
              {
                "apply_server_side_encryption_by_default": [
                  {
                    "kms_master_key_id": "",
                    "sse_algorithm": "AES256"
                  }
                ],
                "bucket_key_enabled": false
              }
            ]
          },
          "sensitive_attributes": [],
          "private": "bnVsbA==",
          "dependencies": [
            "module.fluentbit_s3_bucket.aws_s3_bucket.this"
          ]
        }
      ]
    },
    {
      "module": "module.security_group[0]",
      "mode": "managed",
      "type": "aws_security_group",
      "name": "this_name_prefix",
      "provider": "provider[\"registry.terraform.io/hashicorp/aws\"]",
      "instances": [
        {
          "index_key": 0,
          "schema_version": 1,
          "attributes": {
            "arn": "arn:aws:ec2:us-west-2:954503069243:security-group/sg-0e77c7e92bf929d3a",
            "description": "Complete PostgreSQL example security group",
            "egress": [],
            "id": "sg-0e77c7e92bf929d3a",
            "ingress": [
              {
                "cidr_blocks": [
                  "10.0.0.0/16",
                  "100.64.0.0/16"
                ],
                "description": "PostgreSQL access from within VPC",
                "from_port": 5432,
                "ipv6_cidr_blocks": [],
                "prefix_list_ids": [],
                "protocol": "tcp",
                "security_groups": [],
                "self": false,
                "to_port": 5432
              }
            ],
            "name": "self-managed-airflow-20240319150653046300000016",
            "name_prefix": "self-managed-airflow-",
            "owner_id": "954503069243",
            "revoke_rules_on_delete": false,
            "tags": {
              "Blueprint": "self-managed-airflow",
              "GithubRepo": "github.com/awslabs/data-on-eks",
              "Name": "self-managed-airflow"
            },
            "tags_all": {
              "Blueprint": "self-managed-airflow",
              "GithubRepo": "github.com/awslabs/data-on-eks",
              "Name": "self-managed-airflow"
            },
            "timeouts": {
              "create": "10m",
              "delete": "15m"
            },
            "vpc_id": "vpc-077b42f62c22ecb49"
          },
          "sensitive_attributes": [],
          "private": "eyJlMmJmYjczMC1lY2FhLTExZTYtOGY4OC0zNDM2M2JjN2M0YzAiOnsiY3JlYXRlIjo2MDAwMDAwMDAwMDAsImRlbGV0ZSI6OTAwMDAwMDAwMDAwfSwic2NoZW1hX3ZlcnNpb24iOiIxIn0=",
          "dependencies": [
            "module.vpc.aws_vpc.this"
          ],
          "create_before_destroy": true
        }
      ]
    },
    {
      "module": "module.security_group[0]",
      "mode": "managed",
      "type": "aws_security_group_rule",
      "name": "ingress_with_cidr_blocks",
      "provider": "provider[\"registry.terraform.io/hashicorp/aws\"]",
      "instances": [
        {
          "index_key": 0,
          "schema_version": 2,
          "attributes": {
            "cidr_blocks": [
              "10.0.0.0/16",
              "100.64.0.0/16"
            ],
            "description": "PostgreSQL access from within VPC",
            "from_port": 5432,
            "id": "sgrule-1119610549",
            "ipv6_cidr_blocks": null,
            "prefix_list_ids": [],
            "protocol": "tcp",
            "security_group_id": "sg-0e77c7e92bf929d3a",
            "security_group_rule_id": "",
            "self": false,
            "source_security_group_id": null,
            "timeouts": null,
            "to_port": 5432,
            "type": "ingress"
          },
          "sensitive_attributes": [],
          "private": "eyJlMmJmYjczMC1lY2FhLTExZTYtOGY4OC0zNDM2M2JjN2M0YzAiOnsiY3JlYXRlIjozMDAwMDAwMDAwMDB9LCJzY2hlbWFfdmVyc2lvbiI6IjIifQ==",
          "dependencies": [
            "module.security_group.aws_security_group.this",
            "module.security_group.aws_security_group.this_name_prefix",
            "module.vpc.aws_vpc.this",
            "module.vpc.aws_vpc_ipv4_cidr_block_association.this"
          ]
        }
      ]
    },
    {
      "module": "module.vpc",
      "mode": "managed",
      "type": "aws_db_subnet_group",
      "name": "database",
      "provider": "provider[\"registry.terraform.io/hashicorp/aws\"]",
      "instances": [
        {
          "index_key": 0,
          "schema_version": 0,
          "attributes": {
            "arn": "arn:aws:rds:us-west-2:954503069243:subgrp:self-managed-airflow",
            "description": "Database subnet group for self-managed-airflow",
            "id": "self-managed-airflow",
            "name": "self-managed-airflow",
            "name_prefix": "",
            "subnet_ids": [
              "subnet-06e9e45f773d818ca",
              "subnet-076a6202bebc91372"
            ],
            "supported_network_types": [
              "IPV4"
            ],
            "tags": {
              "Blueprint": "self-managed-airflow",
              "GithubRepo": "github.com/awslabs/data-on-eks",
              "Name": "self-managed-airflow"
            },
            "tags_all": {
              "Blueprint": "self-managed-airflow",
              "GithubRepo": "github.com/awslabs/data-on-eks",
              "Name": "self-managed-airflow"
            },
            "vpc_id": "vpc-077b42f62c22ecb49"
          },
          "sensitive_attributes": [],
          "private": "bnVsbA==",
          "dependencies": [
            "data.aws_availability_zones.available",
            "module.vpc.aws_subnet.database",
            "module.vpc.aws_vpc.this",
            "module.vpc.aws_vpc_ipv4_cidr_block_association.this"
          ]
        }
      ]
    },
    {
      "module": "module.vpc",
      "mode": "managed",
      "type": "aws_default_network_acl",
      "name": "this",
      "provider": "provider[\"registry.terraform.io/hashicorp/aws\"]",
      "instances": [
        {
          "index_key": 0,
          "schema_version": 0,
          "attributes": {
            "arn": "arn:aws:ec2:us-west-2:954503069243:network-acl/acl-0bcae642c328f8a93",
            "default_network_acl_id": "acl-0bcae642c328f8a93",
            "egress": [
              {
                "action": "allow",
                "cidr_block": "",
                "from_port": 0,
                "icmp_code": 0,
                "icmp_type": 0,
                "ipv6_cidr_block": "::/0",
                "protocol": "-1",
                "rule_no": 101,
                "to_port": 0
              },
              {
                "action": "allow",
                "cidr_block": "0.0.0.0/0",
                "from_port": 0,
                "icmp_code": 0,
                "icmp_type": 0,
                "ipv6_cidr_block": "",
                "protocol": "-1",
                "rule_no": 100,
                "to_port": 0
              }
            ],
            "id": "acl-0bcae642c328f8a93",
            "ingress": [
              {
                "action": "allow",
                "cidr_block": "",
                "from_port": 0,
                "icmp_code": 0,
                "icmp_type": 0,
                "ipv6_cidr_block": "::/0",
                "protocol": "-1",
                "rule_no": 101,
                "to_port": 0
              },
              {
                "action": "allow",
                "cidr_block": "0.0.0.0/0",
                "from_port": 0,
                "icmp_code": 0,
                "icmp_type": 0,
                "ipv6_cidr_block": "",
                "protocol": "-1",
                "rule_no": 100,
                "to_port": 0
              }
            ],
            "owner_id": "954503069243",
            "subnet_ids": [
              "subnet-04e2457472564e935",
              "subnet-0555a838346953654",
              "subnet-06e9e45f773d818ca",
              "subnet-076a6202bebc91372",
              "subnet-098b7d099361b46a4",
              "subnet-0c98da1318133747b",
              "subnet-0e967db3b06c4e728",
              "subnet-0fc9f9279a9dd40a1"
            ],
            "tags": {
              "Blueprint": "self-managed-airflow",
              "GithubRepo": "github.com/awslabs/data-on-eks",
              "Name": "self-managed-airflow-default"
            },
            "tags_all": {
              "Blueprint": "self-managed-airflow",
              "GithubRepo": "github.com/awslabs/data-on-eks",
              "Name": "self-managed-airflow-default"
            },
            "vpc_id": "vpc-077b42f62c22ecb49"
          },
          "sensitive_attributes": [],
          "private": "bnVsbA==",
          "dependencies": [
            "module.vpc.aws_vpc.this"
          ]
        }
      ]
    },
    {
      "module": "module.vpc",
      "mode": "managed",
      "type": "aws_default_route_table",
      "name": "default",
      "provider": "provider[\"registry.terraform.io/hashicorp/aws\"]",
      "instances": [
        {
          "index_key": 0,
          "schema_version": 0,
          "attributes": {
            "arn": "arn:aws:ec2:us-west-2:954503069243:route-table/rtb-055564eb7db0f66c8",
            "default_route_table_id": "rtb-055564eb7db0f66c8",
            "id": "rtb-055564eb7db0f66c8",
            "owner_id": "954503069243",
            "propagating_vgws": [],
            "route": [],
            "tags": {
              "Blueprint": "self-managed-airflow",
              "GithubRepo": "github.com/awslabs/data-on-eks",
              "Name": "self-managed-airflow-default"
            },
            "tags_all": {
              "Blueprint": "self-managed-airflow",
              "GithubRepo": "github.com/awslabs/data-on-eks",
              "Name": "self-managed-airflow-default"
            },
            "timeouts": {
              "create": "5m",
              "update": "5m"
            },
            "vpc_id": "vpc-077b42f62c22ecb49"
          },
          "sensitive_attributes": [],
          "private": "eyJlMmJmYjczMC1lY2FhLTExZTYtOGY4OC0zNDM2M2JjN2M0YzAiOnsiY3JlYXRlIjozMDAwMDAwMDAwMDAsInVwZGF0ZSI6MzAwMDAwMDAwMDAwfX0=",
          "dependencies": [
            "module.vpc.aws_vpc.this"
          ]
        }
      ]
    },
    {
      "module": "module.vpc",
      "mode": "managed",
      "type": "aws_default_security_group",
      "name": "this",
      "provider": "provider[\"registry.terraform.io/hashicorp/aws\"]",
      "instances": [
        {
          "index_key": 0,
          "schema_version": 1,
          "attributes": {
            "arn": "arn:aws:ec2:us-west-2:954503069243:security-group/sg-079742358542bf775",
            "description": "default VPC security group",
            "egress": [],
            "id": "sg-079742358542bf775",
            "ingress": [],
            "name": "default",
            "name_prefix": "",
            "owner_id": "954503069243",
            "revoke_rules_on_delete": false,
            "tags": {
              "Blueprint": "self-managed-airflow",
              "GithubRepo": "github.com/awslabs/data-on-eks",
              "Name": "self-managed-airflow-default"
            },
            "tags_all": {
              "Blueprint": "self-managed-airflow",
              "GithubRepo": "github.com/awslabs/data-on-eks",
              "Name": "self-managed-airflow-default"
            },
            "vpc_id": "vpc-077b42f62c22ecb49"
          },
          "sensitive_attributes": [],
          "private": "eyJzY2hlbWFfdmVyc2lvbiI6IjEifQ==",
          "dependencies": [
            "module.vpc.aws_vpc.this"
          ]
        }
      ]
    },
    {
      "module": "module.vpc",
      "mode": "managed",
      "type": "aws_eip",
      "name": "nat",
      "provider": "provider[\"registry.terraform.io/hashicorp/aws\"]",
      "instances": [
        {
          "index_key": 0,
          "schema_version": 0,
          "attributes": {
            "address": null,
            "allocation_id": "eipalloc-0b25fe74e388004fe",
            "associate_with_private_ip": null,
            "association_id": "eipassoc-080e24322a488d98b",
            "carrier_ip": "",
            "customer_owned_ip": "",
            "customer_owned_ipv4_pool": "",
            "domain": "vpc",
            "id": "eipalloc-0b25fe74e388004fe",
            "instance": "",
            "network_border_group": "us-west-2",
            "network_interface": "eni-03102f0b0cbca8b0e",
            "private_dns": "ip-10-0-0-17.us-west-2.compute.internal",
            "private_ip": "10.0.0.17",
            "public_dns": "ec2-44-225-7-119.us-west-2.compute.amazonaws.com",
            "public_ip": "44.225.7.119",
            "public_ipv4_pool": "amazon",
            "tags": {
              "Blueprint": "self-managed-airflow",
              "GithubRepo": "github.com/awslabs/data-on-eks",
              "Name": "self-managed-airflow-us-west-2a"
            },
            "tags_all": {
              "Blueprint": "self-managed-airflow",
              "GithubRepo": "github.com/awslabs/data-on-eks",
              "Name": "self-managed-airflow-us-west-2a"
            },
            "timeouts": null,
            "vpc": true
          },
          "sensitive_attributes": [],
          "private": "eyJlMmJmYjczMC1lY2FhLTExZTYtOGY4OC0zNDM2M2JjN2M0YzAiOnsiZGVsZXRlIjoxODAwMDAwMDAwMDAsInJlYWQiOjkwMDAwMDAwMDAwMCwidXBkYXRlIjozMDAwMDAwMDAwMDB9fQ==",
          "dependencies": [
            "data.aws_availability_zones.available",
            "module.vpc.aws_internet_gateway.this",
            "module.vpc.aws_vpc.this",
            "module.vpc.aws_vpc_ipv4_cidr_block_association.this"
          ]
        }
      ]
    },
    {
      "module": "module.vpc",
      "mode": "managed",
      "type": "aws_internet_gateway",
      "name": "this",
      "provider": "provider[\"registry.terraform.io/hashicorp/aws\"]",
      "instances": [
        {
          "index_key": 0,
          "schema_version": 0,
          "attributes": {
            "arn": "arn:aws:ec2:us-west-2:954503069243:internet-gateway/igw-048846712a36595be",
            "id": "igw-048846712a36595be",
            "owner_id": "954503069243",
            "tags": {
              "Blueprint": "self-managed-airflow",
              "GithubRepo": "github.com/awslabs/data-on-eks",
              "Name": "self-managed-airflow"
            },
            "tags_all": {
              "Blueprint": "self-managed-airflow",
              "GithubRepo": "github.com/awslabs/data-on-eks",
              "Name": "self-managed-airflow"
            },
            "timeouts": null,
            "vpc_id": "vpc-077b42f62c22ecb49"
          },
          "sensitive_attributes": [],
          "private": "eyJlMmJmYjczMC1lY2FhLTExZTYtOGY4OC0zNDM2M2JjN2M0YzAiOnsiY3JlYXRlIjoxMjAwMDAwMDAwMDAwLCJkZWxldGUiOjEyMDAwMDAwMDAwMDAsInVwZGF0ZSI6MTIwMDAwMDAwMDAwMH19",
          "dependencies": [
            "module.vpc.aws_vpc.this",
            "module.vpc.aws_vpc_ipv4_cidr_block_association.this"
          ]
        }
      ]
    },
    {
      "module": "module.vpc",
      "mode": "managed",
      "type": "aws_nat_gateway",
      "name": "this",
      "provider": "provider[\"registry.terraform.io/hashicorp/aws\"]",
      "instances": [
        {
          "index_key": 0,
          "schema_version": 0,
          "attributes": {
            "allocation_id": "eipalloc-0b25fe74e388004fe",
            "association_id": "eipassoc-080e24322a488d98b",
            "connectivity_type": "public",
            "id": "nat-07030d272beb1d7cb",
            "network_interface_id": "eni-03102f0b0cbca8b0e",
            "private_ip": "10.0.0.17",
            "public_ip": "44.225.7.119",
            "secondary_allocation_ids": [],
            "secondary_private_ip_address_count": 0,
            "secondary_private_ip_addresses": [],
            "subnet_id": "subnet-098b7d099361b46a4",
            "tags": {
              "Blueprint": "self-managed-airflow",
              "GithubRepo": "github.com/awslabs/data-on-eks",
              "Name": "self-managed-airflow-us-west-2a"
            },
            "tags_all": {
              "Blueprint": "self-managed-airflow",
              "GithubRepo": "github.com/awslabs/data-on-eks",
              "Name": "self-managed-airflow-us-west-2a"
            },
            "timeouts": null
          },
          "sensitive_attributes": [],
          "private": "eyJlMmJmYjczMC1lY2FhLTExZTYtOGY4OC0zNDM2M2JjN2M0YzAiOnsiY3JlYXRlIjo2MDAwMDAwMDAwMDAsImRlbGV0ZSI6MTgwMDAwMDAwMDAwMCwidXBkYXRlIjo2MDAwMDAwMDAwMDB9fQ==",
          "dependencies": [
            "data.aws_availability_zones.available",
            "module.vpc.aws_eip.nat",
            "module.vpc.aws_internet_gateway.this",
            "module.vpc.aws_subnet.public",
            "module.vpc.aws_vpc.this",
            "module.vpc.aws_vpc_ipv4_cidr_block_association.this"
          ]
        }
      ]
    },
    {
      "module": "module.vpc",
      "mode": "managed",
      "type": "aws_route",
      "name": "private_nat_gateway",
      "provider": "provider[\"registry.terraform.io/hashicorp/aws\"]",
      "instances": [
        {
          "index_key": 0,
          "schema_version": 0,
          "attributes": {
            "carrier_gateway_id": "",
            "core_network_arn": "",
            "destination_cidr_block": "0.0.0.0/0",
            "destination_ipv6_cidr_block": "",
            "destination_prefix_list_id": "",
            "egress_only_gateway_id": "",
            "gateway_id": "",
            "id": "r-rtb-0f713c9845969e6c21080289494",
            "instance_id": "",
            "instance_owner_id": "",
            "local_gateway_id": "",
            "nat_gateway_id": "nat-07030d272beb1d7cb",
            "network_interface_id": "",
            "origin": "CreateRoute",
            "route_table_id": "rtb-0f713c9845969e6c2",
            "state": "active",
            "timeouts": {
              "create": "5m",
              "delete": null,
              "update": null
            },
            "transit_gateway_id": "",
            "vpc_endpoint_id": "",
            "vpc_peering_connection_id": ""
          },
          "sensitive_attributes": [],
          "private": "eyJlMmJmYjczMC1lY2FhLTExZTYtOGY4OC0zNDM2M2JjN2M0YzAiOnsiY3JlYXRlIjozMDAwMDAwMDAwMDAsImRlbGV0ZSI6MzAwMDAwMDAwMDAwLCJ1cGRhdGUiOjEyMDAwMDAwMDAwMH19",
          "dependencies": [
            "data.aws_availability_zones.available",
            "module.vpc.aws_eip.nat",
            "module.vpc.aws_internet_gateway.this",
            "module.vpc.aws_nat_gateway.this",
            "module.vpc.aws_route_table.private",
            "module.vpc.aws_subnet.public",
            "module.vpc.aws_vpc.this",
            "module.vpc.aws_vpc_ipv4_cidr_block_association.this"
          ]
        }
      ]
    },
    {
      "module": "module.vpc",
      "mode": "managed",
      "type": "aws_route",
      "name": "public_internet_gateway",
      "provider": "provider[\"registry.terraform.io/hashicorp/aws\"]",
      "instances": [
        {
          "index_key": 0,
          "schema_version": 0,
          "attributes": {
            "carrier_gateway_id": "",
            "core_network_arn": "",
            "destination_cidr_block": "0.0.0.0/0",
            "destination_ipv6_cidr_block": "",
            "destination_prefix_list_id": "",
            "egress_only_gateway_id": "",
            "gateway_id": "igw-048846712a36595be",
            "id": "r-rtb-054dbd14b0bcac8621080289494",
            "instance_id": "",
            "instance_owner_id": "",
            "local_gateway_id": "",
            "nat_gateway_id": "",
            "network_interface_id": "",
            "origin": "CreateRoute",
            "route_table_id": "rtb-054dbd14b0bcac862",
            "state": "active",
            "timeouts": {
              "create": "5m",
              "delete": null,
              "update": null
            },
            "transit_gateway_id": "",
            "vpc_endpoint_id": "",
            "vpc_peering_connection_id": ""
          },
          "sensitive_attributes": [],
          "private": "eyJlMmJmYjczMC1lY2FhLTExZTYtOGY4OC0zNDM2M2JjN2M0YzAiOnsiY3JlYXRlIjozMDAwMDAwMDAwMDAsImRlbGV0ZSI6MzAwMDAwMDAwMDAwLCJ1cGRhdGUiOjEyMDAwMDAwMDAwMH19",
          "dependencies": [
            "module.vpc.aws_internet_gateway.this",
            "module.vpc.aws_route_table.public",
            "module.vpc.aws_vpc.this",
            "module.vpc.aws_vpc_ipv4_cidr_block_association.this"
          ]
        }
      ]
    },
    {
      "module": "module.vpc",
      "mode": "managed",
      "type": "aws_route_table",
      "name": "database",
      "provider": "provider[\"registry.terraform.io/hashicorp/aws\"]",
      "instances": [
        {
          "index_key": 0,
          "schema_version": 0,
          "attributes": {
            "arn": "arn:aws:ec2:us-west-2:954503069243:route-table/rtb-0f7a20a2ed2dd0856",
            "id": "rtb-0f7a20a2ed2dd0856",
            "owner_id": "954503069243",
            "propagating_vgws": [],
            "route": [],
            "tags": {
              "Blueprint": "self-managed-airflow",
              "GithubRepo": "github.com/awslabs/data-on-eks",
              "Name": "self-managed-airflow-db"
            },
            "tags_all": {
              "Blueprint": "self-managed-airflow",
              "GithubRepo": "github.com/awslabs/data-on-eks",
              "Name": "self-managed-airflow-db"
            },
            "timeouts": null,
            "vpc_id": "vpc-077b42f62c22ecb49"
          },
          "sensitive_attributes": [],
          "private": "eyJlMmJmYjczMC1lY2FhLTExZTYtOGY4OC0zNDM2M2JjN2M0YzAiOnsiY3JlYXRlIjozMDAwMDAwMDAwMDAsImRlbGV0ZSI6MzAwMDAwMDAwMDAwLCJ1cGRhdGUiOjEyMDAwMDAwMDAwMH19",
          "dependencies": [
            "data.aws_availability_zones.available",
            "module.vpc.aws_vpc.this",
            "module.vpc.aws_vpc_ipv4_cidr_block_association.this"
          ]
        }
      ]
    },
    {
      "module": "module.vpc",
      "mode": "managed",
      "type": "aws_route_table",
      "name": "private",
      "provider": "provider[\"registry.terraform.io/hashicorp/aws\"]",
      "instances": [
        {
          "index_key": 0,
          "schema_version": 0,
          "attributes": {
            "arn": "arn:aws:ec2:us-west-2:954503069243:route-table/rtb-0f713c9845969e6c2",
            "id": "rtb-0f713c9845969e6c2",
            "owner_id": "954503069243",
            "propagating_vgws": [],
            "route": [
              {
                "carrier_gateway_id": "",
                "cidr_block": "0.0.0.0/0",
                "core_network_arn": "",
                "destination_prefix_list_id": "",
                "egress_only_gateway_id": "",
                "gateway_id": "",
                "ipv6_cidr_block": "",
                "local_gateway_id": "",
                "nat_gateway_id": "nat-07030d272beb1d7cb",
                "network_interface_id": "",
                "transit_gateway_id": "",
                "vpc_endpoint_id": "",
                "vpc_peering_connection_id": ""
              }
            ],
            "tags": {
              "Blueprint": "self-managed-airflow",
              "GithubRepo": "github.com/awslabs/data-on-eks",
              "Name": "self-managed-airflow-private"
            },
            "tags_all": {
              "Blueprint": "self-managed-airflow",
              "GithubRepo": "github.com/awslabs/data-on-eks",
              "Name": "self-managed-airflow-private"
            },
            "timeouts": null,
            "vpc_id": "vpc-077b42f62c22ecb49"
          },
          "sensitive_attributes": [],
          "private": "eyJlMmJmYjczMC1lY2FhLTExZTYtOGY4OC0zNDM2M2JjN2M0YzAiOnsiY3JlYXRlIjozMDAwMDAwMDAwMDAsImRlbGV0ZSI6MzAwMDAwMDAwMDAwLCJ1cGRhdGUiOjEyMDAwMDAwMDAwMH19",
          "dependencies": [
            "data.aws_availability_zones.available",
            "module.vpc.aws_vpc.this",
            "module.vpc.aws_vpc_ipv4_cidr_block_association.this"
          ]
        }
      ]
    },
    {
      "module": "module.vpc",
      "mode": "managed",
      "type": "aws_route_table",
      "name": "public",
      "provider": "provider[\"registry.terraform.io/hashicorp/aws\"]",
      "instances": [
        {
          "index_key": 0,
          "schema_version": 0,
          "attributes": {
            "arn": "arn:aws:ec2:us-west-2:954503069243:route-table/rtb-054dbd14b0bcac862",
            "id": "rtb-054dbd14b0bcac862",
            "owner_id": "954503069243",
            "propagating_vgws": [],
            "route": [
              {
                "carrier_gateway_id": "",
                "cidr_block": "0.0.0.0/0",
                "core_network_arn": "",
                "destination_prefix_list_id": "",
                "egress_only_gateway_id": "",
                "gateway_id": "igw-048846712a36595be",
                "ipv6_cidr_block": "",
                "local_gateway_id": "",
                "nat_gateway_id": "",
                "network_interface_id": "",
                "transit_gateway_id": "",
                "vpc_endpoint_id": "",
                "vpc_peering_connection_id": ""
              }
            ],
            "tags": {
              "Blueprint": "self-managed-airflow",
              "GithubRepo": "github.com/awslabs/data-on-eks",
              "Name": "self-managed-airflow-public"
            },
            "tags_all": {
              "Blueprint": "self-managed-airflow",
              "GithubRepo": "github.com/awslabs/data-on-eks",
              "Name": "self-managed-airflow-public"
            },
            "timeouts": null,
            "vpc_id": "vpc-077b42f62c22ecb49"
          },
          "sensitive_attributes": [],
          "private": "eyJlMmJmYjczMC1lY2FhLTExZTYtOGY4OC0zNDM2M2JjN2M0YzAiOnsiY3JlYXRlIjozMDAwMDAwMDAwMDAsImRlbGV0ZSI6MzAwMDAwMDAwMDAwLCJ1cGRhdGUiOjEyMDAwMDAwMDAwMH19",
          "dependencies": [
            "module.vpc.aws_vpc.this",
            "module.vpc.aws_vpc_ipv4_cidr_block_association.this"
          ]
        }
      ]
    },
    {
      "module": "module.vpc",
      "mode": "managed",
      "type": "aws_route_table_association",
      "name": "database",
      "provider": "provider[\"registry.terraform.io/hashicorp/aws\"]",
      "instances": [
        {
          "index_key": 0,
          "schema_version": 0,
          "attributes": {
            "gateway_id": "",
            "id": "rtbassoc-0954428ce7b24d61b",
            "route_table_id": "rtb-0f7a20a2ed2dd0856",
            "subnet_id": "subnet-076a6202bebc91372",
            "timeouts": null
          },
          "sensitive_attributes": [],
          "private": "eyJlMmJmYjczMC1lY2FhLTExZTYtOGY4OC0zNDM2M2JjN2M0YzAiOnsiY3JlYXRlIjozMDAwMDAwMDAwMDAsImRlbGV0ZSI6MzAwMDAwMDAwMDAwLCJ1cGRhdGUiOjEyMDAwMDAwMDAwMH19",
          "dependencies": [
            "data.aws_availability_zones.available",
            "module.vpc.aws_route_table.database",
            "module.vpc.aws_route_table.private",
            "module.vpc.aws_subnet.database",
            "module.vpc.aws_vpc.this",
            "module.vpc.aws_vpc_ipv4_cidr_block_association.this"
          ]
        },
        {
          "index_key": 1,
          "schema_version": 0,
          "attributes": {
            "gateway_id": "",
            "id": "rtbassoc-0cecd574dced0d310",
            "route_table_id": "rtb-0f7a20a2ed2dd0856",
            "subnet_id": "subnet-06e9e45f773d818ca",
            "timeouts": null
          },
          "sensitive_attributes": [],
          "private": "eyJlMmJmYjczMC1lY2FhLTExZTYtOGY4OC0zNDM2M2JjN2M0YzAiOnsiY3JlYXRlIjozMDAwMDAwMDAwMDAsImRlbGV0ZSI6MzAwMDAwMDAwMDAwLCJ1cGRhdGUiOjEyMDAwMDAwMDAwMH19",
          "dependencies": [
            "data.aws_availability_zones.available",
            "module.vpc.aws_route_table.database",
            "module.vpc.aws_route_table.private",
            "module.vpc.aws_subnet.database",
            "module.vpc.aws_vpc.this",
            "module.vpc.aws_vpc_ipv4_cidr_block_association.this"
          ]
        }
      ]
    },
    {
      "module": "module.vpc",
      "mode": "managed",
      "type": "aws_route_table_association",
      "name": "private",
      "provider": "provider[\"registry.terraform.io/hashicorp/aws\"]",
      "instances": [
        {
          "index_key": 0,
          "schema_version": 0,
          "attributes": {
            "gateway_id": "",
            "id": "rtbassoc-05c403efdbdd42d61",
            "route_table_id": "rtb-0f713c9845969e6c2",
            "subnet_id": "subnet-0e967db3b06c4e728",
            "timeouts": null
          },
          "sensitive_attributes": [],
          "private": "eyJlMmJmYjczMC1lY2FhLTExZTYtOGY4OC0zNDM2M2JjN2M0YzAiOnsiY3JlYXRlIjozMDAwMDAwMDAwMDAsImRlbGV0ZSI6MzAwMDAwMDAwMDAwLCJ1cGRhdGUiOjEyMDAwMDAwMDAwMH19",
          "dependencies": [
            "data.aws_availability_zones.available",
            "module.vpc.aws_route_table.private",
            "module.vpc.aws_subnet.private",
            "module.vpc.aws_vpc.this",
            "module.vpc.aws_vpc_ipv4_cidr_block_association.this"
          ]
        },
        {
          "index_key": 1,
          "schema_version": 0,
          "attributes": {
            "gateway_id": "",
            "id": "rtbassoc-01e604bc795c73a5c",
            "route_table_id": "rtb-0f713c9845969e6c2",
            "subnet_id": "subnet-0c98da1318133747b",
            "timeouts": null
          },
          "sensitive_attributes": [],
          "private": "eyJlMmJmYjczMC1lY2FhLTExZTYtOGY4OC0zNDM2M2JjN2M0YzAiOnsiY3JlYXRlIjozMDAwMDAwMDAwMDAsImRlbGV0ZSI6MzAwMDAwMDAwMDAwLCJ1cGRhdGUiOjEyMDAwMDAwMDAwMH19",
          "dependencies": [
            "data.aws_availability_zones.available",
            "module.vpc.aws_route_table.private",
            "module.vpc.aws_subnet.private",
            "module.vpc.aws_vpc.this",
            "module.vpc.aws_vpc_ipv4_cidr_block_association.this"
          ]
        },
        {
          "index_key": 2,
          "schema_version": 0,
          "attributes": {
            "gateway_id": "",
            "id": "rtbassoc-0a54b358c661e85bf",
            "route_table_id": "rtb-0f713c9845969e6c2",
            "subnet_id": "subnet-0fc9f9279a9dd40a1",
            "timeouts": null
          },
          "sensitive_attributes": [],
          "private": "eyJlMmJmYjczMC1lY2FhLTExZTYtOGY4OC0zNDM2M2JjN2M0YzAiOnsiY3JlYXRlIjozMDAwMDAwMDAwMDAsImRlbGV0ZSI6MzAwMDAwMDAwMDAwLCJ1cGRhdGUiOjEyMDAwMDAwMDAwMH19",
          "dependencies": [
            "data.aws_availability_zones.available",
            "module.vpc.aws_route_table.private",
            "module.vpc.aws_subnet.private",
            "module.vpc.aws_vpc.this",
            "module.vpc.aws_vpc_ipv4_cidr_block_association.this"
          ]
        },
        {
          "index_key": 3,
          "schema_version": 0,
          "attributes": {
            "gateway_id": "",
            "id": "rtbassoc-00789bbb81aae9e27",
            "route_table_id": "rtb-0f713c9845969e6c2",
            "subnet_id": "subnet-04e2457472564e935",
            "timeouts": null
          },
          "sensitive_attributes": [],
          "private": "eyJlMmJmYjczMC1lY2FhLTExZTYtOGY4OC0zNDM2M2JjN2M0YzAiOnsiY3JlYXRlIjozMDAwMDAwMDAwMDAsImRlbGV0ZSI6MzAwMDAwMDAwMDAwLCJ1cGRhdGUiOjEyMDAwMDAwMDAwMH19",
          "dependencies": [
            "data.aws_availability_zones.available",
            "module.vpc.aws_route_table.private",
            "module.vpc.aws_subnet.private",
            "module.vpc.aws_vpc.this",
            "module.vpc.aws_vpc_ipv4_cidr_block_association.this"
          ]
        }
      ]
    },
    {
      "module": "module.vpc",
      "mode": "managed",
      "type": "aws_route_table_association",
      "name": "public",
      "provider": "provider[\"registry.terraform.io/hashicorp/aws\"]",
      "instances": [
        {
          "index_key": 0,
          "schema_version": 0,
          "attributes": {
            "gateway_id": "",
            "id": "rtbassoc-0ef07b8446bed836f",
            "route_table_id": "rtb-054dbd14b0bcac862",
            "subnet_id": "subnet-098b7d099361b46a4",
            "timeouts": null
          },
          "sensitive_attributes": [],
          "private": "eyJlMmJmYjczMC1lY2FhLTExZTYtOGY4OC0zNDM2M2JjN2M0YzAiOnsiY3JlYXRlIjozMDAwMDAwMDAwMDAsImRlbGV0ZSI6MzAwMDAwMDAwMDAwLCJ1cGRhdGUiOjEyMDAwMDAwMDAwMH19",
          "dependencies": [
            "data.aws_availability_zones.available",
            "module.vpc.aws_route_table.public",
            "module.vpc.aws_subnet.public",
            "module.vpc.aws_vpc.this",
            "module.vpc.aws_vpc_ipv4_cidr_block_association.this"
          ]
        },
        {
          "index_key": 1,
          "schema_version": 0,
          "attributes": {
            "gateway_id": "",
            "id": "rtbassoc-059c812eb62a6e70f",
            "route_table_id": "rtb-054dbd14b0bcac862",
            "subnet_id": "subnet-0555a838346953654",
            "timeouts": null
          },
          "sensitive_attributes": [],
          "private": "eyJlMmJmYjczMC1lY2FhLTExZTYtOGY4OC0zNDM2M2JjN2M0YzAiOnsiY3JlYXRlIjozMDAwMDAwMDAwMDAsImRlbGV0ZSI6MzAwMDAwMDAwMDAwLCJ1cGRhdGUiOjEyMDAwMDAwMDAwMH19",
          "dependencies": [
            "data.aws_availability_zones.available",
            "module.vpc.aws_route_table.public",
            "module.vpc.aws_subnet.public",
            "module.vpc.aws_vpc.this",
            "module.vpc.aws_vpc_ipv4_cidr_block_association.this"
          ]
        }
      ]
    },
    {
      "module": "module.vpc",
      "mode": "managed",
      "type": "aws_subnet",
      "name": "database",
      "provider": "provider[\"registry.terraform.io/hashicorp/aws\"]",
      "instances": [
        {
          "index_key": 0,
          "schema_version": 1,
          "attributes": {
            "arn": "arn:aws:ec2:us-west-2:954503069243:subnet/subnet-076a6202bebc91372",
            "assign_ipv6_address_on_creation": false,
            "availability_zone": "us-west-2a",
            "availability_zone_id": "usw2-az2",
            "cidr_block": "10.0.20.0/26",
            "customer_owned_ipv4_pool": "",
            "enable_dns64": false,
            "enable_lni_at_device_index": 0,
            "enable_resource_name_dns_a_record_on_launch": false,
            "enable_resource_name_dns_aaaa_record_on_launch": false,
            "id": "subnet-076a6202bebc91372",
            "ipv6_cidr_block": "",
            "ipv6_cidr_block_association_id": "",
            "ipv6_native": false,
            "map_customer_owned_ip_on_launch": false,
            "map_public_ip_on_launch": false,
            "outpost_arn": "",
            "owner_id": "954503069243",
            "private_dns_hostname_type_on_launch": "ip-name",
            "tags": {
              "Blueprint": "self-managed-airflow",
              "GithubRepo": "github.com/awslabs/data-on-eks",
              "Name": "self-managed-airflow-db-us-west-2a"
            },
            "tags_all": {
              "Blueprint": "self-managed-airflow",
              "GithubRepo": "github.com/awslabs/data-on-eks",
              "Name": "self-managed-airflow-db-us-west-2a"
            },
            "timeouts": null,
            "vpc_id": "vpc-077b42f62c22ecb49"
          },
          "sensitive_attributes": [],
          "private": "eyJlMmJmYjczMC1lY2FhLTExZTYtOGY4OC0zNDM2M2JjN2M0YzAiOnsiY3JlYXRlIjo2MDAwMDAwMDAwMDAsImRlbGV0ZSI6MTIwMDAwMDAwMDAwMH0sInNjaGVtYV92ZXJzaW9uIjoiMSJ9",
          "dependencies": [
            "data.aws_availability_zones.available",
            "module.vpc.aws_vpc.this",
            "module.vpc.aws_vpc_ipv4_cidr_block_association.this"
          ]
        },
        {
          "index_key": 1,
          "schema_version": 1,
          "attributes": {
            "arn": "arn:aws:ec2:us-west-2:954503069243:subnet/subnet-06e9e45f773d818ca",
            "assign_ipv6_address_on_creation": false,
            "availability_zone": "us-west-2b",
            "availability_zone_id": "usw2-az1",
            "cidr_block": "10.0.21.0/26",
            "customer_owned_ipv4_pool": "",
            "enable_dns64": false,
            "enable_lni_at_device_index": 0,
            "enable_resource_name_dns_a_record_on_launch": false,
            "enable_resource_name_dns_aaaa_record_on_launch": false,
            "id": "subnet-06e9e45f773d818ca",
            "ipv6_cidr_block": "",
            "ipv6_cidr_block_association_id": "",
            "ipv6_native": false,
            "map_customer_owned_ip_on_launch": false,
            "map_public_ip_on_launch": false,
            "outpost_arn": "",
            "owner_id": "954503069243",
            "private_dns_hostname_type_on_launch": "ip-name",
            "tags": {
              "Blueprint": "self-managed-airflow",
              "GithubRepo": "github.com/awslabs/data-on-eks",
              "Name": "self-managed-airflow-db-us-west-2b"
            },
            "tags_all": {
              "Blueprint": "self-managed-airflow",
              "GithubRepo": "github.com/awslabs/data-on-eks",
              "Name": "self-managed-airflow-db-us-west-2b"
            },
            "timeouts": null,
            "vpc_id": "vpc-077b42f62c22ecb49"
          },
          "sensitive_attributes": [],
          "private": "eyJlMmJmYjczMC1lY2FhLTExZTYtOGY4OC0zNDM2M2JjN2M0YzAiOnsiY3JlYXRlIjo2MDAwMDAwMDAwMDAsImRlbGV0ZSI6MTIwMDAwMDAwMDAwMH0sInNjaGVtYV92ZXJzaW9uIjoiMSJ9",
          "dependencies": [
            "data.aws_availability_zones.available",
            "module.vpc.aws_vpc.this",
            "module.vpc.aws_vpc_ipv4_cidr_block_association.this"
          ]
        }
      ]
    },
    {
      "module": "module.vpc",
      "mode": "managed",
      "type": "aws_subnet",
      "name": "private",
      "provider": "provider[\"registry.terraform.io/hashicorp/aws\"]",
      "instances": [
        {
          "index_key": 0,
          "schema_version": 1,
          "attributes": {
            "arn": "arn:aws:ec2:us-west-2:954503069243:subnet/subnet-0e967db3b06c4e728",
            "assign_ipv6_address_on_creation": false,
            "availability_zone": "us-west-2a",
            "availability_zone_id": "usw2-az2",
            "cidr_block": "10.0.1.0/24",
            "customer_owned_ipv4_pool": "",
            "enable_dns64": false,
            "enable_lni_at_device_index": 0,
            "enable_resource_name_dns_a_record_on_launch": false,
            "enable_resource_name_dns_aaaa_record_on_launch": false,
            "id": "subnet-0e967db3b06c4e728",
            "ipv6_cidr_block": "",
            "ipv6_cidr_block_association_id": "",
            "ipv6_native": false,
            "map_customer_owned_ip_on_launch": false,
            "map_public_ip_on_launch": false,
            "outpost_arn": "",
            "owner_id": "954503069243",
            "private_dns_hostname_type_on_launch": "ip-name",
            "tags": {
              "Blueprint": "self-managed-airflow",
              "GithubRepo": "github.com/awslabs/data-on-eks",
              "Name": "self-managed-airflow-private-us-west-2a",
              "karpenter.sh/discovery": "self-managed-airflow",
              "kubernetes.io/role/internal-elb": "1"
            },
            "tags_all": {
              "Blueprint": "self-managed-airflow",
              "GithubRepo": "github.com/awslabs/data-on-eks",
              "Name": "self-managed-airflow-private-us-west-2a",
              "karpenter.sh/discovery": "self-managed-airflow",
              "kubernetes.io/role/internal-elb": "1"
            },
            "timeouts": null,
            "vpc_id": "vpc-077b42f62c22ecb49"
          },
          "sensitive_attributes": [],
          "private": "eyJlMmJmYjczMC1lY2FhLTExZTYtOGY4OC0zNDM2M2JjN2M0YzAiOnsiY3JlYXRlIjo2MDAwMDAwMDAwMDAsImRlbGV0ZSI6MTIwMDAwMDAwMDAwMH0sInNjaGVtYV92ZXJzaW9uIjoiMSJ9",
          "dependencies": [
            "data.aws_availability_zones.available",
            "module.vpc.aws_vpc.this",
            "module.vpc.aws_vpc_ipv4_cidr_block_association.this"
          ]
        },
        {
          "index_key": 1,
          "schema_version": 1,
          "attributes": {
            "arn": "arn:aws:ec2:us-west-2:954503069243:subnet/subnet-0c98da1318133747b",
            "assign_ipv6_address_on_creation": false,
            "availability_zone": "us-west-2b",
            "availability_zone_id": "usw2-az1",
            "cidr_block": "10.0.2.0/24",
            "customer_owned_ipv4_pool": "",
            "enable_dns64": false,
            "enable_lni_at_device_index": 0,
            "enable_resource_name_dns_a_record_on_launch": false,
            "enable_resource_name_dns_aaaa_record_on_launch": false,
            "id": "subnet-0c98da1318133747b",
            "ipv6_cidr_block": "",
            "ipv6_cidr_block_association_id": "",
            "ipv6_native": false,
            "map_customer_owned_ip_on_launch": false,
            "map_public_ip_on_launch": false,
            "outpost_arn": "",
            "owner_id": "954503069243",
            "private_dns_hostname_type_on_launch": "ip-name",
            "tags": {
              "Blueprint": "self-managed-airflow",
              "GithubRepo": "github.com/awslabs/data-on-eks",
              "Name": "self-managed-airflow-private-us-west-2b",
              "karpenter.sh/discovery": "self-managed-airflow",
              "kubernetes.io/role/internal-elb": "1"
            },
            "tags_all": {
              "Blueprint": "self-managed-airflow",
              "GithubRepo": "github.com/awslabs/data-on-eks",
              "Name": "self-managed-airflow-private-us-west-2b",
              "karpenter.sh/discovery": "self-managed-airflow",
              "kubernetes.io/role/internal-elb": "1"
            },
            "timeouts": null,
            "vpc_id": "vpc-077b42f62c22ecb49"
          },
          "sensitive_attributes": [],
          "private": "eyJlMmJmYjczMC1lY2FhLTExZTYtOGY4OC0zNDM2M2JjN2M0YzAiOnsiY3JlYXRlIjo2MDAwMDAwMDAwMDAsImRlbGV0ZSI6MTIwMDAwMDAwMDAwMH0sInNjaGVtYV92ZXJzaW9uIjoiMSJ9",
          "dependencies": [
            "data.aws_availability_zones.available",
            "module.vpc.aws_vpc.this",
            "module.vpc.aws_vpc_ipv4_cidr_block_association.this"
          ]
        },
        {
          "index_key": 2,
          "schema_version": 1,
          "attributes": {
            "arn": "arn:aws:ec2:us-west-2:954503069243:subnet/subnet-0fc9f9279a9dd40a1",
            "assign_ipv6_address_on_creation": false,
            "availability_zone": "us-west-2a",
            "availability_zone_id": "usw2-az2",
            "cidr_block": "100.64.0.0/17",
            "customer_owned_ipv4_pool": "",
            "enable_dns64": false,
            "enable_lni_at_device_index": 0,
            "enable_resource_name_dns_a_record_on_launch": false,
            "enable_resource_name_dns_aaaa_record_on_launch": false,
            "id": "subnet-0fc9f9279a9dd40a1",
            "ipv6_cidr_block": "",
            "ipv6_cidr_block_association_id": "",
            "ipv6_native": false,
            "map_customer_owned_ip_on_launch": false,
            "map_public_ip_on_launch": false,
            "outpost_arn": "",
            "owner_id": "954503069243",
            "private_dns_hostname_type_on_launch": "ip-name",
            "tags": {
              "Blueprint": "self-managed-airflow",
              "GithubRepo": "github.com/awslabs/data-on-eks",
              "Name": "self-managed-airflow-private-us-west-2a",
              "karpenter.sh/discovery": "self-managed-airflow",
              "kubernetes.io/role/internal-elb": "1"
            },
            "tags_all": {
              "Blueprint": "self-managed-airflow",
              "GithubRepo": "github.com/awslabs/data-on-eks",
              "Name": "self-managed-airflow-private-us-west-2a",
              "karpenter.sh/discovery": "self-managed-airflow",
              "kubernetes.io/role/internal-elb": "1"
            },
            "timeouts": null,
            "vpc_id": "vpc-077b42f62c22ecb49"
          },
          "sensitive_attributes": [],
          "private": "eyJlMmJmYjczMC1lY2FhLTExZTYtOGY4OC0zNDM2M2JjN2M0YzAiOnsiY3JlYXRlIjo2MDAwMDAwMDAwMDAsImRlbGV0ZSI6MTIwMDAwMDAwMDAwMH0sInNjaGVtYV92ZXJzaW9uIjoiMSJ9",
          "dependencies": [
            "data.aws_availability_zones.available",
            "module.vpc.aws_vpc.this",
            "module.vpc.aws_vpc_ipv4_cidr_block_association.this"
          ]
        },
        {
          "index_key": 3,
          "schema_version": 1,
          "attributes": {
            "arn": "arn:aws:ec2:us-west-2:954503069243:subnet/subnet-04e2457472564e935",
            "assign_ipv6_address_on_creation": false,
            "availability_zone": "us-west-2b",
            "availability_zone_id": "usw2-az1",
            "cidr_block": "100.64.128.0/17",
            "customer_owned_ipv4_pool": "",
            "enable_dns64": false,
            "enable_lni_at_device_index": 0,
            "enable_resource_name_dns_a_record_on_launch": false,
            "enable_resource_name_dns_aaaa_record_on_launch": false,
            "id": "subnet-04e2457472564e935",
            "ipv6_cidr_block": "",
            "ipv6_cidr_block_association_id": "",
            "ipv6_native": false,
            "map_customer_owned_ip_on_launch": false,
            "map_public_ip_on_launch": false,
            "outpost_arn": "",
            "owner_id": "954503069243",
            "private_dns_hostname_type_on_launch": "ip-name",
            "tags": {
              "Blueprint": "self-managed-airflow",
              "GithubRepo": "github.com/awslabs/data-on-eks",
              "Name": "self-managed-airflow-private-us-west-2b",
              "karpenter.sh/discovery": "self-managed-airflow",
              "kubernetes.io/role/internal-elb": "1"
            },
            "tags_all": {
              "Blueprint": "self-managed-airflow",
              "GithubRepo": "github.com/awslabs/data-on-eks",
              "Name": "self-managed-airflow-private-us-west-2b",
              "karpenter.sh/discovery": "self-managed-airflow",
              "kubernetes.io/role/internal-elb": "1"
            },
            "timeouts": null,
            "vpc_id": "vpc-077b42f62c22ecb49"
          },
          "sensitive_attributes": [],
          "private": "eyJlMmJmYjczMC1lY2FhLTExZTYtOGY4OC0zNDM2M2JjN2M0YzAiOnsiY3JlYXRlIjo2MDAwMDAwMDAwMDAsImRlbGV0ZSI6MTIwMDAwMDAwMDAwMH0sInNjaGVtYV92ZXJzaW9uIjoiMSJ9",
          "dependencies": [
            "data.aws_availability_zones.available",
            "module.vpc.aws_vpc.this",
            "module.vpc.aws_vpc_ipv4_cidr_block_association.this"
          ]
        }
      ]
    },
    {
      "module": "module.vpc",
      "mode": "managed",
      "type": "aws_subnet",
      "name": "public",
      "provider": "provider[\"registry.terraform.io/hashicorp/aws\"]",
      "instances": [
        {
          "index_key": 0,
          "schema_version": 1,
          "attributes": {
            "arn": "arn:aws:ec2:us-west-2:954503069243:subnet/subnet-098b7d099361b46a4",
            "assign_ipv6_address_on_creation": false,
            "availability_zone": "us-west-2a",
            "availability_zone_id": "usw2-az2",
            "cidr_block": "10.0.0.0/26",
            "customer_owned_ipv4_pool": "",
            "enable_dns64": false,
            "enable_lni_at_device_index": 0,
            "enable_resource_name_dns_a_record_on_launch": false,
            "enable_resource_name_dns_aaaa_record_on_launch": false,
            "id": "subnet-098b7d099361b46a4",
            "ipv6_cidr_block": "",
            "ipv6_cidr_block_association_id": "",
            "ipv6_native": false,
            "map_customer_owned_ip_on_launch": false,
            "map_public_ip_on_launch": false,
            "outpost_arn": "",
            "owner_id": "954503069243",
            "private_dns_hostname_type_on_launch": "ip-name",
            "tags": {
              "Blueprint": "self-managed-airflow",
              "GithubRepo": "github.com/awslabs/data-on-eks",
              "Name": "self-managed-airflow-public-us-west-2a",
              "kubernetes.io/role/elb": "1"
            },
            "tags_all": {
              "Blueprint": "self-managed-airflow",
              "GithubRepo": "github.com/awslabs/data-on-eks",
              "Name": "self-managed-airflow-public-us-west-2a",
              "kubernetes.io/role/elb": "1"
            },
            "timeouts": null,
            "vpc_id": "vpc-077b42f62c22ecb49"
          },
          "sensitive_attributes": [],
          "private": "eyJlMmJmYjczMC1lY2FhLTExZTYtOGY4OC0zNDM2M2JjN2M0YzAiOnsiY3JlYXRlIjo2MDAwMDAwMDAwMDAsImRlbGV0ZSI6MTIwMDAwMDAwMDAwMH0sInNjaGVtYV92ZXJzaW9uIjoiMSJ9",
          "dependencies": [
            "data.aws_availability_zones.available",
            "module.vpc.aws_vpc.this",
            "module.vpc.aws_vpc_ipv4_cidr_block_association.this"
          ]
        },
        {
          "index_key": 1,
          "schema_version": 1,
          "attributes": {
            "arn": "arn:aws:ec2:us-west-2:954503069243:subnet/subnet-0555a838346953654",
            "assign_ipv6_address_on_creation": false,
            "availability_zone": "us-west-2b",
            "availability_zone_id": "usw2-az1",
            "cidr_block": "10.0.0.64/26",
            "customer_owned_ipv4_pool": "",
            "enable_dns64": false,
            "enable_lni_at_device_index": 0,
            "enable_resource_name_dns_a_record_on_launch": false,
            "enable_resource_name_dns_aaaa_record_on_launch": false,
            "id": "subnet-0555a838346953654",
            "ipv6_cidr_block": "",
            "ipv6_cidr_block_association_id": "",
            "ipv6_native": false,
            "map_customer_owned_ip_on_launch": false,
            "map_public_ip_on_launch": false,
            "outpost_arn": "",
            "owner_id": "954503069243",
            "private_dns_hostname_type_on_launch": "ip-name",
            "tags": {
              "Blueprint": "self-managed-airflow",
              "GithubRepo": "github.com/awslabs/data-on-eks",
              "Name": "self-managed-airflow-public-us-west-2b",
              "kubernetes.io/role/elb": "1"
            },
            "tags_all": {
              "Blueprint": "self-managed-airflow",
              "GithubRepo": "github.com/awslabs/data-on-eks",
              "Name": "self-managed-airflow-public-us-west-2b",
              "kubernetes.io/role/elb": "1"
            },
            "timeouts": null,
            "vpc_id": "vpc-077b42f62c22ecb49"
          },
          "sensitive_attributes": [],
          "private": "eyJlMmJmYjczMC1lY2FhLTExZTYtOGY4OC0zNDM2M2JjN2M0YzAiOnsiY3JlYXRlIjo2MDAwMDAwMDAwMDAsImRlbGV0ZSI6MTIwMDAwMDAwMDAwMH0sInNjaGVtYV92ZXJzaW9uIjoiMSJ9",
          "dependencies": [
            "data.aws_availability_zones.available",
            "module.vpc.aws_vpc.this",
            "module.vpc.aws_vpc_ipv4_cidr_block_association.this"
          ]
        }
      ]
    },
    {
      "module": "module.vpc",
      "mode": "managed",
      "type": "aws_vpc",
      "name": "this",
      "provider": "provider[\"registry.terraform.io/hashicorp/aws\"]",
      "instances": [
        {
          "index_key": 0,
          "schema_version": 1,
          "attributes": {
            "arn": "arn:aws:ec2:us-west-2:954503069243:vpc/vpc-077b42f62c22ecb49",
            "assign_generated_ipv6_cidr_block": false,
            "cidr_block": "10.0.0.0/16",
            "default_network_acl_id": "acl-0bcae642c328f8a93",
            "default_route_table_id": "rtb-055564eb7db0f66c8",
            "default_security_group_id": "sg-079742358542bf775",
            "dhcp_options_id": "dopt-0b1624ef0a13511b7",
            "enable_dns_hostnames": true,
            "enable_dns_support": true,
            "enable_network_address_usage_metrics": false,
            "id": "vpc-077b42f62c22ecb49",
            "instance_tenancy": "default",
            "ipv4_ipam_pool_id": null,
            "ipv4_netmask_length": null,
            "ipv6_association_id": "",
            "ipv6_cidr_block": "",
            "ipv6_cidr_block_network_border_group": "",
            "ipv6_ipam_pool_id": "",
            "ipv6_netmask_length": 0,
            "main_route_table_id": "rtb-055564eb7db0f66c8",
            "owner_id": "954503069243",
            "tags": {
              "Blueprint": "self-managed-airflow",
              "GithubRepo": "github.com/awslabs/data-on-eks",
              "Name": "self-managed-airflow"
            },
            "tags_all": {
              "Blueprint": "self-managed-airflow",
              "GithubRepo": "github.com/awslabs/data-on-eks",
              "Name": "self-managed-airflow"
            }
          },
          "sensitive_attributes": [],
          "private": "eyJzY2hlbWFfdmVyc2lvbiI6IjEifQ==",
          "create_before_destroy": true
        }
      ]
    },
    {
      "module": "module.vpc",
      "mode": "managed",
      "type": "aws_vpc_ipv4_cidr_block_association",
      "name": "this",
      "provider": "provider[\"registry.terraform.io/hashicorp/aws\"]",
      "instances": [
        {
          "index_key": 0,
          "schema_version": 0,
          "attributes": {
            "cidr_block": "100.64.0.0/16",
            "id": "vpc-cidr-assoc-0c20218bd4fa3852d",
            "ipv4_ipam_pool_id": null,
            "ipv4_netmask_length": null,
            "timeouts": null,
            "vpc_id": "vpc-077b42f62c22ecb49"
          },
          "sensitive_attributes": [],
          "private": "eyJlMmJmYjczMC1lY2FhLTExZTYtOGY4OC0zNDM2M2JjN2M0YzAiOnsiY3JlYXRlIjo2MDAwMDAwMDAwMDAsImRlbGV0ZSI6NjAwMDAwMDAwMDAwfX0=",
          "dependencies": [
            "module.vpc.aws_vpc.this"
          ]
        }
      ]
    }
  ],
  "check_results": null
}
